// !$*UTF8*$!
{
	archiveVersion = 1;
	classes = {
	};
	objectVersion = 46;
	objects = {

/* Begin PBXBuildFile section */
		3E0E14281A3772E4001CC14A /* AppDelegate.swift in Sources */ = {isa = PBXBuildFile; fileRef = 3E0E14271A3772E4001CC14A /* AppDelegate.swift */; };
		3E0E142D1A3772E4001CC14A /* Main.storyboard in Resources */ = {isa = PBXBuildFile; fileRef = 3E0E142B1A3772E4001CC14A /* Main.storyboard */; };
		3E0E142F1A3772E4001CC14A /* Images.xcassets in Resources */ = {isa = PBXBuildFile; fileRef = 3E0E142E1A3772E4001CC14A /* Images.xcassets */; };
		3E0E14321A3772E4001CC14A /* LaunchScreen.xib in Resources */ = {isa = PBXBuildFile; fileRef = 3E0E14301A3772E4001CC14A /* LaunchScreen.xib */; };
		3E0E14491A3773F1001CC14A /* FeatureDetailsViewController.swift in Sources */ = {isa = PBXBuildFile; fileRef = 3E0E14481A3773F1001CC14A /* FeatureDetailsViewController.swift */; };
		3E0E144B1A377E0D001CC14A /* GraphicsSampleViewController.swift in Sources */ = {isa = PBXBuildFile; fileRef = 3E0E144A1A377E0D001CC14A /* GraphicsSampleViewController.swift */; };
		3E0E144D1A3794D6001CC14A /* CountyInfoTemplate.swift in Sources */ = {isa = PBXBuildFile; fileRef = 3E0E144C1A3794D6001CC14A /* CountyInfoTemplate.swift */; };
		3E0E144F1A379BAA001CC14A /* ArcGIS.bundle in Resources */ = {isa = PBXBuildFile; fileRef = 3E0E144E1A379BAA001CC14A /* ArcGIS.bundle */; };
/* End PBXBuildFile section */

/* Begin PBXFileReference section */
		3E0E14221A3772E4001CC14A /* GraphicsSample.app */ = {isa = PBXFileReference; explicitFileType = wrapper.application; includeInIndex = 0; path = GraphicsSample.app; sourceTree = BUILT_PRODUCTS_DIR; };
		3E0E14261A3772E4001CC14A /* Info.plist */ = {isa = PBXFileReference; lastKnownFileType = text.plist.xml; path = Info.plist; sourceTree = "<group>"; };
		3E0E14271A3772E4001CC14A /* AppDelegate.swift */ = {isa = PBXFileReference; lastKnownFileType = sourcecode.swift; path = AppDelegate.swift; sourceTree = "<group>"; };
		3E0E142C1A3772E4001CC14A /* Base */ = {isa = PBXFileReference; lastKnownFileType = file.storyboard; name = Base; path = Base.lproj/Main.storyboard; sourceTree = "<group>"; };
		3E0E142E1A3772E4001CC14A /* Images.xcassets */ = {isa = PBXFileReference; lastKnownFileType = folder.assetcatalog; path = Images.xcassets; sourceTree = "<group>"; };
		3E0E14311A3772E4001CC14A /* Base */ = {isa = PBXFileReference; lastKnownFileType = file.xib; name = Base; path = Base.lproj/LaunchScreen.xib; sourceTree = "<group>"; };
		3E0E14481A3773F1001CC14A /* FeatureDetailsViewController.swift */ = {isa = PBXFileReference; fileEncoding = 4; lastKnownFileType = sourcecode.swift; name = FeatureDetailsViewController.swift; path = Controllers/FeatureDetailsViewController.swift; sourceTree = "<group>"; };
		3E0E144A1A377E0D001CC14A /* GraphicsSampleViewController.swift */ = {isa = PBXFileReference; fileEncoding = 4; lastKnownFileType = sourcecode.swift; name = GraphicsSampleViewController.swift; path = Controllers/GraphicsSampleViewController.swift; sourceTree = "<group>"; };
		3E0E144C1A3794D6001CC14A /* CountyInfoTemplate.swift */ = {isa = PBXFileReference; fileEncoding = 4; lastKnownFileType = sourcecode.swift; path = CountyInfoTemplate.swift; sourceTree = "<group>"; };
		3E0E144E1A379BAA001CC14A /* ArcGIS.bundle */ = {isa = PBXFileReference; lastKnownFileType = "wrapper.plug-in"; name = ArcGIS.bundle; path = $HOME/Library/SDKs/ArcGIS/iOS/ArcGIS.framework/Versions/Current/Resources/ArcGIS.bundle; sourceTree = "<absolute>"; };
/* End PBXFileReference section */

/* Begin PBXFrameworksBuildPhase section */
		3E0E141F1A3772E4001CC14A /* Frameworks */ = {
			isa = PBXFrameworksBuildPhase;
			buildActionMask = 2147483647;
			files = (
			);
			runOnlyForDeploymentPostprocessing = 0;
		};
/* End PBXFrameworksBuildPhase section */

/* Begin PBXGroup section */
		3E0E14191A3772E4001CC14A = {
			isa = PBXGroup;
			children = (
				3E0E14241A3772E4001CC14A /* GraphicsSample */,
				3E0E14231A3772E4001CC14A /* Products */,
			);
			sourceTree = "<group>";
		};
		3E0E14231A3772E4001CC14A /* Products */ = {
			isa = PBXGroup;
			children = (
				3E0E14221A3772E4001CC14A /* GraphicsSample.app */,
			);
			name = Products;
			sourceTree = "<group>";
		};
		3E0E14241A3772E4001CC14A /* GraphicsSample */ = {
			isa = PBXGroup;
			children = (
				3E0E14471A37739E001CC14A /* Controllers */,
				3E0E14271A3772E4001CC14A /* AppDelegate.swift */,
				3E0E144C1A3794D6001CC14A /* CountyInfoTemplate.swift */,
				3E0E142B1A3772E4001CC14A /* Main.storyboard */,
				3E0E142E1A3772E4001CC14A /* Images.xcassets */,
				3E0E14301A3772E4001CC14A /* LaunchScreen.xib */,
				3E0E14251A3772E4001CC14A /* Supporting Files */,
			);
			path = GraphicsSample;
			sourceTree = "<group>";
		};
		3E0E14251A3772E4001CC14A /* Supporting Files */ = {
			isa = PBXGroup;
			children = (
				3E0E144E1A379BAA001CC14A /* ArcGIS.bundle */,
				3E0E14261A3772E4001CC14A /* Info.plist */,
			);
			name = "Supporting Files";
			sourceTree = "<group>";
		};
		3E0E14471A37739E001CC14A /* Controllers */ = {
			isa = PBXGroup;
			children = (
				3E0E14481A3773F1001CC14A /* FeatureDetailsViewController.swift */,
				3E0E144A1A377E0D001CC14A /* GraphicsSampleViewController.swift */,
			);
			name = Controllers;
			sourceTree = "<group>";
		};
/* End PBXGroup section */

/* Begin PBXNativeTarget section */
		3E0E14211A3772E4001CC14A /* GraphicsSample */ = {
			isa = PBXNativeTarget;
			buildConfigurationList = 3E0E14411A3772E5001CC14A /* Build configuration list for PBXNativeTarget "GraphicsSample" */;
			buildPhases = (
				3E0E141E1A3772E4001CC14A /* Sources */,
				3E0E141F1A3772E4001CC14A /* Frameworks */,
				3E0E14201A3772E4001CC14A /* Resources */,
			);
			buildRules = (
			);
			dependencies = (
			);
			name = GraphicsSample;
			productName = GraphicsSample;
			productReference = 3E0E14221A3772E4001CC14A /* GraphicsSample.app */;
			productType = "com.apple.product-type.application";
		};
/* End PBXNativeTarget section */

/* Begin PBXProject section */
		3E0E141A1A3772E4001CC14A /* Project object */ = {
			isa = PBXProject;
			attributes = {
				LastSwiftUpdateCheck = 0720;
				LastUpgradeCheck = 0720;
				ORGANIZATIONNAME = Esri;
				TargetAttributes = {
					3E0E14211A3772E4001CC14A = {
						CreatedOnToolsVersion = 6.1;
					};
				};
			};
			buildConfigurationList = 3E0E141D1A3772E4001CC14A /* Build configuration list for PBXProject "GraphicsSample" */;
			compatibilityVersion = "Xcode 3.2";
			developmentRegion = English;
			hasScannedForEncodings = 0;
			knownRegions = (
				en,
				Base,
			);
			mainGroup = 3E0E14191A3772E4001CC14A;
			productRefGroup = 3E0E14231A3772E4001CC14A /* Products */;
			projectDirPath = "";
			projectRoot = "";
			targets = (
				3E0E14211A3772E4001CC14A /* GraphicsSample */,
			);
		};
/* End PBXProject section */

/* Begin PBXResourcesBuildPhase section */
		3E0E14201A3772E4001CC14A /* Resources */ = {
			isa = PBXResourcesBuildPhase;
			buildActionMask = 2147483647;
			files = (
				3E0E142D1A3772E4001CC14A /* Main.storyboard in Resources */,
				3E0E14321A3772E4001CC14A /* LaunchScreen.xib in Resources */,
				3E0E144F1A379BAA001CC14A /* ArcGIS.bundle in Resources */,
				3E0E142F1A3772E4001CC14A /* Images.xcassets in Resources */,
			);
			runOnlyForDeploymentPostprocessing = 0;
		};
/* End PBXResourcesBuildPhase section */

/* Begin PBXSourcesBuildPhase section */
		3E0E141E1A3772E4001CC14A /* Sources */ = {
			isa = PBXSourcesBuildPhase;
			buildActionMask = 2147483647;
			files = (
				3E0E14281A3772E4001CC14A /* AppDelegate.swift in Sources */,
				3E0E14491A3773F1001CC14A /* FeatureDetailsViewController.swift in Sources */,
				3E0E144B1A377E0D001CC14A /* GraphicsSampleViewController.swift in Sources */,
				3E0E144D1A3794D6001CC14A /* CountyInfoTemplate.swift in Sources */,
			);
			runOnlyForDeploymentPostprocessing = 0;
		};
/* End PBXSourcesBuildPhase section */

/* Begin PBXVariantGroup section */
		3E0E142B1A3772E4001CC14A /* Main.storyboard */ = {
			isa = PBXVariantGroup;
			children = (
				3E0E142C1A3772E4001CC14A /* Base */,
			);
			name = Main.storyboard;
			sourceTree = "<group>";
		};
		3E0E14301A3772E4001CC14A /* LaunchScreen.xib */ = {
			isa = PBXVariantGroup;
			children = (
				3E0E14311A3772E4001CC14A /* Base */,
			);
			name = LaunchScreen.xib;
			sourceTree = "<group>";
		};
/* End PBXVariantGroup section */

/* Begin XCBuildConfiguration section */
		3E0E143F1A3772E5001CC14A /* Debug */ = {
			isa = XCBuildConfiguration;
			buildSettings = {
				ALWAYS_SEARCH_USER_PATHS = NO;
				CLANG_CXX_LANGUAGE_STANDARD = "gnu++0x";
				CLANG_CXX_LIBRARY = "libc++";
				CLANG_ENABLE_MODULES = YES;
				CLANG_ENABLE_OBJC_ARC = YES;
				CLANG_WARN_BOOL_CONVERSION = YES;
				CLANG_WARN_CONSTANT_CONVERSION = YES;
				CLANG_WARN_DIRECT_OBJC_ISA_USAGE = YES_ERROR;
				CLANG_WARN_EMPTY_BODY = YES;
				CLANG_WARN_ENUM_CONVERSION = YES;
				CLANG_WARN_INT_CONVERSION = YES;
				CLANG_WARN_OBJC_ROOT_CLASS = YES_ERROR;
				CLANG_WARN_UNREACHABLE_CODE = YES;
				CLANG_WARN__DUPLICATE_METHOD_MATCH = YES;
				"CODE_SIGN_IDENTITY[sdk=iphoneos*]" = "iPhone Developer";
				COPY_PHASE_STRIP = NO;
				ENABLE_STRICT_OBJC_MSGSEND = YES;
				ENABLE_TESTABILITY = YES;
				GCC_C_LANGUAGE_STANDARD = gnu99;
				GCC_DYNAMIC_NO_PIC = NO;
				GCC_OPTIMIZATION_LEVEL = 0;
				GCC_PREPROCESSOR_DEFINITIONS = (
					"DEBUG=1",
					"$(inherited)",
				);
				GCC_SYMBOLS_PRIVATE_EXTERN = NO;
				GCC_WARN_64_TO_32_BIT_CONVERSION = YES;
				GCC_WARN_ABOUT_RETURN_TYPE = YES_ERROR;
				GCC_WARN_UNDECLARED_SELECTOR = YES;
				GCC_WARN_UNINITIALIZED_AUTOS = YES_AGGRESSIVE;
				GCC_WARN_UNUSED_FUNCTION = YES;
				GCC_WARN_UNUSED_VARIABLE = YES;
				IPHONEOS_DEPLOYMENT_TARGET = 8.1;
				MTL_ENABLE_DEBUG_INFO = YES;
				ONLY_ACTIVE_ARCH = YES;
				SDKROOT = iphoneos;
				SWIFT_OPTIMIZATION_LEVEL = "-Onone";
				TARGETED_DEVICE_FAMILY = "1,2";
			};
			name = Debug;
		};
		3E0E14401A3772E5001CC14A /* Release */ = {
			isa = XCBuildConfiguration;
			buildSettings = {
				ALWAYS_SEARCH_USER_PATHS = NO;
				CLANG_CXX_LANGUAGE_STANDARD = "gnu++0x";
				CLANG_CXX_LIBRARY = "libc++";
				CLANG_ENABLE_MODULES = YES;
				CLANG_ENABLE_OBJC_ARC = YES;
				CLANG_WARN_BOOL_CONVERSION = YES;
				CLANG_WARN_CONSTANT_CONVERSION = YES;
				CLANG_WARN_DIRECT_OBJC_ISA_USAGE = YES_ERROR;
				CLANG_WARN_EMPTY_BODY = YES;
				CLANG_WARN_ENUM_CONVERSION = YES;
				CLANG_WARN_INT_CONVERSION = YES;
				CLANG_WARN_OBJC_ROOT_CLASS = YES_ERROR;
				CLANG_WARN_UNREACHABLE_CODE = YES;
				CLANG_WARN__DUPLICATE_METHOD_MATCH = YES;
				"CODE_SIGN_IDENTITY[sdk=iphoneos*]" = "iPhone Developer";
				COPY_PHASE_STRIP = YES;
				ENABLE_NS_ASSERTIONS = NO;
				ENABLE_STRICT_OBJC_MSGSEND = YES;
				GCC_C_LANGUAGE_STANDARD = gnu99;
				GCC_WARN_64_TO_32_BIT_CONVERSION = YES;
				GCC_WARN_ABOUT_RETURN_TYPE = YES_ERROR;
				GCC_WARN_UNDECLARED_SELECTOR = YES;
				GCC_WARN_UNINITIALIZED_AUTOS = YES_AGGRESSIVE;
				GCC_WARN_UNUSED_FUNCTION = YES;
				GCC_WARN_UNUSED_VARIABLE = YES;
				IPHONEOS_DEPLOYMENT_TARGET = 8.1;
				MTL_ENABLE_DEBUG_INFO = NO;
				SDKROOT = iphoneos;
				TARGETED_DEVICE_FAMILY = "1,2";
				VALIDATE_PRODUCT = YES;
			};
			name = Release;
		};
		3E0E14421A3772E5001CC14A /* Debug */ = {
			isa = XCBuildConfiguration;
			buildSettings = {
				ASSETCATALOG_COMPILER_APPICON_NAME = AppIcon;
				FRAMEWORK_SEARCH_PATHS = "$(HOME)/Library/SDKs/ArcGIS/iOS/";
				INFOPLIST_FILE = GraphicsSample/Info.plist;
				IPHONEOS_DEPLOYMENT_TARGET = 7.1;
				LD_RUNPATH_SEARCH_PATHS = "$(inherited) @executable_path/Frameworks";
				OTHER_LDFLAGS = (
					"-ObjC",
					"-framework",
					ArcGIS,
					"-l",
					"c++",
				);
				PRODUCT_BUNDLE_IDENTIFIER = "com.esri.$(PRODUCT_NAME:rfc1034identifier)";
				PRODUCT_NAME = "$(TARGET_NAME)";
			};
			name = Debug;
		};
		3E0E14431A3772E5001CC14A /* Release */ = {
			isa = XCBuildConfiguration;
			buildSettings = {
				ASSETCATALOG_COMPILER_APPICON_NAME = AppIcon;
				FRAMEWORK_SEARCH_PATHS = "$(HOME)/Library/SDKs/ArcGIS/iOS/";
				INFOPLIST_FILE = GraphicsSample/Info.plist;
				IPHONEOS_DEPLOYMENT_TARGET = 7.1;
				LD_RUNPATH_SEARCH_PATHS = "$(inherited) @executable_path/Frameworks";
				OTHER_LDFLAGS = (
					"-ObjC",
					"-framework",
					ArcGIS,
					"-l",
					"c++",
				);
				PRODUCT_BUNDLE_IDENTIFIER = "com.esri.$(PRODUCT_NAME:rfc1034identifier)";
				PRODUCT_NAME = "$(TARGET_NAME)";
			};
			name = Release;
		};
/* End XCBuildConfiguration section */

/* Begin XCConfigurationList section */
		3E0E141D1A3772E4001CC14A /* Build configuration list for PBXProject "GraphicsSample" */ = {
			isa = XCConfigurationList;
			buildConfigurations = (
				3E0E143F1A3772E5001CC14A /* Debug */,
				3E0E14401A3772E5001CC14A /* Release */,
			);
			defaultConfigurationIsVisible = 0;
			defaultConfigurationName = Release;
		};
		3E0E14411A3772E5001CC14A /* Build configuration list for PBXNativeTarget "GraphicsSample" */ = {
			isa = XCConfigurationList;
			buildConfigurations = (
				3E0E14421A3772E5001CC14A /* Debug */,
				3E0E14431A3772E5001CC14A /* Release */,
			);
			defaultConfigurationIsVisible = 0;
			defaultConfigurationName = Release;
		};
/* End XCConfigurationList section */
	};
	rootObject = 3E0E141A1A3772E4001CC14A /* Project object */;
}
