// !$*UTF8*$!
{
	archiveVersion = 1;
	classes = {
	};
	objectVersion = 46;
	objects = {

/* Begin PBXBuildFile section */
		3E506BAF1A4A381500277090 /* Parameters.swift in Sources */ = {isa = PBXBuildFile; fileRef = 3E506BAE1A4A381500277090 /* Parameters.swift */; };
		3E506BB11A50FA8E00277090 /* SettingsViewController.swift in Sources */ = {isa = PBXBuildFile; fileRef = 3E506BB01A50FA8E00277090 /* SettingsViewController.swift */; };
		3E506BB81A51BD4A00277090 /* SVProgressHUD.bundle in Resources */ = {isa = PBXBuildFile; fileRef = 3E506BB51A51BD4A00277090 /* SVProgressHUD.bundle */; };
		3E506BB91A51BD4A00277090 /* SVProgressHUD.m in Sources */ = {isa = PBXBuildFile; fileRef = 3E506BB71A51BD4A00277090 /* SVProgressHUD.m */; };
		3E506BBC1A51CD3E00277090 /* ArcGIS.bundle in Resources */ = {isa = PBXBuildFile; fileRef = 3E506BBB1A51CD3E00277090 /* ArcGIS.bundle */; };
		3ECABF161A4A0D2B00D457B5 /* AppDelegate.swift in Sources */ = {isa = PBXBuildFile; fileRef = 3ECABF151A4A0D2B00D457B5 /* AppDelegate.swift */; };
		3ECABF1B1A4A0D2B00D457B5 /* Main.storyboard in Resources */ = {isa = PBXBuildFile; fileRef = 3ECABF191A4A0D2B00D457B5 /* Main.storyboard */; };
		3ECABF1D1A4A0D2B00D457B5 /* Images.xcassets in Resources */ = {isa = PBXBuildFile; fileRef = 3ECABF1C1A4A0D2B00D457B5 /* Images.xcassets */; };
		3ECABF201A4A0D2B00D457B5 /* LaunchScreen.xib in Resources */ = {isa = PBXBuildFile; fileRef = 3ECABF1E1A4A0D2B00D457B5 /* LaunchScreen.xib */; };
		3ECABF371A4A0DAB00D457B5 /* ServiceAreaViewController.swift in Sources */ = {isa = PBXBuildFile; fileRef = 3ECABF361A4A0DAB00D457B5 /* ServiceAreaViewController.swift */; };
/* End PBXBuildFile section */

/* Begin PBXFileReference section */
		3E506BAE1A4A381500277090 /* Parameters.swift */ = {isa = PBXFileReference; fileEncoding = 4; lastKnownFileType = sourcecode.swift; name = Parameters.swift; path = Models/Parameters.swift; sourceTree = "<group>"; };
		3E506BB01A50FA8E00277090 /* SettingsViewController.swift */ = {isa = PBXFileReference; fileEncoding = 4; lastKnownFileType = sourcecode.swift; name = SettingsViewController.swift; path = Controllers/SettingsViewController.swift; sourceTree = "<group>"; };
		3E506BB41A51BD4A00277090 /* SVProgressHUD-Prefix.pch */ = {isa = PBXFileReference; fileEncoding = 4; lastKnownFileType = sourcecode.c.h; path = "SVProgressHUD-Prefix.pch"; sourceTree = "<group>"; };
		3E506BB51A51BD4A00277090 /* SVProgressHUD.bundle */ = {isa = PBXFileReference; lastKnownFileType = "wrapper.plug-in"; path = SVProgressHUD.bundle; sourceTree = "<group>"; };
		3E506BB61A51BD4A00277090 /* SVProgressHUD.h */ = {isa = PBXFileReference; fileEncoding = 4; lastKnownFileType = sourcecode.c.h; path = SVProgressHUD.h; sourceTree = "<group>"; };
		3E506BB71A51BD4A00277090 /* SVProgressHUD.m */ = {isa = PBXFileReference; fileEncoding = 4; lastKnownFileType = sourcecode.c.objc; path = SVProgressHUD.m; sourceTree = "<group>"; };
		3E506BBA1A51BD9100277090 /* ServiceArea-Bridging-Header.h */ = {isa = PBXFileReference; lastKnownFileType = sourcecode.c.h; path = "ServiceArea-Bridging-Header.h"; sourceTree = "<group>"; };
		3E506BBB1A51CD3E00277090 /* ArcGIS.bundle */ = {isa = PBXFileReference; lastKnownFileType = "wrapper.plug-in"; name = ArcGIS.bundle; path = $HOME/Library/SDKs/ArcGIS/iOS/ArcGIS.framework/Versions/Current/Resources/ArcGIS.bundle; sourceTree = "<absolute>"; };
		3ECABF101A4A0D2B00D457B5 /* ServiceArea.app */ = {isa = PBXFileReference; explicitFileType = wrapper.application; includeInIndex = 0; path = ServiceArea.app; sourceTree = BUILT_PRODUCTS_DIR; };
		3ECABF141A4A0D2B00D457B5 /* Info.plist */ = {isa = PBXFileReference; lastKnownFileType = text.plist.xml; path = Info.plist; sourceTree = "<group>"; };
		3ECABF151A4A0D2B00D457B5 /* AppDelegate.swift */ = {isa = PBXFileReference; lastKnownFileType = sourcecode.swift; path = AppDelegate.swift; sourceTree = "<group>"; };
		3ECABF1A1A4A0D2B00D457B5 /* Base */ = {isa = PBXFileReference; lastKnownFileType = file.storyboard; name = Base; path = Base.lproj/Main.storyboard; sourceTree = "<group>"; };
		3ECABF1C1A4A0D2B00D457B5 /* Images.xcassets */ = {isa = PBXFileReference; lastKnownFileType = folder.assetcatalog; path = Images.xcassets; sourceTree = "<group>"; };
		3ECABF1F1A4A0D2B00D457B5 /* Base */ = {isa = PBXFileReference; lastKnownFileType = file.xib; name = Base; path = Base.lproj/LaunchScreen.xib; sourceTree = "<group>"; };
		3ECABF361A4A0DAB00D457B5 /* ServiceAreaViewController.swift */ = {isa = PBXFileReference; fileEncoding = 4; lastKnownFileType = sourcecode.swift; name = ServiceAreaViewController.swift; path = Controllers/ServiceAreaViewController.swift; sourceTree = "<group>"; };
/* End PBXFileReference section */

/* Begin PBXFrameworksBuildPhase section */
		3ECABF0D1A4A0D2B00D457B5 /* Frameworks */ = {
			isa = PBXFrameworksBuildPhase;
			buildActionMask = 2147483647;
			files = (
			);
			runOnlyForDeploymentPostprocessing = 0;
		};
/* End PBXFrameworksBuildPhase section */

/* Begin PBXGroup section */
		3E506BAD1A4A37EF00277090 /* Models */ = {
			isa = PBXGroup;
			children = (
				3E506BAE1A4A381500277090 /* Parameters.swift */,
			);
			name = Models;
			sourceTree = "<group>";
		};
		3E506BB21A51BD3A00277090 /* Libraries */ = {
			isa = PBXGroup;
			children = (
				3E506BB31A51BD4A00277090 /* SVProgressHUD */,
			);
			name = Libraries;
			sourceTree = "<group>";
		};
		3E506BB31A51BD4A00277090 /* SVProgressHUD */ = {
			isa = PBXGroup;
			children = (
				3E506BB41A51BD4A00277090 /* SVProgressHUD-Prefix.pch */,
				3E506BB51A51BD4A00277090 /* SVProgressHUD.bundle */,
				3E506BB61A51BD4A00277090 /* SVProgressHUD.h */,
				3E506BB71A51BD4A00277090 /* SVProgressHUD.m */,
			);
			name = SVProgressHUD;
			path = Libraries/SVProgressHUD;
			sourceTree = "<group>";
		};
		3ECABF071A4A0D2B00D457B5 = {
			isa = PBXGroup;
			children = (
				3ECABF121A4A0D2B00D457B5 /* ServiceArea */,
				3ECABF111A4A0D2B00D457B5 /* Products */,
			);
			sourceTree = "<group>";
		};
		3ECABF111A4A0D2B00D457B5 /* Products */ = {
			isa = PBXGroup;
			children = (
				3ECABF101A4A0D2B00D457B5 /* ServiceArea.app */,
			);
			name = Products;
			sourceTree = "<group>";
		};
		3ECABF121A4A0D2B00D457B5 /* ServiceArea */ = {
			isa = PBXGroup;
			children = (
				3E506BB21A51BD3A00277090 /* Libraries */,
				3E506BAD1A4A37EF00277090 /* Models */,
				3ECABF351A4A0D7000D457B5 /* Controllers */,
				3ECABF151A4A0D2B00D457B5 /* AppDelegate.swift */,
				3ECABF191A4A0D2B00D457B5 /* Main.storyboard */,
				3ECABF1C1A4A0D2B00D457B5 /* Images.xcassets */,
				3ECABF1E1A4A0D2B00D457B5 /* LaunchScreen.xib */,
				3ECABF131A4A0D2B00D457B5 /* Supporting Files */,
				3E506BBA1A51BD9100277090 /* ServiceArea-Bridging-Header.h */,
			);
			path = ServiceArea;
			sourceTree = "<group>";
		};
		3ECABF131A4A0D2B00D457B5 /* Supporting Files */ = {
			isa = PBXGroup;
			children = (
				3E506BBB1A51CD3E00277090 /* ArcGIS.bundle */,
				3ECABF141A4A0D2B00D457B5 /* Info.plist */,
			);
			name = "Supporting Files";
			sourceTree = "<group>";
		};
		3ECABF351A4A0D7000D457B5 /* Controllers */ = {
			isa = PBXGroup;
			children = (
				3ECABF361A4A0DAB00D457B5 /* ServiceAreaViewController.swift */,
				3E506BB01A50FA8E00277090 /* SettingsViewController.swift */,
			);
			name = Controllers;
			sourceTree = "<group>";
		};
/* End PBXGroup section */

/* Begin PBXNativeTarget section */
		3ECABF0F1A4A0D2B00D457B5 /* ServiceArea */ = {
			isa = PBXNativeTarget;
			buildConfigurationList = 3ECABF2F1A4A0D2B00D457B5 /* Build configuration list for PBXNativeTarget "ServiceArea" */;
			buildPhases = (
				3ECABF0C1A4A0D2B00D457B5 /* Sources */,
				3ECABF0D1A4A0D2B00D457B5 /* Frameworks */,
				3ECABF0E1A4A0D2B00D457B5 /* Resources */,
			);
			buildRules = (
			);
			dependencies = (
			);
			name = ServiceArea;
			productName = ServiceArea;
			productReference = 3ECABF101A4A0D2B00D457B5 /* ServiceArea.app */;
			productType = "com.apple.product-type.application";
		};
/* End PBXNativeTarget section */

/* Begin PBXProject section */
		3ECABF081A4A0D2B00D457B5 /* Project object */ = {
			isa = PBXProject;
			attributes = {
				LastSwiftUpdateCheck = 0720;
				LastUpgradeCheck = 0720;
				ORGANIZATIONNAME = Esri;
				TargetAttributes = {
					3ECABF0F1A4A0D2B00D457B5 = {
						CreatedOnToolsVersion = 6.1.1;
					};
				};
			};
			buildConfigurationList = 3ECABF0B1A4A0D2B00D457B5 /* Build configuration list for PBXProject "ServiceArea" */;
			compatibilityVersion = "Xcode 3.2";
			developmentRegion = English;
			hasScannedForEncodings = 0;
			knownRegions = (
				en,
				Base,
			);
			mainGroup = 3ECABF071A4A0D2B00D457B5;
			productRefGroup = 3ECABF111A4A0D2B00D457B5 /* Products */;
			projectDirPath = "";
			projectRoot = "";
			targets = (
				3ECABF0F1A4A0D2B00D457B5 /* ServiceArea */,
			);
		};
/* End PBXProject section */

/* Begin PBXResourcesBuildPhase section */
		3ECABF0E1A4A0D2B00D457B5 /* Resources */ = {
			isa = PBXResourcesBuildPhase;
			buildActionMask = 2147483647;
			files = (
				3ECABF1B1A4A0D2B00D457B5 /* Main.storyboard in Resources */,
				3ECABF201A4A0D2B00D457B5 /* LaunchScreen.xib in Resources */,
				3ECABF1D1A4A0D2B00D457B5 /* Images.xcassets in Resources */,
				3E506BB81A51BD4A00277090 /* SVProgressHUD.bundle in Resources */,
				3E506BBC1A51CD3E00277090 /* ArcGIS.bundle in Resources */,
			);
			runOnlyForDeploymentPostprocessing = 0;
		};
/* End PBXResourcesBuildPhase section */

/* Begin PBXSourcesBuildPhase section */
		3ECABF0C1A4A0D2B00D457B5 /* Sources */ = {
			isa = PBXSourcesBuildPhase;
			buildActionMask = 2147483647;
			files = (
				3ECABF371A4A0DAB00D457B5 /* ServiceAreaViewController.swift in Sources */,
				3ECABF161A4A0D2B00D457B5 /* AppDelegate.swift in Sources */,
				3E506BB91A51BD4A00277090 /* SVProgressHUD.m in Sources */,
				3E506BB11A50FA8E00277090 /* SettingsViewController.swift in Sources */,
				3E506BAF1A4A381500277090 /* Parameters.swift in Sources */,
			);
			runOnlyForDeploymentPostprocessing = 0;
		};
/* End PBXSourcesBuildPhase section */

/* Begin PBXVariantGroup section */
		3ECABF191A4A0D2B00D457B5 /* Main.storyboard */ = {
			isa = PBXVariantGroup;
			children = (
				3ECABF1A1A4A0D2B00D457B5 /* Base */,
			);
			name = Main.storyboard;
			sourceTree = "<group>";
		};
		3ECABF1E1A4A0D2B00D457B5 /* LaunchScreen.xib */ = {
			isa = PBXVariantGroup;
			children = (
				3ECABF1F1A4A0D2B00D457B5 /* Base */,
			);
			name = LaunchScreen.xib;
			sourceTree = "<group>";
		};
/* End PBXVariantGroup section */

/* Begin XCBuildConfiguration section */
		3ECABF2D1A4A0D2B00D457B5 /* Debug */ = {
			isa = XCBuildConfiguration;
			buildSettings = {
				ALWAYS_SEARCH_USER_PATHS = NO;
				CLANG_CXX_LANGUAGE_STANDARD = "gnu++0x";
				CLANG_CXX_LIBRARY = "libc++";
				CLANG_ENABLE_MODULES = YES;
				CLANG_ENABLE_OBJC_ARC = YES;
				CLANG_WARN_BOOL_CONVERSION = YES;
				CLANG_WARN_CONSTANT_CONVERSION = YES;
				CLANG_WARN_DIRECT_OBJC_ISA_USAGE = YES_ERROR;
				CLANG_WARN_EMPTY_BODY = YES;
				CLANG_WARN_ENUM_CONVERSION = YES;
				CLANG_WARN_INT_CONVERSION = YES;
				CLANG_WARN_OBJC_ROOT_CLASS = YES_ERROR;
				CLANG_WARN_UNREACHABLE_CODE = YES;
				CLANG_WARN__DUPLICATE_METHOD_MATCH = YES;
				"CODE_SIGN_IDENTITY[sdk=iphoneos*]" = "iPhone Developer";
				COPY_PHASE_STRIP = NO;
				ENABLE_STRICT_OBJC_MSGSEND = YES;
				ENABLE_TESTABILITY = YES;
				GCC_C_LANGUAGE_STANDARD = gnu99;
				GCC_DYNAMIC_NO_PIC = NO;
				GCC_OPTIMIZATION_LEVEL = 0;
				GCC_PREPROCESSOR_DEFINITIONS = (
					"DEBUG=1",
					"$(inherited)",
				);
				GCC_SYMBOLS_PRIVATE_EXTERN = NO;
				GCC_WARN_64_TO_32_BIT_CONVERSION = YES;
				GCC_WARN_ABOUT_RETURN_TYPE = YES_ERROR;
				GCC_WARN_UNDECLARED_SELECTOR = YES;
				GCC_WARN_UNINITIALIZED_AUTOS = YES_AGGRESSIVE;
				GCC_WARN_UNUSED_FUNCTION = YES;
				GCC_WARN_UNUSED_VARIABLE = YES;
				IPHONEOS_DEPLOYMENT_TARGET = 8.1;
				MTL_ENABLE_DEBUG_INFO = YES;
				ONLY_ACTIVE_ARCH = YES;
				SDKROOT = iphoneos;
				SWIFT_OPTIMIZATION_LEVEL = "-Onone";
				TARGETED_DEVICE_FAMILY = "1,2";
			};
			name = Debug;
		};
		3ECABF2E1A4A0D2B00D457B5 /* Release */ = {
			isa = XCBuildConfiguration;
			buildSettings = {
				ALWAYS_SEARCH_USER_PATHS = NO;
				CLANG_CXX_LANGUAGE_STANDARD = "gnu++0x";
				CLANG_CXX_LIBRARY = "libc++";
				CLANG_ENABLE_MODULES = YES;
				CLANG_ENABLE_OBJC_ARC = YES;
				CLANG_WARN_BOOL_CONVERSION = YES;
				CLANG_WARN_CONSTANT_CONVERSION = YES;
				CLANG_WARN_DIRECT_OBJC_ISA_USAGE = YES_ERROR;
				CLANG_WARN_EMPTY_BODY = YES;
				CLANG_WARN_ENUM_CONVERSION = YES;
				CLANG_WARN_INT_CONVERSION = YES;
				CLANG_WARN_OBJC_ROOT_CLASS = YES_ERROR;
				CLANG_WARN_UNREACHABLE_CODE = YES;
				CLANG_WARN__DUPLICATE_METHOD_MATCH = YES;
				"CODE_SIGN_IDENTITY[sdk=iphoneos*]" = "iPhone Developer";
				COPY_PHASE_STRIP = YES;
				ENABLE_NS_ASSERTIONS = NO;
				ENABLE_STRICT_OBJC_MSGSEND = YES;
				GCC_C_LANGUAGE_STANDARD = gnu99;
				GCC_WARN_64_TO_32_BIT_CONVERSION = YES;
				GCC_WARN_ABOUT_RETURN_TYPE = YES_ERROR;
				GCC_WARN_UNDECLARED_SELECTOR = YES;
				GCC_WARN_UNINITIALIZED_AUTOS = YES_AGGRESSIVE;
				GCC_WARN_UNUSED_FUNCTION = YES;
				GCC_WARN_UNUSED_VARIABLE = YES;
				IPHONEOS_DEPLOYMENT_TARGET = 8.1;
				MTL_ENABLE_DEBUG_INFO = NO;
				SDKROOT = iphoneos;
				TARGETED_DEVICE_FAMILY = "1,2";
				VALIDATE_PRODUCT = YES;
			};
			name = Release;
		};
		3ECABF301A4A0D2B00D457B5 /* Debug */ = {
			isa = XCBuildConfiguration;
			buildSettings = {
				ASSETCATALOG_COMPILER_APPICON_NAME = AppIcon;
				FRAMEWORK_SEARCH_PATHS = "$(HOME)/Library/SDKs/ArcGIS/iOS/**";
				INFOPLIST_FILE = ServiceArea/Info.plist;
				IPHONEOS_DEPLOYMENT_TARGET = 7.1;
				LD_RUNPATH_SEARCH_PATHS = "$(inherited) @executable_path/Frameworks";
				OTHER_LDFLAGS = (
					"-ObjC",
					"-framework",
					ArcGIS,
					"-l",
					"c++",
				);
				PRODUCT_BUNDLE_IDENTIFIER = "com.esri.$(PRODUCT_NAME:rfc1034identifier)";
				PRODUCT_NAME = "$(TARGET_NAME)";
				SWIFT_OBJC_BRIDGING_HEADER = "ServiceArea/ServiceArea-Bridging-Header.h";
			};
			name = Debug;
		};
		3ECABF311A4A0D2B00D457B5 /* Release */ = {
			isa = XCBuildConfiguration;
			buildSettings = {
				ASSETCATALOG_COMPILER_APPICON_NAME = AppIcon;
				FRAMEWORK_SEARCH_PATHS = "$(HOME)/Library/SDKs/ArcGIS/iOS/**";
				INFOPLIST_FILE = ServiceArea/Info.plist;
				IPHONEOS_DEPLOYMENT_TARGET = 7.1;
				LD_RUNPATH_SEARCH_PATHS = "$(inherited) @executable_path/Frameworks";
				OTHER_LDFLAGS = (
					"-ObjC",
					"-framework",
					ArcGIS,
					"-l",
					"c++",
				);
				PRODUCT_BUNDLE_IDENTIFIER = "com.esri.$(PRODUCT_NAME:rfc1034identifier)";
				PRODUCT_NAME = "$(TARGET_NAME)";
				SWIFT_OBJC_BRIDGING_HEADER = "ServiceArea/ServiceArea-Bridging-Header.h";
			};
			name = Release;
		};
/* End XCBuildConfiguration section */

/* Begin XCConfigurationList section */
		3ECABF0B1A4A0D2B00D457B5 /* Build configuration list for PBXProject "ServiceArea" */ = {
			isa = XCConfigurationList;
			buildConfigurations = (
				3ECABF2D1A4A0D2B00D457B5 /* Debug */,
				3ECABF2E1A4A0D2B00D457B5 /* Release */,
			);
			defaultConfigurationIsVisible = 0;
			defaultConfigurationName = Release;
		};
		3ECABF2F1A4A0D2B00D457B5 /* Build configuration list for PBXNativeTarget "ServiceArea" */ = {
			isa = XCConfigurationList;
			buildConfigurations = (
				3ECABF301A4A0D2B00D457B5 /* Debug */,
				3ECABF311A4A0D2B00D457B5 /* Release */,
			);
			defaultConfigurationIsVisible = 0;
			defaultConfigurationName = Release;
		};
/* End XCConfigurationList section */
	};
	rootObject = 3ECABF081A4A0D2B00D457B5 /* Project object */;
}
