// !$*UTF8*$!
{
	archiveVersion = 1;
	classes = {
	};
	objectVersion = 46;
	objects = {

/* Begin PBXBuildFile section */
		3E0E14A41A38F35B001CC14A /* ArcGIS.bundle in Resources */ = {isa = PBXBuildFile; fileRef = 3E0E14A31A38F35B001CC14A /* ArcGIS.bundle */; };
		3E7914BC1A2E5CCA00D36DAA /* AppDelegate.swift in Sources */ = {isa = PBXBuildFile; fileRef = 3E7914BB1A2E5CCA00D36DAA /* AppDelegate.swift */; };
		3E7914C11A2E5CCA00D36DAA /* Main.storyboard in Resources */ = {isa = PBXBuildFile; fileRef = 3E7914BF1A2E5CCA00D36DAA /* Main.storyboard */; };
		3E7914C31A2E5CCA00D36DAA /* Images.xcassets in Resources */ = {isa = PBXBuildFile; fileRef = 3E7914C21A2E5CCA00D36DAA /* Images.xcassets */; };
		3E7914C61A2E5CCA00D36DAA /* LaunchScreen.xib in Resources */ = {isa = PBXBuildFile; fileRef = 3E7914C41A2E5CCA00D36DAA /* LaunchScreen.xib */; };
		3E7914DD1A2E5D6C00D36DAA /* FindTaskViewController.swift in Sources */ = {isa = PBXBuildFile; fileRef = 3E7914DC1A2E5D6C00D36DAA /* FindTaskViewController.swift */; };
		3E7914DF1A2E8CFB00D36DAA /* ResultsViewController.swift in Sources */ = {isa = PBXBuildFile; fileRef = 3E7914DE1A2E8CFB00D36DAA /* ResultsViewController.swift */; };
/* End PBXBuildFile section */

/* Begin PBXFileReference section */
		3E0E14A31A38F35B001CC14A /* ArcGIS.bundle */ = {isa = PBXFileReference; lastKnownFileType = "wrapper.plug-in"; name = ArcGIS.bundle; path = $HOME/Library/SDKs/ArcGIS/iOS/ArcGIS.framework/Versions/Current/Resources/ArcGIS.bundle; sourceTree = "<absolute>"; };
		3E7914B61A2E5CCA00D36DAA /* FindTask.app */ = {isa = PBXFileReference; explicitFileType = wrapper.application; includeInIndex = 0; path = FindTask.app; sourceTree = BUILT_PRODUCTS_DIR; };
		3E7914BA1A2E5CCA00D36DAA /* Info.plist */ = {isa = PBXFileReference; lastKnownFileType = text.plist.xml; path = Info.plist; sourceTree = "<group>"; };
		3E7914BB1A2E5CCA00D36DAA /* AppDelegate.swift */ = {isa = PBXFileReference; lastKnownFileType = sourcecode.swift; path = AppDelegate.swift; sourceTree = "<group>"; };
		3E7914C01A2E5CCA00D36DAA /* Base */ = {isa = PBXFileReference; lastKnownFileType = file.storyboard; name = Base; path = Base.lproj/Main.storyboard; sourceTree = "<group>"; };
		3E7914C21A2E5CCA00D36DAA /* Images.xcassets */ = {isa = PBXFileReference; lastKnownFileType = folder.assetcatalog; path = Images.xcassets; sourceTree = "<group>"; };
		3E7914C51A2E5CCA00D36DAA /* Base */ = {isa = PBXFileReference; lastKnownFileType = file.xib; name = Base; path = Base.lproj/LaunchScreen.xib; sourceTree = "<group>"; };
		3E7914DC1A2E5D6C00D36DAA /* FindTaskViewController.swift */ = {isa = PBXFileReference; fileEncoding = 4; lastKnownFileType = sourcecode.swift; name = FindTaskViewController.swift; path = Controllers/FindTaskViewController.swift; sourceTree = "<group>"; };
		3E7914DE1A2E8CFB00D36DAA /* ResultsViewController.swift */ = {isa = PBXFileReference; fileEncoding = 4; lastKnownFileType = sourcecode.swift; name = ResultsViewController.swift; path = Controllers/ResultsViewController.swift; sourceTree = "<group>"; };
/* End PBXFileReference section */

/* Begin PBXFrameworksBuildPhase section */
		3E7914B31A2E5CCA00D36DAA /* Frameworks */ = {
			isa = PBXFrameworksBuildPhase;
			buildActionMask = 2147483647;
			files = (
			);
			runOnlyForDeploymentPostprocessing = 0;
		};
/* End PBXFrameworksBuildPhase section */

/* Begin PBXGroup section */
		3E7914AD1A2E5CCA00D36DAA = {
			isa = PBXGroup;
			children = (
				3E7914B81A2E5CCA00D36DAA /* FindTask */,
				3E7914B71A2E5CCA00D36DAA /* Products */,
			);
			sourceTree = "<group>";
		};
		3E7914B71A2E5CCA00D36DAA /* Products */ = {
			isa = PBXGroup;
			children = (
				3E7914B61A2E5CCA00D36DAA /* FindTask.app */,
			);
			name = Products;
			sourceTree = "<group>";
		};
		3E7914B81A2E5CCA00D36DAA /* FindTask */ = {
			isa = PBXGroup;
			children = (
				3E7914DB1A2E5D2D00D36DAA /* Controllers */,
				3E7914BB1A2E5CCA00D36DAA /* AppDelegate.swift */,
				3E7914BF1A2E5CCA00D36DAA /* Main.storyboard */,
				3E7914C21A2E5CCA00D36DAA /* Images.xcassets */,
				3E7914C41A2E5CCA00D36DAA /* LaunchScreen.xib */,
				3E7914B91A2E5CCA00D36DAA /* Supporting Files */,
			);
			path = FindTask;
			sourceTree = "<group>";
		};
		3E7914B91A2E5CCA00D36DAA /* Supporting Files */ = {
			isa = PBXGroup;
			children = (
				3E0E14A31A38F35B001CC14A /* ArcGIS.bundle */,
				3E7914BA1A2E5CCA00D36DAA /* Info.plist */,
			);
			name = "Supporting Files";
			sourceTree = "<group>";
		};
		3E7914DB1A2E5D2D00D36DAA /* Controllers */ = {
			isa = PBXGroup;
			children = (
				3E7914DC1A2E5D6C00D36DAA /* FindTaskViewController.swift */,
				3E7914DE1A2E8CFB00D36DAA /* ResultsViewController.swift */,
			);
			name = Controllers;
			sourceTree = "<group>";
		};
/* End PBXGroup section */

/* Begin PBXNativeTarget section */
		3E7914B51A2E5CCA00D36DAA /* FindTask */ = {
			isa = PBXNativeTarget;
			buildConfigurationList = 3E7914D51A2E5CCA00D36DAA /* Build configuration list for PBXNativeTarget "FindTask" */;
			buildPhases = (
				3E7914B21A2E5CCA00D36DAA /* Sources */,
				3E7914B31A2E5CCA00D36DAA /* Frameworks */,
				3E7914B41A2E5CCA00D36DAA /* Resources */,
			);
			buildRules = (
			);
			dependencies = (
			);
			name = FindTask;
			productName = FindTask;
			productReference = 3E7914B61A2E5CCA00D36DAA /* FindTask.app */;
			productType = "com.apple.product-type.application";
		};
/* End PBXNativeTarget section */

/* Begin PBXProject section */
		3E7914AE1A2E5CCA00D36DAA /* Project object */ = {
			isa = PBXProject;
			attributes = {
				LastSwiftUpdateCheck = 0720;
				LastUpgradeCheck = 0720;
				ORGANIZATIONNAME = Esri;
				TargetAttributes = {
					3E7914B51A2E5CCA00D36DAA = {
						CreatedOnToolsVersion = 6.1;
					};
				};
			};
			buildConfigurationList = 3E7914B11A2E5CCA00D36DAA /* Build configuration list for PBXProject "FindTask" */;
			compatibilityVersion = "Xcode 3.2";
			developmentRegion = English;
			hasScannedForEncodings = 0;
			knownRegions = (
				en,
				Base,
			);
			mainGroup = 3E7914AD1A2E5CCA00D36DAA;
			productRefGroup = 3E7914B71A2E5CCA00D36DAA /* Products */;
			projectDirPath = "";
			projectRoot = "";
			targets = (
				3E7914B51A2E5CCA00D36DAA /* FindTask */,
			);
		};
/* End PBXProject section */

/* Begin PBXResourcesBuildPhase section */
		3E7914B41A2E5CCA00D36DAA /* Resources */ = {
			isa = PBXResourcesBuildPhase;
			buildActionMask = 2147483647;
			files = (
				3E7914C11A2E5CCA00D36DAA /* Main.storyboard in Resources */,
				3E7914C61A2E5CCA00D36DAA /* LaunchScreen.xib in Resources */,
				3E0E14A41A38F35B001CC14A /* ArcGIS.bundle in Resources */,
				3E7914C31A2E5CCA00D36DAA /* Images.xcassets in Resources */,
			);
			runOnlyForDeploymentPostprocessing = 0;
		};
/* End PBXResourcesBuildPhase section */

/* Begin PBXSourcesBuildPhase section */
		3E7914B21A2E5CCA00D36DAA /* Sources */ = {
			isa = PBXSourcesBuildPhase;
			buildActionMask = 2147483647;
			files = (
				3E7914DD1A2E5D6C00D36DAA /* FindTaskViewController.swift in Sources */,
				3E7914BC1A2E5CCA00D36DAA /* AppDelegate.swift in Sources */,
				3E7914DF1A2E8CFB00D36DAA /* ResultsViewController.swift in Sources */,
			);
			runOnlyForDeploymentPostprocessing = 0;
		};
/* End PBXSourcesBuildPhase section */

/* Begin PBXVariantGroup section */
		3E7914BF1A2E5CCA00D36DAA /* Main.storyboard */ = {
			isa = PBXVariantGroup;
			children = (
				3E7914C01A2E5CCA00D36DAA /* Base */,
			);
			name = Main.storyboard;
			sourceTree = "<group>";
		};
		3E7914C41A2E5CCA00D36DAA /* LaunchScreen.xib */ = {
			isa = PBXVariantGroup;
			children = (
				3E7914C51A2E5CCA00D36DAA /* Base */,
			);
			name = LaunchScreen.xib;
			sourceTree = "<group>";
		};
/* End PBXVariantGroup section */

/* Begin XCBuildConfiguration section */
		3E7914D31A2E5CCA00D36DAA /* Debug */ = {
			isa = XCBuildConfiguration;
			buildSettings = {
				ALWAYS_SEARCH_USER_PATHS = NO;
				CLANG_CXX_LANGUAGE_STANDARD = "gnu++0x";
				CLANG_CXX_LIBRARY = "libc++";
				CLANG_ENABLE_MODULES = YES;
				CLANG_ENABLE_OBJC_ARC = YES;
				CLANG_WARN_BOOL_CONVERSION = YES;
				CLANG_WARN_CONSTANT_CONVERSION = YES;
				CLANG_WARN_DIRECT_OBJC_ISA_USAGE = YES_ERROR;
				CLANG_WARN_EMPTY_BODY = YES;
				CLANG_WARN_ENUM_CONVERSION = YES;
				CLANG_WARN_INT_CONVERSION = YES;
				CLANG_WARN_OBJC_ROOT_CLASS = YES_ERROR;
				CLANG_WARN_UNREACHABLE_CODE = YES;
				CLANG_WARN__DUPLICATE_METHOD_MATCH = YES;
				"CODE_SIGN_IDENTITY[sdk=iphoneos*]" = "iPhone Developer";
				COPY_PHASE_STRIP = NO;
				ENABLE_STRICT_OBJC_MSGSEND = YES;
				ENABLE_TESTABILITY = YES;
				GCC_C_LANGUAGE_STANDARD = gnu99;
				GCC_DYNAMIC_NO_PIC = NO;
				GCC_OPTIMIZATION_LEVEL = 0;
				GCC_PREPROCESSOR_DEFINITIONS = (
					"DEBUG=1",
					"$(inherited)",
				);
				GCC_SYMBOLS_PRIVATE_EXTERN = NO;
				GCC_WARN_64_TO_32_BIT_CONVERSION = YES;
				GCC_WARN_ABOUT_RETURN_TYPE = YES_ERROR;
				GCC_WARN_UNDECLARED_SELECTOR = YES;
				GCC_WARN_UNINITIALIZED_AUTOS = YES_AGGRESSIVE;
				GCC_WARN_UNUSED_FUNCTION = YES;
				GCC_WARN_UNUSED_VARIABLE = YES;
				IPHONEOS_DEPLOYMENT_TARGET = 8.1;
				MTL_ENABLE_DEBUG_INFO = YES;
				ONLY_ACTIVE_ARCH = YES;
				SDKROOT = iphoneos;
				SWIFT_OPTIMIZATION_LEVEL = "-Onone";
				TARGETED_DEVICE_FAMILY = "1,2";
			};
			name = Debug;
		};
		3E7914D41A2E5CCA00D36DAA /* Release */ = {
			isa = XCBuildConfiguration;
			buildSettings = {
				ALWAYS_SEARCH_USER_PATHS = NO;
				CLANG_CXX_LANGUAGE_STANDARD = "gnu++0x";
				CLANG_CXX_LIBRARY = "libc++";
				CLANG_ENABLE_MODULES = YES;
				CLANG_ENABLE_OBJC_ARC = YES;
				CLANG_WARN_BOOL_CONVERSION = YES;
				CLANG_WARN_CONSTANT_CONVERSION = YES;
				CLANG_WARN_DIRECT_OBJC_ISA_USAGE = YES_ERROR;
				CLANG_WARN_EMPTY_BODY = YES;
				CLANG_WARN_ENUM_CONVERSION = YES;
				CLANG_WARN_INT_CONVERSION = YES;
				CLANG_WARN_OBJC_ROOT_CLASS = YES_ERROR;
				CLANG_WARN_UNREACHABLE_CODE = YES;
				CLANG_WARN__DUPLICATE_METHOD_MATCH = YES;
				"CODE_SIGN_IDENTITY[sdk=iphoneos*]" = "iPhone Developer";
				COPY_PHASE_STRIP = YES;
				ENABLE_NS_ASSERTIONS = NO;
				ENABLE_STRICT_OBJC_MSGSEND = YES;
				GCC_C_LANGUAGE_STANDARD = gnu99;
				GCC_WARN_64_TO_32_BIT_CONVERSION = YES;
				GCC_WARN_ABOUT_RETURN_TYPE = YES_ERROR;
				GCC_WARN_UNDECLARED_SELECTOR = YES;
				GCC_WARN_UNINITIALIZED_AUTOS = YES_AGGRESSIVE;
				GCC_WARN_UNUSED_FUNCTION = YES;
				GCC_WARN_UNUSED_VARIABLE = YES;
				IPHONEOS_DEPLOYMENT_TARGET = 8.1;
				MTL_ENABLE_DEBUG_INFO = NO;
				SDKROOT = iphoneos;
				TARGETED_DEVICE_FAMILY = "1,2";
				VALIDATE_PRODUCT = YES;
			};
			name = Release;
		};
		3E7914D61A2E5CCA00D36DAA /* Debug */ = {
			isa = XCBuildConfiguration;
			buildSettings = {
				ASSETCATALOG_COMPILER_APPICON_NAME = AppIcon;
				FRAMEWORK_SEARCH_PATHS = "$(HOME)/Library/SDKs/ArcGIS/iOS/";
				INFOPLIST_FILE = FindTask/Info.plist;
				IPHONEOS_DEPLOYMENT_TARGET = 7.1;
				LD_RUNPATH_SEARCH_PATHS = "$(inherited) @executable_path/Frameworks";
				OTHER_LDFLAGS = (
					"-ObjC",
					"-framework",
					ArcGIS,
					"-l",
					"c++",
				);
				PRODUCT_BUNDLE_IDENTIFIER = "com.esri.$(PRODUCT_NAME:rfc1034identifier)";
				PRODUCT_NAME = "$(TARGET_NAME)";
			};
			name = Debug;
		};
		3E7914D71A2E5CCA00D36DAA /* Release */ = {
			isa = XCBuildConfiguration;
			buildSettings = {
				ASSETCATALOG_COMPILER_APPICON_NAME = AppIcon;
				FRAMEWORK_SEARCH_PATHS = "$(HOME)/Library/SDKs/ArcGIS/iOS/";
				INFOPLIST_FILE = FindTask/Info.plist;
				IPHONEOS_DEPLOYMENT_TARGET = 7.1;
				LD_RUNPATH_SEARCH_PATHS = "$(inherited) @executable_path/Frameworks";
				OTHER_LDFLAGS = (
					"-ObjC",
					"-framework",
					ArcGIS,
					"-l",
					"c++",
				);
				PRODUCT_BUNDLE_IDENTIFIER = "com.esri.$(PRODUCT_NAME:rfc1034identifier)";
				PRODUCT_NAME = "$(TARGET_NAME)";
			};
			name = Release;
		};
/* End XCBuildConfiguration section */

/* Begin XCConfigurationList section */
		3E7914B11A2E5CCA00D36DAA /* Build configuration list for PBXProject "FindTask" */ = {
			isa = XCConfigurationList;
			buildConfigurations = (
				3E7914D31A2E5CCA00D36DAA /* Debug */,
				3E7914D41A2E5CCA00D36DAA /* Release */,
			);
			defaultConfigurationIsVisible = 0;
			defaultConfigurationName = Release;
		};
		3E7914D51A2E5CCA00D36DAA /* Build configuration list for PBXNativeTarget "FindTask" */ = {
			isa = XCConfigurationList;
			buildConfigurations = (
				3E7914D61A2E5CCA00D36DAA /* Debug */,
				3E7914D71A2E5CCA00D36DAA /* Release */,
			);
			defaultConfigurationIsVisible = 0;
			defaultConfigurationName = Release;
		};
/* End XCConfigurationList section */
	};
	rootObject = 3E7914AE1A2E5CCA00D36DAA /* Project object */;
}
