// !$*UTF8*$!
{
	archiveVersion = 1;
	classes = {
	};
	objectVersion = 46;
	objects = {

/* Begin PBXBuildFile section */
		3E18D7A31AD351F4007B4A0F /* Campus.tpk in Resources */ = {isa = PBXBuildFile; fileRef = 3E18D7A21AD351F4007B4A0F /* Campus.tpk */; };
		3E715CFA18E4CD0A004FB946 /* Storyboard.storyboard in Resources */ = {isa = PBXBuildFile; fileRef = 3E715CF918E4CD0A004FB946 /* Storyboard.storyboard */; };
		3EE622C418E4D5BA00693502 /* Default-568h@2x.png in Resources */ = {isa = PBXBuildFile; fileRef = 3EE622C318E4D5BA00693502 /* Default-568h@2x.png */; };
		3EE660161AB3787D00D02DCB /* Images.xcassets in Resources */ = {isa = PBXBuildFile; fileRef = 3EE660151AB3787D00D02DCB /* Images.xcassets */; };
		C5128CE514758D8100A5EBF7 /* icon.png in Resources */ = {isa = PBXBuildFile; fileRef = C5128CD414758D8100A5EBF7 /* icon.png */; };
		C5128CE614758D8100A5EBF7 /* icon@2x.png in Resources */ = {isa = PBXBuildFile; fileRef = C5128CD514758D8100A5EBF7 /* icon@2x.png */; };
		C5128CE714758D8100A5EBF7 /* LocalTiledLayerAppDelegate.m in Sources */ = {isa = PBXBuildFile; fileRef = C5128CD714758D8100A5EBF7 /* LocalTiledLayerAppDelegate.m */; };
		C5128CE914758D8100A5EBF7 /* LocalTiledLayerViewController.m in Sources */ = {isa = PBXBuildFile; fileRef = C5128CDB14758D8100A5EBF7 /* LocalTiledLayerViewController.m */; };
		C5128CEB14758D8100A5EBF7 /* main.m in Sources */ = {isa = PBXBuildFile; fileRef = C5128CDD14758D8100A5EBF7 /* main.m */; };
		C5128CEF14758D8100A5EBF7 /* RootTableViewController.m in Sources */ = {isa = PBXBuildFile; fileRef = C5128CE314758D8100A5EBF7 /* RootTableViewController.m */; };
		C56B3FEC14C652C2003A46EB /* ArcGIS.bundle in Resources */ = {isa = PBXBuildFile; fileRef = C56B3FEB14C652C2003A46EB /* ArcGIS.bundle */; };
/* End PBXBuildFile section */

/* Begin PBXFileReference section */
		1D6058910D05DD3D006BFB54 /* LocalTiledLayerSample.app */ = {isa = PBXFileReference; explicitFileType = wrapper.application; includeInIndex = 0; path = LocalTiledLayerSample.app; sourceTree = BUILT_PRODUCTS_DIR; };
		3E18D7A21AD351F4007B4A0F /* Campus.tpk */ = {isa = PBXFileReference; lastKnownFileType = file; name = Campus.tpk; path = "../../../Data/tile package/Campus.tpk"; sourceTree = "<group>"; };
		3E715CF918E4CD0A004FB946 /* Storyboard.storyboard */ = {isa = PBXFileReference; fileEncoding = 4; lastKnownFileType = file.storyboard; name = Storyboard.storyboard; path = LocalTiledLayerSample/Storyboard.storyboard; sourceTree = "<group>"; };
		3EE622C318E4D5BA00693502 /* Default-568h@2x.png */ = {isa = PBXFileReference; lastKnownFileType = image.png; path = "Default-568h@2x.png"; sourceTree = SOURCE_ROOT; };
		3EE660151AB3787D00D02DCB /* Images.xcassets */ = {isa = PBXFileReference; lastKnownFileType = folder.assetcatalog; name = Images.xcassets; path = LocalTiledLayerSample/Images.xcassets; sourceTree = SOURCE_ROOT; };
		C5128CD414758D8100A5EBF7 /* icon.png */ = {isa = PBXFileReference; lastKnownFileType = image.png; name = icon.png; path = LocalTiledLayerSample/icon.png; sourceTree = SOURCE_ROOT; };
		C5128CD514758D8100A5EBF7 /* icon@2x.png */ = {isa = PBXFileReference; lastKnownFileType = image.png; name = "icon@2x.png"; path = "LocalTiledLayerSample/icon@2x.png"; sourceTree = SOURCE_ROOT; };
		C5128CD614758D8100A5EBF7 /* LocalTiledLayerAppDelegate.h */ = {isa = PBXFileReference; fileEncoding = 4; lastKnownFileType = sourcecode.c.h; name = LocalTiledLayerAppDelegate.h; path = LocalTiledLayerSample/LocalTiledLayerAppDelegate.h; sourceTree = SOURCE_ROOT; };
		C5128CD714758D8100A5EBF7 /* LocalTiledLayerAppDelegate.m */ = {isa = PBXFileReference; fileEncoding = 4; lastKnownFileType = sourcecode.c.objc; name = LocalTiledLayerAppDelegate.m; path = LocalTiledLayerSample/LocalTiledLayerAppDelegate.m; sourceTree = SOURCE_ROOT; };
		C5128CD814758D8100A5EBF7 /* LocalTiledLayerSample_Prefix.pch */ = {isa = PBXFileReference; fileEncoding = 4; lastKnownFileType = sourcecode.c.h; name = LocalTiledLayerSample_Prefix.pch; path = LocalTiledLayerSample/LocalTiledLayerSample_Prefix.pch; sourceTree = SOURCE_ROOT; };
		C5128CD914758D8100A5EBF7 /* LocalTiledLayerSample-Info.plist */ = {isa = PBXFileReference; fileEncoding = 4; lastKnownFileType = text.plist.xml; name = "LocalTiledLayerSample-Info.plist"; path = "LocalTiledLayerSample/LocalTiledLayerSample-Info.plist"; sourceTree = SOURCE_ROOT; };
		C5128CDA14758D8100A5EBF7 /* LocalTiledLayerViewController.h */ = {isa = PBXFileReference; fileEncoding = 4; lastKnownFileType = sourcecode.c.h; name = LocalTiledLayerViewController.h; path = LocalTiledLayerSample/LocalTiledLayerViewController.h; sourceTree = SOURCE_ROOT; };
		C5128CDB14758D8100A5EBF7 /* LocalTiledLayerViewController.m */ = {isa = PBXFileReference; fileEncoding = 4; lastKnownFileType = sourcecode.c.objc; name = LocalTiledLayerViewController.m; path = LocalTiledLayerSample/LocalTiledLayerViewController.m; sourceTree = SOURCE_ROOT; };
		C5128CDD14758D8100A5EBF7 /* main.m */ = {isa = PBXFileReference; fileEncoding = 4; lastKnownFileType = sourcecode.c.objc; name = main.m; path = LocalTiledLayerSample/main.m; sourceTree = SOURCE_ROOT; };
		C5128CE214758D8100A5EBF7 /* RootTableViewController.h */ = {isa = PBXFileReference; fileEncoding = 4; lastKnownFileType = sourcecode.c.h; name = RootTableViewController.h; path = LocalTiledLayerSample/RootTableViewController.h; sourceTree = SOURCE_ROOT; };
		C5128CE314758D8100A5EBF7 /* RootTableViewController.m */ = {isa = PBXFileReference; fileEncoding = 4; lastKnownFileType = sourcecode.c.objc; name = RootTableViewController.m; path = LocalTiledLayerSample/RootTableViewController.m; sourceTree = SOURCE_ROOT; };
		C56B3FEB14C652C2003A46EB /* ArcGIS.bundle */ = {isa = PBXFileReference; lastKnownFileType = "wrapper.plug-in"; name = ArcGIS.bundle; path = $HOME/Library/SDKs/ArcGIS/iOS/ArcGIS.framework/Versions/Current/Resources/ArcGIS.bundle; sourceTree = "<absolute>"; };
/* End PBXFileReference section */

/* Begin PBXFrameworksBuildPhase section */
		1D60588F0D05DD3D006BFB54 /* Frameworks */ = {
			isa = PBXFrameworksBuildPhase;
			buildActionMask = 2147483647;
			files = (
			);
			runOnlyForDeploymentPostprocessing = 0;
		};
/* End PBXFrameworksBuildPhase section */

/* Begin PBXGroup section */
		080E96DDFE201D6D7F000001 /* LocalTiledLayerSample */ = {
			isa = PBXGroup;
			children = (
				C5128CF114758D9500A5EBF7 /* Supporting Files */,
				C5128CD614758D8100A5EBF7 /* LocalTiledLayerAppDelegate.h */,
				C5128CD714758D8100A5EBF7 /* LocalTiledLayerAppDelegate.m */,
				C5128CDA14758D8100A5EBF7 /* LocalTiledLayerViewController.h */,
				C5128CDB14758D8100A5EBF7 /* LocalTiledLayerViewController.m */,
				C5128CE214758D8100A5EBF7 /* RootTableViewController.h */,
				C5128CE314758D8100A5EBF7 /* RootTableViewController.m */,
				3EE660151AB3787D00D02DCB /* Images.xcassets */,
			);
			name = LocalTiledLayerSample;
			path = Classes;
			sourceTree = "<group>";
		};
		19C28FACFE9D520D11CA2CBB /* Products */ = {
			isa = PBXGroup;
			children = (
				1D6058910D05DD3D006BFB54 /* LocalTiledLayerSample.app */,
			);
			name = Products;
			sourceTree = "<group>";
		};
		29B97314FDCFA39411CA2CEA /* CustomTemplate */ = {
			isa = PBXGroup;
			children = (
				3E715CF918E4CD0A004FB946 /* Storyboard.storyboard */,
				080E96DDFE201D6D7F000001 /* LocalTiledLayerSample */,
				29B97323FDCFA39411CA2CEA /* Frameworks */,
				19C28FACFE9D520D11CA2CBB /* Products */,
			);
			name = CustomTemplate;
			sourceTree = "<group>";
		};
		29B97323FDCFA39411CA2CEA /* Frameworks */ = {
			isa = PBXGroup;
			children = (
				C56B3FEB14C652C2003A46EB /* ArcGIS.bundle */,
			);
			name = Frameworks;
			sourceTree = "<group>";
		};
		C5128CF114758D9500A5EBF7 /* Supporting Files */ = {
			isa = PBXGroup;
			children = (
				3E18D7A21AD351F4007B4A0F /* Campus.tpk */,
				3EE622C318E4D5BA00693502 /* Default-568h@2x.png */,
				C5128CD414758D8100A5EBF7 /* icon.png */,
				C5128CD514758D8100A5EBF7 /* icon@2x.png */,
				C5128CD814758D8100A5EBF7 /* LocalTiledLayerSample_Prefix.pch */,
				C5128CD914758D8100A5EBF7 /* LocalTiledLayerSample-Info.plist */,
				C5128CDD14758D8100A5EBF7 /* main.m */,
			);
			name = "Supporting Files";
			sourceTree = "<group>";
		};
/* End PBXGroup section */

/* Begin PBXNativeTarget section */
		1D6058900D05DD3D006BFB54 /* LocalTiledLayerSample */ = {
			isa = PBXNativeTarget;
			buildConfigurationList = 1D6058960D05DD3E006BFB54 /* Build configuration list for PBXNativeTarget "LocalTiledLayerSample" */;
			buildPhases = (
				1D60588D0D05DD3D006BFB54 /* Resources */,
				1D60588E0D05DD3D006BFB54 /* Sources */,
				1D60588F0D05DD3D006BFB54 /* Frameworks */,
			);
			buildRules = (
			);
			dependencies = (
			);
			name = LocalTiledLayerSample;
			productName = Demo;
			productReference = 1D6058910D05DD3D006BFB54 /* LocalTiledLayerSample.app */;
			productType = "com.apple.product-type.application";
		};
/* End PBXNativeTarget section */

/* Begin PBXProject section */
		29B97313FDCFA39411CA2CEA /* Project object */ = {
			isa = PBXProject;
			attributes = {
				LastUpgradeCheck = 0500;
			};
			buildConfigurationList = C01FCF4E08A954540054247B /* Build configuration list for PBXProject "LocalTiledLayerSample" */;
			compatibilityVersion = "Xcode 3.2";
			developmentRegion = English;
			hasScannedForEncodings = 1;
			knownRegions = (
				English,
				Japanese,
				French,
				German,
			);
			mainGroup = 29B97314FDCFA39411CA2CEA /* CustomTemplate */;
			projectDirPath = "";
			projectRoot = "";
			targets = (
				1D6058900D05DD3D006BFB54 /* LocalTiledLayerSample */,
			);
		};
/* End PBXProject section */

/* Begin PBXResourcesBuildPhase section */
		1D60588D0D05DD3D006BFB54 /* Resources */ = {
			isa = PBXResourcesBuildPhase;
			buildActionMask = 2147483647;
			files = (
				C5128CE514758D8100A5EBF7 /* icon.png in Resources */,
				C5128CE614758D8100A5EBF7 /* icon@2x.png in Resources */,
				3EE660161AB3787D00D02DCB /* Images.xcassets in Resources */,
				C56B3FEC14C652C2003A46EB /* ArcGIS.bundle in Resources */,
				3E715CFA18E4CD0A004FB946 /* Storyboard.storyboard in Resources */,
				3EE622C418E4D5BA00693502 /* Default-568h@2x.png in Resources */,
				3E18D7A31AD351F4007B4A0F /* Campus.tpk in Resources */,
			);
			runOnlyForDeploymentPostprocessing = 0;
		};
/* End PBXResourcesBuildPhase section */

/* Begin PBXSourcesBuildPhase section */
		1D60588E0D05DD3D006BFB54 /* Sources */ = {
			isa = PBXSourcesBuildPhase;
			buildActionMask = 2147483647;
			files = (
				C5128CE714758D8100A5EBF7 /* LocalTiledLayerAppDelegate.m in Sources */,
				C5128CE914758D8100A5EBF7 /* LocalTiledLayerViewController.m in Sources */,
				C5128CEB14758D8100A5EBF7 /* main.m in Sources */,
				C5128CEF14758D8100A5EBF7 /* RootTableViewController.m in Sources */,
			);
			runOnlyForDeploymentPostprocessing = 0;
		};
/* End PBXSourcesBuildPhase section */

/* Begin XCBuildConfiguration section */
		1D6058940D05DD3E006BFB54 /* Debug */ = {
			isa = XCBuildConfiguration;
			buildSettings = {
				ALWAYS_SEARCH_USER_PATHS = NO;
				ARCHS = "$(ARCHS_STANDARD_INCLUDING_64_BIT)";
				ASSETCATALOG_COMPILER_APPICON_NAME = AppIcon;
				ASSETCATALOG_COMPILER_LAUNCHIMAGE_NAME = LaunchImage;
				CLANG_ENABLE_OBJC_ARC = YES;
				COPY_PHASE_STRIP = NO;
				FRAMEWORK_SEARCH_PATHS = "$(HOME)/Library/SDKs/ArcGIS/iOS/**";
				GCC_DYNAMIC_NO_PIC = NO;
				GCC_OPTIMIZATION_LEVEL = 0;
				GCC_PRECOMPILE_PREFIX_HEADER = YES;
				GCC_PREFIX_HEADER = LocalTiledLayerSample/LocalTiledLayerSample_Prefix.pch;
				INFOPLIST_FILE = "LocalTiledLayerSample/LocalTiledLayerSample-Info.plist";
				IPHONEOS_DEPLOYMENT_TARGET = 6.0;
				OTHER_LDFLAGS = (
					"-ObjC",
					"-framework",
					ArcGIS,
					"-l",
					"c++",
				);
				PRODUCT_NAME = LocalTiledLayerSample;
				SDKROOT = iphoneos;
				TARGETED_DEVICE_FAMILY = "1,2";
			};
			name = Debug;
		};
		1D6058950D05DD3E006BFB54 /* Release */ = {
			isa = XCBuildConfiguration;
			buildSettings = {
				ALWAYS_SEARCH_USER_PATHS = NO;
				ARCHS = "$(ARCHS_STANDARD_INCLUDING_64_BIT)";
				ASSETCATALOG_COMPILER_APPICON_NAME = AppIcon;
				ASSETCATALOG_COMPILER_LAUNCHIMAGE_NAME = LaunchImage;
				CLANG_ENABLE_OBJC_ARC = YES;
				"CODE_SIGN_IDENTITY[sdk=iphoneos*]" = "iPhone Developer";
				COPY_PHASE_STRIP = YES;
				FRAMEWORK_SEARCH_PATHS = "$(HOME)/Library/SDKs/ArcGIS/iOS/**";
				GCC_PRECOMPILE_PREFIX_HEADER = YES;
				GCC_PREFIX_HEADER = LocalTiledLayerSample/LocalTiledLayerSample_Prefix.pch;
				INFOPLIST_FILE = "LocalTiledLayerSample/LocalTiledLayerSample-Info.plist";
				IPHONEOS_DEPLOYMENT_TARGET = 6.0;
				OTHER_LDFLAGS = (
					"-ObjC",
					"-framework",
					ArcGIS,
					"-l",
					"c++",
				);
				PRODUCT_NAME = LocalTiledLayerSample;
				"PROVISIONING_PROFILE[sdk=iphoneos*]" = "";
				SDKROOT = iphoneos;
				TARGETED_DEVICE_FAMILY = "1,2";
			};
			name = Release;
		};
		C01FCF4F08A954540054247B /* Debug */ = {
			isa = XCBuildConfiguration;
			buildSettings = {
				CLANG_ENABLE_MODULES = YES;
				CODE_SIGN_IDENTITY = "iPhone Developer";
				"CODE_SIGN_IDENTITY[sdk=iphoneos*]" = "iPhone Developer";
				GCC_C_LANGUAGE_STANDARD = c99;
				GCC_WARN_ABOUT_RETURN_TYPE = YES;
				GCC_WARN_UNUSED_VARIABLE = YES;
				IPHONEOS_DEPLOYMENT_TARGET = 6.0;
				ONLY_ACTIVE_ARCH = YES;
				PROVISIONING_PROFILE = "";
				"PROVISIONING_PROFILE[sdk=iphoneos*]" = "";
				SDKROOT = iphoneos;
			};
			name = Debug;
		};
		C01FCF5008A954540054247B /* Release */ = {
			isa = XCBuildConfiguration;
			buildSettings = {
				CLANG_ENABLE_MODULES = YES;
				CODE_SIGN_IDENTITY = "iPhone Developer";
				"CODE_SIGN_IDENTITY[sdk=iphoneos*]" = "iPhone Developer";
				GCC_C_LANGUAGE_STANDARD = c99;
				GCC_WARN_ABOUT_RETURN_TYPE = YES;
				GCC_WARN_UNUSED_VARIABLE = YES;
				IPHONEOS_DEPLOYMENT_TARGET = 6.0;
				PROVISIONING_PROFILE = "";
				"PROVISIONING_PROFILE[sdk=iphoneos*]" = "";
				SDKROOT = iphoneos;
			};
			name = Release;
		};
/* End XCBuildConfiguration section */

/* Begin XCConfigurationList section */
		1D6058960D05DD3E006BFB54 /* Build configuration list for PBXNativeTarget "LocalTiledLayerSample" */ = {
			isa = XCConfigurationList;
			buildConfigurations = (
				1D6058940D05DD3E006BFB54 /* Debug */,
				1D6058950D05DD3E006BFB54 /* Release */,
			);
			defaultConfigurationIsVisible = 0;
			defaultConfigurationName = Release;
		};
		C01FCF4E08A954540054247B /* Build configuration list for PBXProject "LocalTiledLayerSample" */ = {
			isa = XCConfigurationList;
			buildConfigurations = (
				C01FCF4F08A954540054247B /* Debug */,
				C01FCF5008A954540054247B /* Release */,
			);
			defaultConfigurationIsVisible = 0;
			defaultConfigurationName = Release;
		};
/* End XCConfigurationList section */
	};
	rootObject = 29B97313FDCFA39411CA2CEA /* Project object */;
}
