// !$*UTF8*$!
{
	archiveVersion = 1;
	classes = {
	};
	objectVersion = 46;
	objects = {

/* Begin PBXBuildFile section */
		3E9CE1EE1A43840000491206 /* AppDelegate.swift in Sources */ = {isa = PBXBuildFile; fileRef = 3E9CE1ED1A43840000491206 /* AppDelegate.swift */; };
		3E9CE1F31A43840000491206 /* Main.storyboard in Resources */ = {isa = PBXBuildFile; fileRef = 3E9CE1F11A43840000491206 /* Main.storyboard */; };
		3E9CE1F51A43840000491206 /* Images.xcassets in Resources */ = {isa = PBXBuildFile; fileRef = 3E9CE1F41A43840000491206 /* Images.xcassets */; };
		3E9CE1F81A43840000491206 /* LaunchScreen.xib in Resources */ = {isa = PBXBuildFile; fileRef = 3E9CE1F61A43840000491206 /* LaunchScreen.xib */; };
		3E9CE20F1A4384CC00491206 /* IdentifyTaskViewController.swift in Sources */ = {isa = PBXBuildFile; fileRef = 3E9CE20E1A4384CC00491206 /* IdentifyTaskViewController.swift */; };
		3E9CE2111A4389DC00491206 /* ResultsViewController.swift in Sources */ = {isa = PBXBuildFile; fileRef = 3E9CE2101A4389DC00491206 /* ResultsViewController.swift */; };
		3EA658B11A4390B60099D792 /* ArcGIS.bundle in Resources */ = {isa = PBXBuildFile; fileRef = 3EA658B01A4390B60099D792 /* ArcGIS.bundle */; };
/* End PBXBuildFile section */

/* Begin PBXFileReference section */
		3E9CE1E81A43840000491206 /* IdentifyTask.app */ = {isa = PBXFileReference; explicitFileType = wrapper.application; includeInIndex = 0; path = IdentifyTask.app; sourceTree = BUILT_PRODUCTS_DIR; };
		3E9CE1EC1A43840000491206 /* Info.plist */ = {isa = PBXFileReference; lastKnownFileType = text.plist.xml; path = Info.plist; sourceTree = "<group>"; };
		3E9CE1ED1A43840000491206 /* AppDelegate.swift */ = {isa = PBXFileReference; lastKnownFileType = sourcecode.swift; path = AppDelegate.swift; sourceTree = "<group>"; };
		3E9CE1F21A43840000491206 /* Base */ = {isa = PBXFileReference; lastKnownFileType = file.storyboard; name = Base; path = Base.lproj/Main.storyboard; sourceTree = "<group>"; };
		3E9CE1F41A43840000491206 /* Images.xcassets */ = {isa = PBXFileReference; lastKnownFileType = folder.assetcatalog; path = Images.xcassets; sourceTree = "<group>"; };
		3E9CE1F71A43840000491206 /* Base */ = {isa = PBXFileReference; lastKnownFileType = file.xib; name = Base; path = Base.lproj/LaunchScreen.xib; sourceTree = "<group>"; };
		3E9CE20E1A4384CC00491206 /* IdentifyTaskViewController.swift */ = {isa = PBXFileReference; fileEncoding = 4; lastKnownFileType = sourcecode.swift; name = IdentifyTaskViewController.swift; path = Controllers/IdentifyTaskViewController.swift; sourceTree = "<group>"; };
		3E9CE2101A4389DC00491206 /* ResultsViewController.swift */ = {isa = PBXFileReference; fileEncoding = 4; lastKnownFileType = sourcecode.swift; name = ResultsViewController.swift; path = Controllers/ResultsViewController.swift; sourceTree = "<group>"; };
		3EA658B01A4390B60099D792 /* ArcGIS.bundle */ = {isa = PBXFileReference; lastKnownFileType = "wrapper.plug-in"; name = ArcGIS.bundle; path = $HOME/Library/SDKs/ArcGIS/iOS/ArcGIS.framework/Versions/Current/Resources/ArcGIS.bundle; sourceTree = "<absolute>"; };
/* End PBXFileReference section */

/* Begin PBXFrameworksBuildPhase section */
		3E9CE1E51A43840000491206 /* Frameworks */ = {
			isa = PBXFrameworksBuildPhase;
			buildActionMask = 2147483647;
			files = (
			);
			runOnlyForDeploymentPostprocessing = 0;
		};
/* End PBXFrameworksBuildPhase section */

/* Begin PBXGroup section */
		3E9CE1DF1A43840000491206 = {
			isa = PBXGroup;
			children = (
				3E9CE1EA1A43840000491206 /* IdentifyTask */,
				3E9CE1E91A43840000491206 /* Products */,
			);
			sourceTree = "<group>";
		};
		3E9CE1E91A43840000491206 /* Products */ = {
			isa = PBXGroup;
			children = (
				3E9CE1E81A43840000491206 /* IdentifyTask.app */,
			);
			name = Products;
			sourceTree = "<group>";
		};
		3E9CE1EA1A43840000491206 /* IdentifyTask */ = {
			isa = PBXGroup;
			children = (
				3E9CE20D1A4384A900491206 /* Controllers */,
				3E9CE1ED1A43840000491206 /* AppDelegate.swift */,
				3E9CE1F11A43840000491206 /* Main.storyboard */,
				3E9CE1F41A43840000491206 /* Images.xcassets */,
				3E9CE1F61A43840000491206 /* LaunchScreen.xib */,
				3E9CE1EB1A43840000491206 /* Supporting Files */,
			);
			path = IdentifyTask;
			sourceTree = "<group>";
		};
		3E9CE1EB1A43840000491206 /* Supporting Files */ = {
			isa = PBXGroup;
			children = (
				3EA658B01A4390B60099D792 /* ArcGIS.bundle */,
				3E9CE1EC1A43840000491206 /* Info.plist */,
			);
			name = "Supporting Files";
			sourceTree = "<group>";
		};
		3E9CE20D1A4384A900491206 /* Controllers */ = {
			isa = PBXGroup;
			children = (
				3E9CE20E1A4384CC00491206 /* IdentifyTaskViewController.swift */,
				3E9CE2101A4389DC00491206 /* ResultsViewController.swift */,
			);
			name = Controllers;
			sourceTree = "<group>";
		};
/* End PBXGroup section */

/* Begin PBXNativeTarget section */
		3E9CE1E71A43840000491206 /* IdentifyTask */ = {
			isa = PBXNativeTarget;
			buildConfigurationList = 3E9CE2071A43840000491206 /* Build configuration list for PBXNativeTarget "IdentifyTask" */;
			buildPhases = (
				3E9CE1E41A43840000491206 /* Sources */,
				3E9CE1E51A43840000491206 /* Frameworks */,
				3E9CE1E61A43840000491206 /* Resources */,
			);
			buildRules = (
			);
			dependencies = (
			);
			name = IdentifyTask;
			productName = IdentifyTask;
			productReference = 3E9CE1E81A43840000491206 /* IdentifyTask.app */;
			productType = "com.apple.product-type.application";
		};
/* End PBXNativeTarget section */

/* Begin PBXProject section */
		3E9CE1E01A43840000491206 /* Project object */ = {
			isa = PBXProject;
			attributes = {
				LastSwiftUpdateCheck = 0720;
				LastUpgradeCheck = 0720;
				ORGANIZATIONNAME = Esri;
				TargetAttributes = {
					3E9CE1E71A43840000491206 = {
						CreatedOnToolsVersion = 6.1.1;
					};
				};
			};
			buildConfigurationList = 3E9CE1E31A43840000491206 /* Build configuration list for PBXProject "IdentifyTask" */;
			compatibilityVersion = "Xcode 3.2";
			developmentRegion = English;
			hasScannedForEncodings = 0;
			knownRegions = (
				en,
				Base,
			);
			mainGroup = 3E9CE1DF1A43840000491206;
			productRefGroup = 3E9CE1E91A43840000491206 /* Products */;
			projectDirPath = "";
			projectRoot = "";
			targets = (
				3E9CE1E71A43840000491206 /* IdentifyTask */,
			);
		};
/* End PBXProject section */

/* Begin PBXResourcesBuildPhase section */
		3E9CE1E61A43840000491206 /* Resources */ = {
			isa = PBXResourcesBuildPhase;
			buildActionMask = 2147483647;
			files = (
				3E9CE1F31A43840000491206 /* Main.storyboard in Resources */,
				3E9CE1F81A43840000491206 /* LaunchScreen.xib in Resources */,
				3EA658B11A4390B60099D792 /* ArcGIS.bundle in Resources */,
				3E9CE1F51A43840000491206 /* Images.xcassets in Resources */,
			);
			runOnlyForDeploymentPostprocessing = 0;
		};
/* End PBXResourcesBuildPhase section */

/* Begin PBXSourcesBuildPhase section */
		3E9CE1E41A43840000491206 /* Sources */ = {
			isa = PBXSourcesBuildPhase;
			buildActionMask = 2147483647;
			files = (
				3E9CE1EE1A43840000491206 /* AppDelegate.swift in Sources */,
				3E9CE20F1A4384CC00491206 /* IdentifyTaskViewController.swift in Sources */,
				3E9CE2111A4389DC00491206 /* ResultsViewController.swift in Sources */,
			);
			runOnlyForDeploymentPostprocessing = 0;
		};
/* End PBXSourcesBuildPhase section */

/* Begin PBXVariantGroup section */
		3E9CE1F11A43840000491206 /* Main.storyboard */ = {
			isa = PBXVariantGroup;
			children = (
				3E9CE1F21A43840000491206 /* Base */,
			);
			name = Main.storyboard;
			sourceTree = "<group>";
		};
		3E9CE1F61A43840000491206 /* LaunchScreen.xib */ = {
			isa = PBXVariantGroup;
			children = (
				3E9CE1F71A43840000491206 /* Base */,
			);
			name = LaunchScreen.xib;
			sourceTree = "<group>";
		};
/* End PBXVariantGroup section */

/* Begin XCBuildConfiguration section */
		3E9CE2051A43840000491206 /* Debug */ = {
			isa = XCBuildConfiguration;
			buildSettings = {
				ALWAYS_SEARCH_USER_PATHS = NO;
				CLANG_CXX_LANGUAGE_STANDARD = "gnu++0x";
				CLANG_CXX_LIBRARY = "libc++";
				CLANG_ENABLE_MODULES = YES;
				CLANG_ENABLE_OBJC_ARC = YES;
				CLANG_WARN_BOOL_CONVERSION = YES;
				CLANG_WARN_CONSTANT_CONVERSION = YES;
				CLANG_WARN_DIRECT_OBJC_ISA_USAGE = YES_ERROR;
				CLANG_WARN_EMPTY_BODY = YES;
				CLANG_WARN_ENUM_CONVERSION = YES;
				CLANG_WARN_INT_CONVERSION = YES;
				CLANG_WARN_OBJC_ROOT_CLASS = YES_ERROR;
				CLANG_WARN_UNREACHABLE_CODE = YES;
				CLANG_WARN__DUPLICATE_METHOD_MATCH = YES;
				"CODE_SIGN_IDENTITY[sdk=iphoneos*]" = "iPhone Developer";
				COPY_PHASE_STRIP = NO;
				ENABLE_STRICT_OBJC_MSGSEND = YES;
				ENABLE_TESTABILITY = YES;
				GCC_C_LANGUAGE_STANDARD = gnu99;
				GCC_DYNAMIC_NO_PIC = NO;
				GCC_OPTIMIZATION_LEVEL = 0;
				GCC_PREPROCESSOR_DEFINITIONS = (
					"DEBUG=1",
					"$(inherited)",
				);
				GCC_SYMBOLS_PRIVATE_EXTERN = NO;
				GCC_WARN_64_TO_32_BIT_CONVERSION = YES;
				GCC_WARN_ABOUT_RETURN_TYPE = YES_ERROR;
				GCC_WARN_UNDECLARED_SELECTOR = YES;
				GCC_WARN_UNINITIALIZED_AUTOS = YES_AGGRESSIVE;
				GCC_WARN_UNUSED_FUNCTION = YES;
				GCC_WARN_UNUSED_VARIABLE = YES;
				IPHONEOS_DEPLOYMENT_TARGET = 8.1;
				MTL_ENABLE_DEBUG_INFO = YES;
				ONLY_ACTIVE_ARCH = YES;
				SDKROOT = iphoneos;
				SWIFT_OPTIMIZATION_LEVEL = "-Onone";
				TARGETED_DEVICE_FAMILY = "1,2";
			};
			name = Debug;
		};
		3E9CE2061A43840000491206 /* Release */ = {
			isa = XCBuildConfiguration;
			buildSettings = {
				ALWAYS_SEARCH_USER_PATHS = NO;
				CLANG_CXX_LANGUAGE_STANDARD = "gnu++0x";
				CLANG_CXX_LIBRARY = "libc++";
				CLANG_ENABLE_MODULES = YES;
				CLANG_ENABLE_OBJC_ARC = YES;
				CLANG_WARN_BOOL_CONVERSION = YES;
				CLANG_WARN_CONSTANT_CONVERSION = YES;
				CLANG_WARN_DIRECT_OBJC_ISA_USAGE = YES_ERROR;
				CLANG_WARN_EMPTY_BODY = YES;
				CLANG_WARN_ENUM_CONVERSION = YES;
				CLANG_WARN_INT_CONVERSION = YES;
				CLANG_WARN_OBJC_ROOT_CLASS = YES_ERROR;
				CLANG_WARN_UNREACHABLE_CODE = YES;
				CLANG_WARN__DUPLICATE_METHOD_MATCH = YES;
				"CODE_SIGN_IDENTITY[sdk=iphoneos*]" = "iPhone Developer";
				COPY_PHASE_STRIP = YES;
				ENABLE_NS_ASSERTIONS = NO;
				ENABLE_STRICT_OBJC_MSGSEND = YES;
				GCC_C_LANGUAGE_STANDARD = gnu99;
				GCC_WARN_64_TO_32_BIT_CONVERSION = YES;
				GCC_WARN_ABOUT_RETURN_TYPE = YES_ERROR;
				GCC_WARN_UNDECLARED_SELECTOR = YES;
				GCC_WARN_UNINITIALIZED_AUTOS = YES_AGGRESSIVE;
				GCC_WARN_UNUSED_FUNCTION = YES;
				GCC_WARN_UNUSED_VARIABLE = YES;
				IPHONEOS_DEPLOYMENT_TARGET = 8.1;
				MTL_ENABLE_DEBUG_INFO = NO;
				SDKROOT = iphoneos;
				TARGETED_DEVICE_FAMILY = "1,2";
				VALIDATE_PRODUCT = YES;
			};
			name = Release;
		};
		3E9CE2081A43840000491206 /* Debug */ = {
			isa = XCBuildConfiguration;
			buildSettings = {
				ASSETCATALOG_COMPILER_APPICON_NAME = AppIcon;
				FRAMEWORK_SEARCH_PATHS = "$(HOME)/Library/SDKs/ArcGIS/iOS/";
				INFOPLIST_FILE = IdentifyTask/Info.plist;
				IPHONEOS_DEPLOYMENT_TARGET = 7.1;
				LD_RUNPATH_SEARCH_PATHS = "$(inherited) @executable_path/Frameworks";
				OTHER_LDFLAGS = (
					"-ObjC",
					"-framework",
					ArcGIS,
					"-l",
					"c++",
				);
				PRODUCT_BUNDLE_IDENTIFIER = "com.esri.$(PRODUCT_NAME:rfc1034identifier)";
				PRODUCT_NAME = "$(TARGET_NAME)";
			};
			name = Debug;
		};
		3E9CE2091A43840000491206 /* Release */ = {
			isa = XCBuildConfiguration;
			buildSettings = {
				ASSETCATALOG_COMPILER_APPICON_NAME = AppIcon;
				FRAMEWORK_SEARCH_PATHS = "$(HOME)/Library/SDKs/ArcGIS/iOS/";
				INFOPLIST_FILE = IdentifyTask/Info.plist;
				IPHONEOS_DEPLOYMENT_TARGET = 7.1;
				LD_RUNPATH_SEARCH_PATHS = "$(inherited) @executable_path/Frameworks";
				OTHER_LDFLAGS = (
					"-ObjC",
					"-framework",
					ArcGIS,
					"-l",
					"c++",
				);
				PRODUCT_BUNDLE_IDENTIFIER = "com.esri.$(PRODUCT_NAME:rfc1034identifier)";
				PRODUCT_NAME = "$(TARGET_NAME)";
			};
			name = Release;
		};
/* End XCBuildConfiguration section */

/* Begin XCConfigurationList section */
		3E9CE1E31A43840000491206 /* Build configuration list for PBXProject "IdentifyTask" */ = {
			isa = XCConfigurationList;
			buildConfigurations = (
				3E9CE2051A43840000491206 /* Debug */,
				3E9CE2061A43840000491206 /* Release */,
			);
			defaultConfigurationIsVisible = 0;
			defaultConfigurationName = Release;
		};
		3E9CE2071A43840000491206 /* Build configuration list for PBXNativeTarget "IdentifyTask" */ = {
			isa = XCConfigurationList;
			buildConfigurations = (
				3E9CE2081A43840000491206 /* Debug */,
				3E9CE2091A43840000491206 /* Release */,
			);
			defaultConfigurationIsVisible = 0;
			defaultConfigurationName = Release;
		};
/* End XCConfigurationList section */
	};
	rootObject = 3E9CE1E01A43840000491206 /* Project object */;
}
