// !$*UTF8*$!
{
	archiveVersion = 1;
	classes = {
	};
	objectVersion = 46;
	objects = {

/* Begin PBXBuildFile section */
		3E4324CC18F342F400504DFD /* Storyboard.storyboard in Resources */ = {isa = PBXBuildFile; fileRef = 3E4324CB18F342F400504DFD /* Storyboard.storyboard */; };
		3E4324D318F34E4100504DFD /* SVProgressHUD.bundle in Resources */ = {isa = PBXBuildFile; fileRef = 3E4324D018F34E4100504DFD /* SVProgressHUD.bundle */; };
		3E4324D418F34E4100504DFD /* SVProgressHUD.m in Sources */ = {isa = PBXBuildFile; fileRef = 3E4324D218F34E4100504DFD /* SVProgressHUD.m */; };
		3EE660341AB37B8E00D02DCB /* Images.xcassets in Resources */ = {isa = PBXBuildFile; fileRef = 3EE660331AB37B8E00D02DCB /* Images.xcassets */; };
		97CFF48716794F2400DA8AC4 /* Default-568h@2x.png in Resources */ = {isa = PBXBuildFile; fileRef = 97CFF48616794F2400DA8AC4 /* Default-568h@2x.png */; };
		DE053B121547435F00C09A74 /* icon.png in Resources */ = {isa = PBXBuildFile; fileRef = DE053B101547435F00C09A74 /* icon.png */; };
		DE053B131547435F00C09A74 /* icon@2x.png in Resources */ = {isa = PBXBuildFile; fileRef = DE053B111547435F00C09A74 /* icon@2x.png */; };
		DE4263711550855B00E6831A /* ArcGIS.bundle in Resources */ = {isa = PBXBuildFile; fileRef = DE4263701550855B00E6831A /* ArcGIS.bundle */; };
		DE90B7821544EE0200A07711 /* InfoPlist.strings in Resources */ = {isa = PBXBuildFile; fileRef = DE90B7801544EE0200A07711 /* InfoPlist.strings */; };
		DE90B7841544EE0200A07711 /* main.m in Sources */ = {isa = PBXBuildFile; fileRef = DE90B7831544EE0200A07711 /* main.m */; };
		DE90B7881544EE0200A07711 /* WebmapSampleAppDelegate.m in Sources */ = {isa = PBXBuildFile; fileRef = DE90B7871544EE0200A07711 /* WebmapSampleAppDelegate.m */; };
		DE90B78B1544EE0200A07711 /* WebmapSampleViewController.m in Sources */ = {isa = PBXBuildFile; fileRef = DE90B78A1544EE0200A07711 /* WebmapSampleViewController.m */; };
/* End PBXBuildFile section */

/* Begin PBXFileReference section */
		3E4324CB18F342F400504DFD /* Storyboard.storyboard */ = {isa = PBXFileReference; fileEncoding = 4; lastKnownFileType = file.storyboard; path = Storyboard.storyboard; sourceTree = "<group>"; };
		3E4324CF18F34E4100504DFD /* SVProgressHUD-Prefix.pch */ = {isa = PBXFileReference; fileEncoding = 4; lastKnownFileType = sourcecode.c.h; path = "SVProgressHUD-Prefix.pch"; sourceTree = "<group>"; };
		3E4324D018F34E4100504DFD /* SVProgressHUD.bundle */ = {isa = PBXFileReference; lastKnownFileType = "wrapper.plug-in"; path = SVProgressHUD.bundle; sourceTree = "<group>"; };
		3E4324D118F34E4100504DFD /* SVProgressHUD.h */ = {isa = PBXFileReference; fileEncoding = 4; lastKnownFileType = sourcecode.c.h; path = SVProgressHUD.h; sourceTree = "<group>"; };
		3E4324D218F34E4100504DFD /* SVProgressHUD.m */ = {isa = PBXFileReference; fileEncoding = 4; lastKnownFileType = sourcecode.c.objc; path = SVProgressHUD.m; sourceTree = "<group>"; };
		3EE660331AB37B8E00D02DCB /* Images.xcassets */ = {isa = PBXFileReference; lastKnownFileType = folder.assetcatalog; path = Images.xcassets; sourceTree = "<group>"; };
		97CFF48616794F2400DA8AC4 /* Default-568h@2x.png */ = {isa = PBXFileReference; lastKnownFileType = image.png; name = "Default-568h@2x.png"; path = "../Default-568h@2x.png"; sourceTree = "<group>"; };
		DE053B101547435F00C09A74 /* icon.png */ = {isa = PBXFileReference; lastKnownFileType = image.png; path = icon.png; sourceTree = "<group>"; };
		DE053B111547435F00C09A74 /* icon@2x.png */ = {isa = PBXFileReference; lastKnownFileType = image.png; path = "icon@2x.png"; sourceTree = "<group>"; };
		DE4263701550855B00E6831A /* ArcGIS.bundle */ = {isa = PBXFileReference; lastKnownFileType = "wrapper.plug-in"; name = ArcGIS.bundle; path = $HOME/Library/SDKs/ArcGIS/iOS/ArcGIS.framework/Versions/Current/Resources/ArcGIS.bundle; sourceTree = "<absolute>"; };
		DE90B7731544EE0200A07711 /* WebmapSample.app */ = {isa = PBXFileReference; explicitFileType = wrapper.application; includeInIndex = 0; path = WebmapSample.app; sourceTree = BUILT_PRODUCTS_DIR; };
		DE90B77F1544EE0200A07711 /* WebmapSample-Info.plist */ = {isa = PBXFileReference; lastKnownFileType = text.plist.xml; path = "WebmapSample-Info.plist"; sourceTree = "<group>"; };
		DE90B7811544EE0200A07711 /* en */ = {isa = PBXFileReference; lastKnownFileType = text.plist.strings; name = en; path = en.lproj/InfoPlist.strings; sourceTree = "<group>"; };
		DE90B7831544EE0200A07711 /* main.m */ = {isa = PBXFileReference; lastKnownFileType = sourcecode.c.objc; path = main.m; sourceTree = "<group>"; };
		DE90B7851544EE0200A07711 /* WebmapSample-Prefix.pch */ = {isa = PBXFileReference; lastKnownFileType = sourcecode.c.h; path = "WebmapSample-Prefix.pch"; sourceTree = "<group>"; };
		DE90B7861544EE0200A07711 /* WebmapSampleAppDelegate.h */ = {isa = PBXFileReference; lastKnownFileType = sourcecode.c.h; path = WebmapSampleAppDelegate.h; sourceTree = "<group>"; };
		DE90B7871544EE0200A07711 /* WebmapSampleAppDelegate.m */ = {isa = PBXFileReference; lastKnownFileType = sourcecode.c.objc; path = WebmapSampleAppDelegate.m; sourceTree = "<group>"; };
		DE90B7891544EE0200A07711 /* WebmapSampleViewController.h */ = {isa = PBXFileReference; lastKnownFileType = sourcecode.c.h; path = WebmapSampleViewController.h; sourceTree = "<group>"; };
		DE90B78A1544EE0200A07711 /* WebmapSampleViewController.m */ = {isa = PBXFileReference; lastKnownFileType = sourcecode.c.objc; path = WebmapSampleViewController.m; sourceTree = "<group>"; };
/* End PBXFileReference section */

/* Begin PBXFrameworksBuildPhase section */
		DE90B7701544EE0200A07711 /* Frameworks */ = {
			isa = PBXFrameworksBuildPhase;
			buildActionMask = 2147483647;
			files = (
			);
			runOnlyForDeploymentPostprocessing = 0;
		};
/* End PBXFrameworksBuildPhase section */

/* Begin PBXGroup section */
		3E4324CD18F34E3300504DFD /* Libraries */ = {
			isa = PBXGroup;
			children = (
				3E4324CE18F34E4100504DFD /* SVProgressHUD */,
			);
			name = Libraries;
			sourceTree = "<group>";
		};
		3E4324CE18F34E4100504DFD /* SVProgressHUD */ = {
			isa = PBXGroup;
			children = (
				3E4324CF18F34E4100504DFD /* SVProgressHUD-Prefix.pch */,
				3E4324D018F34E4100504DFD /* SVProgressHUD.bundle */,
				3E4324D118F34E4100504DFD /* SVProgressHUD.h */,
				3E4324D218F34E4100504DFD /* SVProgressHUD.m */,
			);
			name = SVProgressHUD;
			path = Libraries/SVProgressHUD;
			sourceTree = "<group>";
		};
		3E4324D518F354A400504DFD /* Controllers */ = {
			isa = PBXGroup;
			children = (
				DE90B7891544EE0200A07711 /* WebmapSampleViewController.h */,
				DE90B78A1544EE0200A07711 /* WebmapSampleViewController.m */,
			);
			name = Controllers;
			sourceTree = "<group>";
		};
		DE053B0E1547434300C09A74 /* Resources */ = {
			isa = PBXGroup;
			children = (
				DE4263701550855B00E6831A /* ArcGIS.bundle */,
				97CFF48616794F2400DA8AC4 /* Default-568h@2x.png */,
				DE053B101547435F00C09A74 /* icon.png */,
				DE053B111547435F00C09A74 /* icon@2x.png */,
			);
			name = Resources;
			sourceTree = "<group>";
		};
		DE90B7681544EE0200A07711 = {
			isa = PBXGroup;
			children = (
				DE90B77D1544EE0200A07711 /* WebmapSample */,
				DE90B7761544EE0200A07711 /* Frameworks */,
				DE90B7741544EE0200A07711 /* Products */,
			);
			sourceTree = "<group>";
		};
		DE90B7741544EE0200A07711 /* Products */ = {
			isa = PBXGroup;
			children = (
				DE90B7731544EE0200A07711 /* WebmapSample.app */,
			);
			name = Products;
			sourceTree = "<group>";
		};
		DE90B7761544EE0200A07711 /* Frameworks */ = {
			isa = PBXGroup;
			children = (
			);
			name = Frameworks;
			sourceTree = "<group>";
		};
		DE90B77D1544EE0200A07711 /* WebmapSample */ = {
			isa = PBXGroup;
			children = (
				3E4324CB18F342F400504DFD /* Storyboard.storyboard */,
				3E4324D518F354A400504DFD /* Controllers */,
				DE90B7861544EE0200A07711 /* WebmapSampleAppDelegate.h */,
				DE90B7871544EE0200A07711 /* WebmapSampleAppDelegate.m */,
				DE053B0E1547434300C09A74 /* Resources */,
				3E4324CD18F34E3300504DFD /* Libraries */,
				3EE660331AB37B8E00D02DCB /* Images.xcassets */,
				DE90B77E1544EE0200A07711 /* Supporting Files */,
			);
			path = WebmapSample;
			sourceTree = "<group>";
		};
		DE90B77E1544EE0200A07711 /* Supporting Files */ = {
			isa = PBXGroup;
			children = (
				DE90B77F1544EE0200A07711 /* WebmapSample-Info.plist */,
				DE90B7801544EE0200A07711 /* InfoPlist.strings */,
				DE90B7831544EE0200A07711 /* main.m */,
				DE90B7851544EE0200A07711 /* WebmapSample-Prefix.pch */,
			);
			name = "Supporting Files";
			sourceTree = "<group>";
		};
/* End PBXGroup section */

/* Begin PBXNativeTarget section */
		DE90B7721544EE0200A07711 /* WebmapSample */ = {
			isa = PBXNativeTarget;
			buildConfigurationList = DE90B7941544EE0200A07711 /* Build configuration list for PBXNativeTarget "WebmapSample" */;
			buildPhases = (
				DE90B76F1544EE0200A07711 /* Sources */,
				DE90B7701544EE0200A07711 /* Frameworks */,
				DE90B7711544EE0200A07711 /* Resources */,
			);
			buildRules = (
			);
			dependencies = (
			);
			name = WebmapSample;
			productName = WebmapSample;
			productReference = DE90B7731544EE0200A07711 /* WebmapSample.app */;
			productType = "com.apple.product-type.application";
		};
/* End PBXNativeTarget section */

/* Begin PBXProject section */
		DE90B76A1544EE0200A07711 /* Project object */ = {
			isa = PBXProject;
			attributes = {
				LastUpgradeCheck = 0510;
			};
			buildConfigurationList = DE90B76D1544EE0200A07711 /* Build configuration list for PBXProject "WebmapSample" */;
			compatibilityVersion = "Xcode 3.2";
			developmentRegion = English;
			hasScannedForEncodings = 0;
			knownRegions = (
				en,
			);
			mainGroup = DE90B7681544EE0200A07711;
			productRefGroup = DE90B7741544EE0200A07711 /* Products */;
			projectDirPath = "";
			projectRoot = "";
			targets = (
				DE90B7721544EE0200A07711 /* WebmapSample */,
			);
		};
/* End PBXProject section */

/* Begin PBXResourcesBuildPhase section */
		DE90B7711544EE0200A07711 /* Resources */ = {
			isa = PBXResourcesBuildPhase;
			buildActionMask = 2147483647;
			files = (
				DE90B7821544EE0200A07711 /* InfoPlist.strings in Resources */,
				3EE660341AB37B8E00D02DCB /* Images.xcassets in Resources */,
				3E4324D318F34E4100504DFD /* SVProgressHUD.bundle in Resources */,
				DE053B121547435F00C09A74 /* icon.png in Resources */,
				DE053B131547435F00C09A74 /* icon@2x.png in Resources */,
				3E4324CC18F342F400504DFD /* Storyboard.storyboard in Resources */,
				DE4263711550855B00E6831A /* ArcGIS.bundle in Resources */,
				97CFF48716794F2400DA8AC4 /* Default-568h@2x.png in Resources */,
			);
			runOnlyForDeploymentPostprocessing = 0;
		};
/* End PBXResourcesBuildPhase section */

/* Begin PBXSourcesBuildPhase section */
		DE90B76F1544EE0200A07711 /* Sources */ = {
			isa = PBXSourcesBuildPhase;
			buildActionMask = 2147483647;
			files = (
				DE90B7841544EE0200A07711 /* main.m in Sources */,
				DE90B7881544EE0200A07711 /* WebmapSampleAppDelegate.m in Sources */,
				3E4324D418F34E4100504DFD /* SVProgressHUD.m in Sources */,
				DE90B78B1544EE0200A07711 /* WebmapSampleViewController.m in Sources */,
			);
			runOnlyForDeploymentPostprocessing = 0;
		};
/* End PBXSourcesBuildPhase section */

/* Begin PBXVariantGroup section */
		DE90B7801544EE0200A07711 /* InfoPlist.strings */ = {
			isa = PBXVariantGroup;
			children = (
				DE90B7811544EE0200A07711 /* en */,
			);
			name = InfoPlist.strings;
			sourceTree = "<group>";
		};
/* End PBXVariantGroup section */

/* Begin XCBuildConfiguration section */
		DE90B7921544EE0200A07711 /* Debug */ = {
			isa = XCBuildConfiguration;
			buildSettings = {
				ALWAYS_SEARCH_USER_PATHS = NO;
				CLANG_ENABLE_MODULES = YES;
				CLANG_WARN_BOOL_CONVERSION = YES;
				CLANG_WARN_CONSTANT_CONVERSION = YES;
				CLANG_WARN_EMPTY_BODY = YES;
				CLANG_WARN_ENUM_CONVERSION = YES;
				CLANG_WARN_INT_CONVERSION = YES;
				CLANG_WARN__DUPLICATE_METHOD_MATCH = YES;
				CODE_SIGN_IDENTITY = "iPhone Developer";
				"CODE_SIGN_IDENTITY[sdk=iphoneos*]" = "iPhone Developer";
				COPY_PHASE_STRIP = NO;
				GCC_C_LANGUAGE_STANDARD = gnu99;
				GCC_DYNAMIC_NO_PIC = NO;
				GCC_OPTIMIZATION_LEVEL = 0;
				GCC_PREPROCESSOR_DEFINITIONS = (
					"DEBUG=1",
					"$(inherited)",
				);
				GCC_SYMBOLS_PRIVATE_EXTERN = NO;
				GCC_VERSION = com.apple.compilers.llvm.clang.1_0;
				GCC_WARN_64_TO_32_BIT_CONVERSION = YES;
				GCC_WARN_ABOUT_MISSING_PROTOTYPES = YES;
				GCC_WARN_ABOUT_RETURN_TYPE = YES;
				GCC_WARN_UNDECLARED_SELECTOR = YES;
				GCC_WARN_UNINITIALIZED_AUTOS = YES;
				GCC_WARN_UNUSED_FUNCTION = YES;
				GCC_WARN_UNUSED_VARIABLE = YES;
				IPHONEOS_DEPLOYMENT_TARGET = 6.0;
				ONLY_ACTIVE_ARCH = YES;
				PROVISIONING_PROFILE = "";
				SDKROOT = iphoneos;
				TARGETED_DEVICE_FAMILY = "1,2";
			};
			name = Debug;
		};
		DE90B7931544EE0200A07711 /* Release */ = {
			isa = XCBuildConfiguration;
			buildSettings = {
				ALWAYS_SEARCH_USER_PATHS = NO;
				CLANG_ENABLE_MODULES = YES;
				CLANG_WARN_BOOL_CONVERSION = YES;
				CLANG_WARN_CONSTANT_CONVERSION = YES;
				CLANG_WARN_EMPTY_BODY = YES;
				CLANG_WARN_ENUM_CONVERSION = YES;
				CLANG_WARN_INT_CONVERSION = YES;
				CLANG_WARN__DUPLICATE_METHOD_MATCH = YES;
				CODE_SIGN_IDENTITY = "iPhone Developer";
				"CODE_SIGN_IDENTITY[sdk=iphoneos*]" = "iPhone Developer";
				COPY_PHASE_STRIP = YES;
				GCC_C_LANGUAGE_STANDARD = gnu99;
				GCC_VERSION = com.apple.compilers.llvm.clang.1_0;
				GCC_WARN_64_TO_32_BIT_CONVERSION = YES;
				GCC_WARN_ABOUT_MISSING_PROTOTYPES = YES;
				GCC_WARN_ABOUT_RETURN_TYPE = YES;
				GCC_WARN_UNDECLARED_SELECTOR = YES;
				GCC_WARN_UNINITIALIZED_AUTOS = YES;
				GCC_WARN_UNUSED_FUNCTION = YES;
				GCC_WARN_UNUSED_VARIABLE = YES;
				IPHONEOS_DEPLOYMENT_TARGET = 6.0;
				OTHER_CFLAGS = "-DNS_BLOCK_ASSERTIONS=1";
				PROVISIONING_PROFILE = "";
				SDKROOT = iphoneos;
				TARGETED_DEVICE_FAMILY = "1,2";
				VALIDATE_PRODUCT = YES;
			};
			name = Release;
		};
		DE90B7951544EE0200A07711 /* Debug */ = {
			isa = XCBuildConfiguration;
			buildSettings = {
				ASSETCATALOG_COMPILER_APPICON_NAME = AppIcon;
				ASSETCATALOG_COMPILER_LAUNCHIMAGE_NAME = LaunchImage;
				CLANG_ENABLE_OBJC_ARC = YES;
				FRAMEWORK_SEARCH_PATHS = "$(HOME)/Library/SDKs/ArcGIS/iOS/**";
				GCC_PRECOMPILE_PREFIX_HEADER = YES;
				GCC_PREFIX_HEADER = "WebmapSample/WebmapSample-Prefix.pch";
				INFOPLIST_FILE = "WebmapSample/WebmapSample-Info.plist";
				IPHONEOS_DEPLOYMENT_TARGET = 6.0;
				OTHER_LDFLAGS = (
					"-ObjC",
					"-framework",
					ArcGIS,
					"-l",
					"c++",
				);
				PRODUCT_NAME = "$(TARGET_NAME)";
				WRAPPER_EXTENSION = app;
			};
			name = Debug;
		};
		DE90B7961544EE0200A07711 /* Release */ = {
			isa = XCBuildConfiguration;
			buildSettings = {
				ASSETCATALOG_COMPILER_APPICON_NAME = AppIcon;
				ASSETCATALOG_COMPILER_LAUNCHIMAGE_NAME = LaunchImage;
				CLANG_ENABLE_OBJC_ARC = YES;
				FRAMEWORK_SEARCH_PATHS = "$(HOME)/Library/SDKs/ArcGIS/iOS/**";
				GCC_PRECOMPILE_PREFIX_HEADER = YES;
				GCC_PREFIX_HEADER = "WebmapSample/WebmapSample-Prefix.pch";
				INFOPLIST_FILE = "WebmapSample/WebmapSample-Info.plist";
				IPHONEOS_DEPLOYMENT_TARGET = 6.0;
				OTHER_LDFLAGS = (
					"-ObjC",
					"-framework",
					ArcGIS,
					"-l",
					"c++",
				);
				PRODUCT_NAME = "$(TARGET_NAME)";
				WRAPPER_EXTENSION = app;
			};
			name = Release;
		};
/* End XCBuildConfiguration section */

/* Begin XCConfigurationList section */
		DE90B76D1544EE0200A07711 /* Build configuration list for PBXProject "WebmapSample" */ = {
			isa = XCConfigurationList;
			buildConfigurations = (
				DE90B7921544EE0200A07711 /* Debug */,
				DE90B7931544EE0200A07711 /* Release */,
			);
			defaultConfigurationIsVisible = 0;
			defaultConfigurationName = Release;
		};
		DE90B7941544EE0200A07711 /* Build configuration list for PBXNativeTarget "WebmapSample" */ = {
			isa = XCConfigurationList;
			buildConfigurations = (
				DE90B7951544EE0200A07711 /* Debug */,
				DE90B7961544EE0200A07711 /* Release */,
			);
			defaultConfigurationIsVisible = 0;
			defaultConfigurationName = Release;
		};
/* End XCConfigurationList section */
	};
	rootObject = DE90B76A1544EE0200A07711 /* Project object */;
}
