// !$*UTF8*$!
{
	archiveVersion = 1;
	classes = {
	};
	objectVersion = 46;
	objects = {

/* Begin PBXBuildFile section */
		3EB458AF1A3907F600D59609 /* ArcGIS.bundle in Resources */ = {isa = PBXBuildFile; fileRef = 3EB458AE1A3907F600D59609 /* ArcGIS.bundle */; };
		3EF8863D1A30D9220034A3AF /* AppDelegate.swift in Sources */ = {isa = PBXBuildFile; fileRef = 3EF8863C1A30D9220034A3AF /* AppDelegate.swift */; };
		3EF886421A30D9220034A3AF /* Main.storyboard in Resources */ = {isa = PBXBuildFile; fileRef = 3EF886401A30D9220034A3AF /* Main.storyboard */; };
		3EF886441A30D9220034A3AF /* Images.xcassets in Resources */ = {isa = PBXBuildFile; fileRef = 3EF886431A30D9220034A3AF /* Images.xcassets */; };
		3EF886471A30D9220034A3AF /* LaunchScreen.xib in Resources */ = {isa = PBXBuildFile; fileRef = 3EF886451A30D9220034A3AF /* LaunchScreen.xib */; };
		3EF8865E1A30DAB80034A3AF /* RootViewController.swift in Sources */ = {isa = PBXBuildFile; fileRef = 3EF8865D1A30DAB80034A3AF /* RootViewController.swift */; };
		3EF886601A30DE4D0034A3AF /* BufferViewController.swift in Sources */ = {isa = PBXBuildFile; fileRef = 3EF8865F1A30DE4D0034A3AF /* BufferViewController.swift */; };
		3EF886621A30E6420034A3AF /* CutterViewController.swift in Sources */ = {isa = PBXBuildFile; fileRef = 3EF886611A30E6420034A3AF /* CutterViewController.swift */; };
		3EF886641A30EF7A0034A3AF /* DensifyViewController.swift in Sources */ = {isa = PBXBuildFile; fileRef = 3EF886631A30EF7A0034A3AF /* DensifyViewController.swift */; };
		3EF886661A3105D10034A3AF /* UnionDifferenceViewController.swift in Sources */ = {isa = PBXBuildFile; fileRef = 3EF886651A3105D10034A3AF /* UnionDifferenceViewController.swift */; };
		3EF886681A310DB60034A3AF /* OffsetViewController.swift in Sources */ = {isa = PBXBuildFile; fileRef = 3EF886671A310DB60034A3AF /* OffsetViewController.swift */; };
		3EF8866A1A3129910034A3AF /* ProjectViewController.swift in Sources */ = {isa = PBXBuildFile; fileRef = 3EF886691A3129910034A3AF /* ProjectViewController.swift */; };
		3EF8866C1A312E530034A3AF /* RelationshipViewController.swift in Sources */ = {isa = PBXBuildFile; fileRef = 3EF8866B1A312E530034A3AF /* RelationshipViewController.swift */; };
		3EF8866E1A32159D0034A3AF /* MeasureViewController.swift in Sources */ = {isa = PBXBuildFile; fileRef = 3EF8866D1A32159D0034A3AF /* MeasureViewController.swift */; };
		3EF886711A3228040034A3AF /* UnitSelectorViewController.swift in Sources */ = {isa = PBXBuildFile; fileRef = 3EF886701A3228040034A3AF /* UnitSelectorViewController.swift */; };
		3EF886751A3240590034A3AF /* line.gif in Resources */ = {isa = PBXBuildFile; fileRef = 3EF886721A3240590034A3AF /* line.gif */; };
		3EF886761A3240590034A3AF /* point.gif in Resources */ = {isa = PBXBuildFile; fileRef = 3EF886731A3240590034A3AF /* point.gif */; };
		3EF886771A3240590034A3AF /* polygon.gif in Resources */ = {isa = PBXBuildFile; fileRef = 3EF886741A3240590034A3AF /* polygon.gif */; };
/* End PBXBuildFile section */

/* Begin PBXFileReference section */
		3EB458AE1A3907F600D59609 /* ArcGIS.bundle */ = {isa = PBXFileReference; lastKnownFileType = "wrapper.plug-in"; name = ArcGIS.bundle; path = $HOME/Library/SDKs/ArcGIS/iOS/ArcGIS.framework/Versions/Current/Resources/ArcGIS.bundle; sourceTree = "<absolute>"; };
		3EF886371A30D9220034A3AF /* GeometrySample.app */ = {isa = PBXFileReference; explicitFileType = wrapper.application; includeInIndex = 0; path = GeometrySample.app; sourceTree = BUILT_PRODUCTS_DIR; };
		3EF8863B1A30D9220034A3AF /* Info.plist */ = {isa = PBXFileReference; lastKnownFileType = text.plist.xml; path = Info.plist; sourceTree = "<group>"; };
		3EF8863C1A30D9220034A3AF /* AppDelegate.swift */ = {isa = PBXFileReference; lastKnownFileType = sourcecode.swift; path = AppDelegate.swift; sourceTree = "<group>"; };
		3EF886411A30D9220034A3AF /* Base */ = {isa = PBXFileReference; lastKnownFileType = file.storyboard; name = Base; path = Base.lproj/Main.storyboard; sourceTree = "<group>"; };
		3EF886431A30D9220034A3AF /* Images.xcassets */ = {isa = PBXFileReference; lastKnownFileType = folder.assetcatalog; path = Images.xcassets; sourceTree = "<group>"; };
		3EF886461A30D9220034A3AF /* Base */ = {isa = PBXFileReference; lastKnownFileType = file.xib; name = Base; path = Base.lproj/LaunchScreen.xib; sourceTree = "<group>"; };
		3EF8865D1A30DAB80034A3AF /* RootViewController.swift */ = {isa = PBXFileReference; fileEncoding = 4; lastKnownFileType = sourcecode.swift; path = RootViewController.swift; sourceTree = "<group>"; };
		3EF8865F1A30DE4D0034A3AF /* BufferViewController.swift */ = {isa = PBXFileReference; fileEncoding = 4; lastKnownFileType = sourcecode.swift; path = BufferViewController.swift; sourceTree = "<group>"; };
		3EF886611A30E6420034A3AF /* CutterViewController.swift */ = {isa = PBXFileReference; fileEncoding = 4; lastKnownFileType = sourcecode.swift; path = CutterViewController.swift; sourceTree = "<group>"; };
		3EF886631A30EF7A0034A3AF /* DensifyViewController.swift */ = {isa = PBXFileReference; fileEncoding = 4; lastKnownFileType = sourcecode.swift; path = DensifyViewController.swift; sourceTree = "<group>"; };
		3EF886651A3105D10034A3AF /* UnionDifferenceViewController.swift */ = {isa = PBXFileReference; fileEncoding = 4; lastKnownFileType = sourcecode.swift; path = UnionDifferenceViewController.swift; sourceTree = "<group>"; };
		3EF886671A310DB60034A3AF /* OffsetViewController.swift */ = {isa = PBXFileReference; fileEncoding = 4; lastKnownFileType = sourcecode.swift; path = OffsetViewController.swift; sourceTree = "<group>"; };
		3EF886691A3129910034A3AF /* ProjectViewController.swift */ = {isa = PBXFileReference; fileEncoding = 4; lastKnownFileType = sourcecode.swift; path = ProjectViewController.swift; sourceTree = "<group>"; };
		3EF8866B1A312E530034A3AF /* RelationshipViewController.swift */ = {isa = PBXFileReference; fileEncoding = 4; lastKnownFileType = sourcecode.swift; path = RelationshipViewController.swift; sourceTree = "<group>"; };
		3EF8866D1A32159D0034A3AF /* MeasureViewController.swift */ = {isa = PBXFileReference; fileEncoding = 4; lastKnownFileType = sourcecode.swift; path = MeasureViewController.swift; sourceTree = "<group>"; };
		3EF886701A3228040034A3AF /* UnitSelectorViewController.swift */ = {isa = PBXFileReference; fileEncoding = 4; lastKnownFileType = sourcecode.swift; path = UnitSelectorViewController.swift; sourceTree = "<group>"; };
		3EF886721A3240590034A3AF /* line.gif */ = {isa = PBXFileReference; lastKnownFileType = image.gif; path = line.gif; sourceTree = "<group>"; };
		3EF886731A3240590034A3AF /* point.gif */ = {isa = PBXFileReference; lastKnownFileType = image.gif; path = point.gif; sourceTree = "<group>"; };
		3EF886741A3240590034A3AF /* polygon.gif */ = {isa = PBXFileReference; lastKnownFileType = image.gif; path = polygon.gif; sourceTree = "<group>"; };
/* End PBXFileReference section */

/* Begin PBXFrameworksBuildPhase section */
		3EF886341A30D9220034A3AF /* Frameworks */ = {
			isa = PBXFrameworksBuildPhase;
			buildActionMask = 2147483647;
			files = (
			);
			runOnlyForDeploymentPostprocessing = 0;
		};
/* End PBXFrameworksBuildPhase section */

/* Begin PBXGroup section */
		3ECAFE8A1A6068F00016A680 /* Relationship */ = {
			isa = PBXGroup;
			children = (
				3EF8866B1A312E530034A3AF /* RelationshipViewController.swift */,
			);
			name = Relationship;
			sourceTree = "<group>";
		};
		3ECAFE8B1A6069070016A680 /* Project */ = {
			isa = PBXGroup;
			children = (
				3EF886691A3129910034A3AF /* ProjectViewController.swift */,
			);
			name = Project;
			sourceTree = "<group>";
		};
		3ECAFE8C1A6069120016A680 /* Offset */ = {
			isa = PBXGroup;
			children = (
				3EF886671A310DB60034A3AF /* OffsetViewController.swift */,
			);
			name = Offset;
			sourceTree = "<group>";
		};
		3ECAFE8D1A60691B0016A680 /* UnionDifference */ = {
			isa = PBXGroup;
			children = (
				3EF886651A3105D10034A3AF /* UnionDifferenceViewController.swift */,
			);
			name = UnionDifference;
			sourceTree = "<group>";
		};
		3ECAFE8E1A6069270016A680 /* Densify */ = {
			isa = PBXGroup;
			children = (
				3EF886631A30EF7A0034A3AF /* DensifyViewController.swift */,
			);
			name = Densify;
			sourceTree = "<group>";
		};
		3ECAFE8F1A60692C0016A680 /* Cut */ = {
			isa = PBXGroup;
			children = (
				3EF886611A30E6420034A3AF /* CutterViewController.swift */,
			);
			name = Cut;
			sourceTree = "<group>";
		};
		3ECAFE901A6069310016A680 /* Buffer */ = {
			isa = PBXGroup;
			children = (
				3EF8865F1A30DE4D0034A3AF /* BufferViewController.swift */,
			);
			name = Buffer;
			sourceTree = "<group>";
		};
		3EF8862E1A30D9220034A3AF = {
			isa = PBXGroup;
			children = (
				3EF886391A30D9220034A3AF /* GeometrySample */,
				3EF886381A30D9220034A3AF /* Products */,
			);
			sourceTree = "<group>";
		};
		3EF886381A30D9220034A3AF /* Products */ = {
			isa = PBXGroup;
			children = (
				3EF886371A30D9220034A3AF /* GeometrySample.app */,
			);
			name = Products;
			sourceTree = "<group>";
		};
		3EF886391A30D9220034A3AF /* GeometrySample */ = {
			isa = PBXGroup;
			children = (
				3EF8865C1A30D9AB0034A3AF /* Controllers */,
				3EF8863C1A30D9220034A3AF /* AppDelegate.swift */,
				3EF886401A30D9220034A3AF /* Main.storyboard */,
				3EF886431A30D9220034A3AF /* Images.xcassets */,
				3EF886451A30D9220034A3AF /* LaunchScreen.xib */,
				3EF8863A1A30D9220034A3AF /* Supporting Files */,
			);
			path = GeometrySample;
			sourceTree = "<group>";
		};
		3EF8863A1A30D9220034A3AF /* Supporting Files */ = {
			isa = PBXGroup;
			children = (
				3EB458AE1A3907F600D59609 /* ArcGIS.bundle */,
				3EF886721A3240590034A3AF /* line.gif */,
				3EF886731A3240590034A3AF /* point.gif */,
				3EF886741A3240590034A3AF /* polygon.gif */,
				3EF8863B1A30D9220034A3AF /* Info.plist */,
			);
			name = "Supporting Files";
			sourceTree = "<group>";
		};
		3EF8865C1A30D9AB0034A3AF /* Controllers */ = {
			isa = PBXGroup;
			children = (
				3ECAFE901A6069310016A680 /* Buffer */,
				3ECAFE8F1A60692C0016A680 /* Cut */,
				3ECAFE8E1A6069270016A680 /* Densify */,
				3ECAFE8D1A60691B0016A680 /* UnionDifference */,
				3ECAFE8C1A6069120016A680 /* Offset */,
				3ECAFE8B1A6069070016A680 /* Project */,
				3ECAFE8A1A6068F00016A680 /* Relationship */,
				3EF8866F1A3227E20034A3AF /* Measure */,
				3EF8865D1A30DAB80034A3AF /* RootViewController.swift */,
			);
			path = Controllers;
			sourceTree = "<group>";
		};
		3EF8866F1A3227E20034A3AF /* Measure */ = {
			isa = PBXGroup;
			children = (
				3EF8866D1A32159D0034A3AF /* MeasureViewController.swift */,
				3EF886701A3228040034A3AF /* UnitSelectorViewController.swift */,
			);
			name = Measure;
			sourceTree = "<group>";
		};
/* End PBXGroup section */

/* Begin PBXNativeTarget section */
		3EF886361A30D9220034A3AF /* GeometrySample */ = {
			isa = PBXNativeTarget;
			buildConfigurationList = 3EF886561A30D9220034A3AF /* Build configuration list for PBXNativeTarget "GeometrySample" */;
			buildPhases = (
				3EF886331A30D9220034A3AF /* Sources */,
				3EF886341A30D9220034A3AF /* Frameworks */,
				3EF886351A30D9220034A3AF /* Resources */,
			);
			buildRules = (
			);
			dependencies = (
			);
			name = GeometrySample;
			productName = GeometrySample;
			productReference = 3EF886371A30D9220034A3AF /* GeometrySample.app */;
			productType = "com.apple.product-type.application";
		};
/* End PBXNativeTarget section */

/* Begin PBXProject section */
		3EF8862F1A30D9220034A3AF /* Project object */ = {
			isa = PBXProject;
			attributes = {
				LastSwiftUpdateCheck = 0720;
				LastUpgradeCheck = 0720;
				ORGANIZATIONNAME = Esri;
				TargetAttributes = {
					3EF886361A30D9220034A3AF = {
						CreatedOnToolsVersion = 6.1;
					};
				};
			};
			buildConfigurationList = 3EF886321A30D9220034A3AF /* Build configuration list for PBXProject "GeometrySample" */;
			compatibilityVersion = "Xcode 3.2";
			developmentRegion = English;
			hasScannedForEncodings = 0;
			knownRegions = (
				en,
				Base,
			);
			mainGroup = 3EF8862E1A30D9220034A3AF;
			productRefGroup = 3EF886381A30D9220034A3AF /* Products */;
			projectDirPath = "";
			projectRoot = "";
			targets = (
				3EF886361A30D9220034A3AF /* GeometrySample */,
			);
		};
/* End PBXProject section */

/* Begin PBXResourcesBuildPhase section */
		3EF886351A30D9220034A3AF /* Resources */ = {
			isa = PBXResourcesBuildPhase;
			buildActionMask = 2147483647;
			files = (
				3EF886751A3240590034A3AF /* line.gif in Resources */,
				3EB458AF1A3907F600D59609 /* ArcGIS.bundle in Resources */,
				3EF886761A3240590034A3AF /* point.gif in Resources */,
				3EF886421A30D9220034A3AF /* Main.storyboard in Resources */,
				3EF886471A30D9220034A3AF /* LaunchScreen.xib in Resources */,
				3EF886441A30D9220034A3AF /* Images.xcassets in Resources */,
				3EF886771A3240590034A3AF /* polygon.gif in Resources */,
			);
			runOnlyForDeploymentPostprocessing = 0;
		};
/* End PBXResourcesBuildPhase section */

/* Begin PBXSourcesBuildPhase section */
		3EF886331A30D9220034A3AF /* Sources */ = {
			isa = PBXSourcesBuildPhase;
			buildActionMask = 2147483647;
			files = (
				3EF886661A3105D10034A3AF /* UnionDifferenceViewController.swift in Sources */,
				3EF8866A1A3129910034A3AF /* ProjectViewController.swift in Sources */,
				3EF8863D1A30D9220034A3AF /* AppDelegate.swift in Sources */,
				3EF886681A310DB60034A3AF /* OffsetViewController.swift in Sources */,
				3EF886601A30DE4D0034A3AF /* BufferViewController.swift in Sources */,
				3EF8866C1A312E530034A3AF /* RelationshipViewController.swift in Sources */,
				3EF886641A30EF7A0034A3AF /* DensifyViewController.swift in Sources */,
				3EF8865E1A30DAB80034A3AF /* RootViewController.swift in Sources */,
				3EF8866E1A32159D0034A3AF /* MeasureViewController.swift in Sources */,
				3EF886711A3228040034A3AF /* UnitSelectorViewController.swift in Sources */,
				3EF886621A30E6420034A3AF /* CutterViewController.swift in Sources */,
			);
			runOnlyForDeploymentPostprocessing = 0;
		};
/* End PBXSourcesBuildPhase section */

/* Begin PBXVariantGroup section */
		3EF886401A30D9220034A3AF /* Main.storyboard */ = {
			isa = PBXVariantGroup;
			children = (
				3EF886411A30D9220034A3AF /* Base */,
			);
			name = Main.storyboard;
			sourceTree = "<group>";
		};
		3EF886451A30D9220034A3AF /* LaunchScreen.xib */ = {
			isa = PBXVariantGroup;
			children = (
				3EF886461A30D9220034A3AF /* Base */,
			);
			name = LaunchScreen.xib;
			sourceTree = "<group>";
		};
/* End PBXVariantGroup section */

/* Begin XCBuildConfiguration section */
		3EF886541A30D9220034A3AF /* Debug */ = {
			isa = XCBuildConfiguration;
			buildSettings = {
				ALWAYS_SEARCH_USER_PATHS = NO;
				CLANG_CXX_LANGUAGE_STANDARD = "gnu++0x";
				CLANG_CXX_LIBRARY = "libc++";
				CLANG_ENABLE_MODULES = YES;
				CLANG_ENABLE_OBJC_ARC = YES;
				CLANG_WARN_BOOL_CONVERSION = YES;
				CLANG_WARN_CONSTANT_CONVERSION = YES;
				CLANG_WARN_DIRECT_OBJC_ISA_USAGE = YES_ERROR;
				CLANG_WARN_EMPTY_BODY = YES;
				CLANG_WARN_ENUM_CONVERSION = YES;
				CLANG_WARN_INT_CONVERSION = YES;
				CLANG_WARN_OBJC_ROOT_CLASS = YES_ERROR;
				CLANG_WARN_UNREACHABLE_CODE = YES;
				CLANG_WARN__DUPLICATE_METHOD_MATCH = YES;
				"CODE_SIGN_IDENTITY[sdk=iphoneos*]" = "iPhone Developer";
				COPY_PHASE_STRIP = NO;
				ENABLE_STRICT_OBJC_MSGSEND = YES;
				ENABLE_TESTABILITY = YES;
				GCC_C_LANGUAGE_STANDARD = gnu99;
				GCC_DYNAMIC_NO_PIC = NO;
				GCC_OPTIMIZATION_LEVEL = 0;
				GCC_PREPROCESSOR_DEFINITIONS = (
					"DEBUG=1",
					"$(inherited)",
				);
				GCC_SYMBOLS_PRIVATE_EXTERN = NO;
				GCC_WARN_64_TO_32_BIT_CONVERSION = YES;
				GCC_WARN_ABOUT_RETURN_TYPE = YES_ERROR;
				GCC_WARN_UNDECLARED_SELECTOR = YES;
				GCC_WARN_UNINITIALIZED_AUTOS = YES_AGGRESSIVE;
				GCC_WARN_UNUSED_FUNCTION = YES;
				GCC_WARN_UNUSED_VARIABLE = YES;
				IPHONEOS_DEPLOYMENT_TARGET = 7.1;
				MTL_ENABLE_DEBUG_INFO = YES;
				ONLY_ACTIVE_ARCH = YES;
				SDKROOT = iphoneos;
				SWIFT_OPTIMIZATION_LEVEL = "-Onone";
				TARGETED_DEVICE_FAMILY = "1,2";
			};
			name = Debug;
		};
		3EF886551A30D9220034A3AF /* Release */ = {
			isa = XCBuildConfiguration;
			buildSettings = {
				ALWAYS_SEARCH_USER_PATHS = NO;
				CLANG_CXX_LANGUAGE_STANDARD = "gnu++0x";
				CLANG_CXX_LIBRARY = "libc++";
				CLANG_ENABLE_MODULES = YES;
				CLANG_ENABLE_OBJC_ARC = YES;
				CLANG_WARN_BOOL_CONVERSION = YES;
				CLANG_WARN_CONSTANT_CONVERSION = YES;
				CLANG_WARN_DIRECT_OBJC_ISA_USAGE = YES_ERROR;
				CLANG_WARN_EMPTY_BODY = YES;
				CLANG_WARN_ENUM_CONVERSION = YES;
				CLANG_WARN_INT_CONVERSION = YES;
				CLANG_WARN_OBJC_ROOT_CLASS = YES_ERROR;
				CLANG_WARN_UNREACHABLE_CODE = YES;
				CLANG_WARN__DUPLICATE_METHOD_MATCH = YES;
				"CODE_SIGN_IDENTITY[sdk=iphoneos*]" = "iPhone Developer";
				COPY_PHASE_STRIP = YES;
				ENABLE_NS_ASSERTIONS = NO;
				ENABLE_STRICT_OBJC_MSGSEND = YES;
				GCC_C_LANGUAGE_STANDARD = gnu99;
				GCC_WARN_64_TO_32_BIT_CONVERSION = YES;
				GCC_WARN_ABOUT_RETURN_TYPE = YES_ERROR;
				GCC_WARN_UNDECLARED_SELECTOR = YES;
				GCC_WARN_UNINITIALIZED_AUTOS = YES_AGGRESSIVE;
				GCC_WARN_UNUSED_FUNCTION = YES;
				GCC_WARN_UNUSED_VARIABLE = YES;
				IPHONEOS_DEPLOYMENT_TARGET = 7.1;
				MTL_ENABLE_DEBUG_INFO = NO;
				SDKROOT = iphoneos;
				TARGETED_DEVICE_FAMILY = "1,2";
				VALIDATE_PRODUCT = YES;
			};
			name = Release;
		};
		3EF886571A30D9220034A3AF /* Debug */ = {
			isa = XCBuildConfiguration;
			buildSettings = {
				ASSETCATALOG_COMPILER_APPICON_NAME = AppIcon;
				FRAMEWORK_SEARCH_PATHS = "$(HOME)/Library/SDKs/ArcGIS/iOS/";
				INFOPLIST_FILE = GeometrySample/Info.plist;
				IPHONEOS_DEPLOYMENT_TARGET = 7.1;
				LD_RUNPATH_SEARCH_PATHS = "$(inherited) @executable_path/Frameworks";
				OTHER_LDFLAGS = (
					"-ObjC",
					"-framework",
					ArcGIS,
					"-l",
					"c++",
				);
				PRODUCT_BUNDLE_IDENTIFIER = "com.esri.$(PRODUCT_NAME:rfc1034identifier)";
				PRODUCT_NAME = "$(TARGET_NAME)";
				TARGETED_DEVICE_FAMILY = 2;
			};
			name = Debug;
		};
		3EF886581A30D9220034A3AF /* Release */ = {
			isa = XCBuildConfiguration;
			buildSettings = {
				ASSETCATALOG_COMPILER_APPICON_NAME = AppIcon;
				FRAMEWORK_SEARCH_PATHS = "$(HOME)/Library/SDKs/ArcGIS/iOS/";
				INFOPLIST_FILE = GeometrySample/Info.plist;
				IPHONEOS_DEPLOYMENT_TARGET = 7.1;
				LD_RUNPATH_SEARCH_PATHS = "$(inherited) @executable_path/Frameworks";
				OTHER_LDFLAGS = (
					"-ObjC",
					"-framework",
					ArcGIS,
					"-l",
					"c++",
				);
				PRODUCT_BUNDLE_IDENTIFIER = "com.esri.$(PRODUCT_NAME:rfc1034identifier)";
				PRODUCT_NAME = "$(TARGET_NAME)";
				TARGETED_DEVICE_FAMILY = 2;
			};
			name = Release;
		};
/* End XCBuildConfiguration section */

/* Begin XCConfigurationList section */
		3EF886321A30D9220034A3AF /* Build configuration list for PBXProject "GeometrySample" */ = {
			isa = XCConfigurationList;
			buildConfigurations = (
				3EF886541A30D9220034A3AF /* Debug */,
				3EF886551A30D9220034A3AF /* Release */,
			);
			defaultConfigurationIsVisible = 0;
			defaultConfigurationName = Release;
		};
		3EF886561A30D9220034A3AF /* Build configuration list for PBXNativeTarget "GeometrySample" */ = {
			isa = XCConfigurationList;
			buildConfigurations = (
				3EF886571A30D9220034A3AF /* Debug */,
				3EF886581A30D9220034A3AF /* Release */,
			);
			defaultConfigurationIsVisible = 0;
			defaultConfigurationName = Release;
		};
/* End XCConfigurationList section */
	};
	rootObject = 3EF8862F1A30D9220034A3AF /* Project object */;
}
