// !$*UTF8*$!
{
	archiveVersion = 1;
	classes = {
	};
	objectVersion = 46;
	objects = {

/* Begin PBXBuildFile section */
		3E36334C18DB67DA00F39DA1 /* Storyboard.storyboard in Resources */ = {isa = PBXBuildFile; fileRef = 3E36334B18DB67DA00F39DA1 /* Storyboard.storyboard */; };
		3EE660041AB373ED00D02DCB /* Images.xcassets in Resources */ = {isa = PBXBuildFile; fileRef = 3EE660031AB373ED00D02DCB /* Images.xcassets */; };
		3EE6BBDD18DBB8570092054A /* Parameters.m in Sources */ = {isa = PBXBuildFile; fileRef = 3EE6BBDC18DBB8570092054A /* Parameters.m */; };
		9755BA09167B902400518E4D /* Default-568h@2x.png in Resources */ = {isa = PBXBuildFile; fileRef = 9755BA08167B902400518E4D /* Default-568h@2x.png */; };
		978E970818E0FD9C001E6341 /* SVProgressHUD.bundle in Resources */ = {isa = PBXBuildFile; fileRef = 978E970518E0FD9C001E6341 /* SVProgressHUD.bundle */; };
		978E970918E0FD9C001E6341 /* SVProgressHUD.m in Sources */ = {isa = PBXBuildFile; fileRef = 978E970718E0FD9C001E6341 /* SVProgressHUD.m */; };
		C56B3F5514C60251003A46EB /* ArcGIS.bundle in Resources */ = {isa = PBXBuildFile; fileRef = C56B3F5414C60251003A46EB /* ArcGIS.bundle */; };
		C57F6EE713F6054600DAE553 /* InfoPlist.strings in Resources */ = {isa = PBXBuildFile; fileRef = C57F6EE513F6054600DAE553 /* InfoPlist.strings */; };
		C57F6EEA13F6054600DAE553 /* main.m in Sources */ = {isa = PBXBuildFile; fileRef = C57F6EE913F6054600DAE553 /* main.m */; };
		C57F6EED13F6054600DAE553 /* ClosestFacilitySampleAppDelegate.m in Sources */ = {isa = PBXBuildFile; fileRef = C57F6EEC13F6054600DAE553 /* ClosestFacilitySampleAppDelegate.m */; };
		C57F6EF513F6054600DAE553 /* ClosestFacilitySampleViewController.m in Sources */ = {isa = PBXBuildFile; fileRef = C57F6EF413F6054600DAE553 /* ClosestFacilitySampleViewController.m */; };
		C58F0152140451E800C80593 /* remove24.png in Resources */ = {isa = PBXBuildFile; fileRef = C58F014E140451E800C80593 /* remove24.png */; };
		C58F0153140451E800C80593 /* remove24@2x.png in Resources */ = {isa = PBXBuildFile; fileRef = C58F014F140451E800C80593 /* remove24@2x.png */; };
		C58F0154140451E800C80593 /* Clear20.png in Resources */ = {isa = PBXBuildFile; fileRef = C58F0150140451E800C80593 /* Clear20.png */; };
		C58F0155140451E800C80593 /* Clear20@2x.png in Resources */ = {isa = PBXBuildFile; fileRef = C58F0151140451E800C80593 /* Clear20@2x.png */; };
		C5E0C8E713F9E78200DE6D97 /* SettingsViewController.m in Sources */ = {isa = PBXBuildFile; fileRef = C5E0C8E513F9E78200DE6D97 /* SettingsViewController.m */; };
		C5E0C9CF13FC3F3300DE6D97 /* icon.png in Resources */ = {isa = PBXBuildFile; fileRef = C5E0C9CD13FC3F3300DE6D97 /* icon.png */; };
		C5E0C9D013FC3F3300DE6D97 /* icon@2x.png in Resources */ = {isa = PBXBuildFile; fileRef = C5E0C9CE13FC3F3300DE6D97 /* icon@2x.png */; };
		C5E0C9D413FC411400DE6D97 /* FireStation@2x.png in Resources */ = {isa = PBXBuildFile; fileRef = C5E0C9D213FC411400DE6D97 /* FireStation@2x.png */; };
		C5E0C9D513FC411400DE6D97 /* FireStation.png in Resources */ = {isa = PBXBuildFile; fileRef = C5E0C9D313FC411400DE6D97 /* FireStation.png */; };
/* End PBXBuildFile section */

/* Begin PBXFileReference section */
		3E36334B18DB67DA00F39DA1 /* Storyboard.storyboard */ = {isa = PBXFileReference; fileEncoding = 4; lastKnownFileType = file.storyboard; name = Storyboard.storyboard; path = ClosestFacilitySample/Storyboard.storyboard; sourceTree = "<group>"; };
		3EE660031AB373ED00D02DCB /* Images.xcassets */ = {isa = PBXFileReference; lastKnownFileType = folder.assetcatalog; name = Images.xcassets; path = ClosestFacilitySample/Images.xcassets; sourceTree = "<group>"; };
		3EE6BBDB18DBB8570092054A /* Parameters.h */ = {isa = PBXFileReference; fileEncoding = 4; lastKnownFileType = sourcecode.c.h; name = Parameters.h; path = ClosestFacilitySample/Models/Parameters.h; sourceTree = "<group>"; };
		3EE6BBDC18DBB8570092054A /* Parameters.m */ = {isa = PBXFileReference; fileEncoding = 4; lastKnownFileType = sourcecode.c.objc; name = Parameters.m; path = ClosestFacilitySample/Models/Parameters.m; sourceTree = "<group>"; };
		9755BA08167B902400518E4D /* Default-568h@2x.png */ = {isa = PBXFileReference; lastKnownFileType = image.png; name = "Default-568h@2x.png"; path = "../Default-568h@2x.png"; sourceTree = "<group>"; };
		978E970418E0FD9C001E6341 /* SVProgressHUD-Prefix.pch */ = {isa = PBXFileReference; fileEncoding = 4; lastKnownFileType = sourcecode.c.h; path = "SVProgressHUD-Prefix.pch"; sourceTree = "<group>"; };
		978E970518E0FD9C001E6341 /* SVProgressHUD.bundle */ = {isa = PBXFileReference; lastKnownFileType = "wrapper.plug-in"; path = SVProgressHUD.bundle; sourceTree = "<group>"; };
		978E970618E0FD9C001E6341 /* SVProgressHUD.h */ = {isa = PBXFileReference; fileEncoding = 4; lastKnownFileType = sourcecode.c.h; path = SVProgressHUD.h; sourceTree = "<group>"; };
		978E970718E0FD9C001E6341 /* SVProgressHUD.m */ = {isa = PBXFileReference; fileEncoding = 4; lastKnownFileType = sourcecode.c.objc; path = SVProgressHUD.m; sourceTree = "<group>"; };
		C56B3F5414C60251003A46EB /* ArcGIS.bundle */ = {isa = PBXFileReference; lastKnownFileType = "wrapper.plug-in"; name = ArcGIS.bundle; path = $HOME/Library/SDKs/ArcGIS/iOS/ArcGIS.framework/Versions/Current/Resources/ArcGIS.bundle; sourceTree = "<absolute>"; };
		C57F6ECE13F6054600DAE553 /* ClosestFacilitySample.app */ = {isa = PBXFileReference; explicitFileType = wrapper.application; includeInIndex = 0; path = ClosestFacilitySample.app; sourceTree = BUILT_PRODUCTS_DIR; };
		C57F6EE413F6054600DAE553 /* ClosestFacilitySample-Info.plist */ = {isa = PBXFileReference; lastKnownFileType = text.plist.xml; path = "ClosestFacilitySample-Info.plist"; sourceTree = "<group>"; };
		C57F6EE613F6054600DAE553 /* en */ = {isa = PBXFileReference; lastKnownFileType = text.plist.strings; name = en; path = en.lproj/InfoPlist.strings; sourceTree = "<group>"; };
		C57F6EE813F6054600DAE553 /* ClosestFacilitySample-Prefix.pch */ = {isa = PBXFileReference; lastKnownFileType = sourcecode.c.h; path = "ClosestFacilitySample-Prefix.pch"; sourceTree = "<group>"; };
		C57F6EE913F6054600DAE553 /* main.m */ = {isa = PBXFileReference; lastKnownFileType = sourcecode.c.objc; path = main.m; sourceTree = "<group>"; };
		C57F6EEB13F6054600DAE553 /* ClosestFacilitySampleAppDelegate.h */ = {isa = PBXFileReference; lastKnownFileType = sourcecode.c.h; name = ClosestFacilitySampleAppDelegate.h; path = ClosestFacilitySample/ClosestFacilitySampleAppDelegate.h; sourceTree = "<group>"; };
		C57F6EEC13F6054600DAE553 /* ClosestFacilitySampleAppDelegate.m */ = {isa = PBXFileReference; lastKnownFileType = sourcecode.c.objc; name = ClosestFacilitySampleAppDelegate.m; path = ClosestFacilitySample/ClosestFacilitySampleAppDelegate.m; sourceTree = "<group>"; };
		C57F6EF313F6054600DAE553 /* ClosestFacilitySampleViewController.h */ = {isa = PBXFileReference; lastKnownFileType = sourcecode.c.h; name = ClosestFacilitySampleViewController.h; path = ClosestFacilitySample/ClosestFacilitySampleViewController.h; sourceTree = "<group>"; };
		C57F6EF413F6054600DAE553 /* ClosestFacilitySampleViewController.m */ = {isa = PBXFileReference; lastKnownFileType = sourcecode.c.objc; name = ClosestFacilitySampleViewController.m; path = ClosestFacilitySample/ClosestFacilitySampleViewController.m; sourceTree = "<group>"; };
		C58F014E140451E800C80593 /* remove24.png */ = {isa = PBXFileReference; lastKnownFileType = image.png; path = remove24.png; sourceTree = "<group>"; };
		C58F014F140451E800C80593 /* remove24@2x.png */ = {isa = PBXFileReference; lastKnownFileType = image.png; path = "remove24@2x.png"; sourceTree = "<group>"; };
		C58F0150140451E800C80593 /* Clear20.png */ = {isa = PBXFileReference; lastKnownFileType = image.png; path = Clear20.png; sourceTree = "<group>"; };
		C58F0151140451E800C80593 /* Clear20@2x.png */ = {isa = PBXFileReference; lastKnownFileType = image.png; path = "Clear20@2x.png"; sourceTree = "<group>"; };
		C5E0C8E413F9E78200DE6D97 /* SettingsViewController.h */ = {isa = PBXFileReference; fileEncoding = 4; lastKnownFileType = sourcecode.c.h; name = SettingsViewController.h; path = ClosestFacilitySample/SettingsViewController.h; sourceTree = "<group>"; };
		C5E0C8E513F9E78200DE6D97 /* SettingsViewController.m */ = {isa = PBXFileReference; fileEncoding = 4; lastKnownFileType = sourcecode.c.objc; name = SettingsViewController.m; path = ClosestFacilitySample/SettingsViewController.m; sourceTree = "<group>"; };
		C5E0C9CD13FC3F3300DE6D97 /* icon.png */ = {isa = PBXFileReference; lastKnownFileType = image.png; path = icon.png; sourceTree = "<group>"; };
		C5E0C9CE13FC3F3300DE6D97 /* icon@2x.png */ = {isa = PBXFileReference; lastKnownFileType = image.png; path = "icon@2x.png"; sourceTree = "<group>"; };
		C5E0C9D213FC411400DE6D97 /* FireStation@2x.png */ = {isa = PBXFileReference; lastKnownFileType = image.png; path = "FireStation@2x.png"; sourceTree = "<group>"; };
		C5E0C9D313FC411400DE6D97 /* FireStation.png */ = {isa = PBXFileReference; lastKnownFileType = image.png; path = FireStation.png; sourceTree = "<group>"; };
/* End PBXFileReference section */

/* Begin PBXFrameworksBuildPhase section */
		C57F6ECB13F6054600DAE553 /* Frameworks */ = {
			isa = PBXFrameworksBuildPhase;
			buildActionMask = 2147483647;
			files = (
			);
			runOnlyForDeploymentPostprocessing = 0;
		};
/* End PBXFrameworksBuildPhase section */

/* Begin PBXGroup section */
		3EE6BBD918DBB7730092054A /* Models */ = {
			isa = PBXGroup;
			children = (
				3EE6BBDB18DBB8570092054A /* Parameters.h */,
				3EE6BBDC18DBB8570092054A /* Parameters.m */,
			);
			name = Models;
			sourceTree = "<group>";
		};
		3EE6BBDA18DBB77C0092054A /* Controllers */ = {
			isa = PBXGroup;
			children = (
				C5E0C8E413F9E78200DE6D97 /* SettingsViewController.h */,
				C5E0C8E513F9E78200DE6D97 /* SettingsViewController.m */,
				C57F6EF313F6054600DAE553 /* ClosestFacilitySampleViewController.h */,
				C57F6EF413F6054600DAE553 /* ClosestFacilitySampleViewController.m */,
			);
			name = Controllers;
			sourceTree = "<group>";
		};
		3EE6BBDE18DC98BA0092054A /* Views */ = {
			isa = PBXGroup;
			children = (
				978E970318E0FD9C001E6341 /* SVProgressHUD */,
			);
			name = Views;
			sourceTree = "<group>";
		};
		978E970318E0FD9C001E6341 /* SVProgressHUD */ = {
			isa = PBXGroup;
			children = (
				978E970418E0FD9C001E6341 /* SVProgressHUD-Prefix.pch */,
				978E970518E0FD9C001E6341 /* SVProgressHUD.bundle */,
				978E970618E0FD9C001E6341 /* SVProgressHUD.h */,
				978E970718E0FD9C001E6341 /* SVProgressHUD.m */,
			);
			path = SVProgressHUD;
			sourceTree = "<group>";
		};
		C57F6EC313F6054600DAE553 = {
			isa = PBXGroup;
			children = (
				3EE660031AB373ED00D02DCB /* Images.xcassets */,
				3E36334B18DB67DA00F39DA1 /* Storyboard.storyboard */,
				C57F6EE313F6054600DAE553 /* Supporting Files */,
				C5E0CA5613FC916200DE6D97 /* Classes */,
				C57F6ED113F6054600DAE553 /* Frameworks */,
				C57F6ECF13F6054600DAE553 /* Products */,
			);
			sourceTree = "<group>";
		};
		C57F6ECF13F6054600DAE553 /* Products */ = {
			isa = PBXGroup;
			children = (
				C57F6ECE13F6054600DAE553 /* ClosestFacilitySample.app */,
			);
			name = Products;
			sourceTree = "<group>";
		};
		C57F6ED113F6054600DAE553 /* Frameworks */ = {
			isa = PBXGroup;
			children = (
				C56B3F5414C60251003A46EB /* ArcGIS.bundle */,
			);
			name = Frameworks;
			sourceTree = "<group>";
		};
		C57F6EE313F6054600DAE553 /* Supporting Files */ = {
			isa = PBXGroup;
			children = (
				9755BA08167B902400518E4D /* Default-568h@2x.png */,
				C58F014E140451E800C80593 /* remove24.png */,
				C58F014F140451E800C80593 /* remove24@2x.png */,
				C58F0150140451E800C80593 /* Clear20.png */,
				C58F0151140451E800C80593 /* Clear20@2x.png */,
				C5E0C9D213FC411400DE6D97 /* FireStation@2x.png */,
				C5E0C9D313FC411400DE6D97 /* FireStation.png */,
				C5E0C9CD13FC3F3300DE6D97 /* icon.png */,
				C5E0C9CE13FC3F3300DE6D97 /* icon@2x.png */,
				C57F6EE413F6054600DAE553 /* ClosestFacilitySample-Info.plist */,
				C57F6EE513F6054600DAE553 /* InfoPlist.strings */,
				C57F6EE813F6054600DAE553 /* ClosestFacilitySample-Prefix.pch */,
				C57F6EE913F6054600DAE553 /* main.m */,
			);
			name = "Supporting Files";
			path = ClosestFacilitySample;
			sourceTree = "<group>";
		};
		C5E0CA5613FC916200DE6D97 /* Classes */ = {
			isa = PBXGroup;
			children = (
				3EE6BBDE18DC98BA0092054A /* Views */,
				3EE6BBDA18DBB77C0092054A /* Controllers */,
				3EE6BBD918DBB7730092054A /* Models */,
				C57F6EEB13F6054600DAE553 /* ClosestFacilitySampleAppDelegate.h */,
				C57F6EEC13F6054600DAE553 /* ClosestFacilitySampleAppDelegate.m */,
			);
			name = Classes;
			sourceTree = "<group>";
		};
/* End PBXGroup section */

/* Begin PBXNativeTarget section */
		C57F6ECD13F6054600DAE553 /* ClosestFacilitySample */ = {
			isa = PBXNativeTarget;
			buildConfigurationList = C57F6EFB13F6054600DAE553 /* Build configuration list for PBXNativeTarget "ClosestFacilitySample" */;
			buildPhases = (
				C57F6ECA13F6054600DAE553 /* Sources */,
				C57F6ECB13F6054600DAE553 /* Frameworks */,
				C57F6ECC13F6054600DAE553 /* Resources */,
			);
			buildRules = (
			);
			dependencies = (
			);
			name = ClosestFacilitySample;
			productName = ClosestFacilitySample;
			productReference = C57F6ECE13F6054600DAE553 /* ClosestFacilitySample.app */;
			productType = "com.apple.product-type.application";
		};
/* End PBXNativeTarget section */

/* Begin PBXProject section */
		C57F6EC513F6054600DAE553 /* Project object */ = {
			isa = PBXProject;
			attributes = {
				LastUpgradeCheck = 0510;
			};
			buildConfigurationList = C57F6EC813F6054600DAE553 /* Build configuration list for PBXProject "ClosestFacilitySample" */;
			compatibilityVersion = "Xcode 3.2";
			developmentRegion = English;
			hasScannedForEncodings = 0;
			knownRegions = (
				en,
			);
			mainGroup = C57F6EC313F6054600DAE553;
			productRefGroup = C57F6ECF13F6054600DAE553 /* Products */;
			projectDirPath = "";
			projectRoot = "";
			targets = (
				C57F6ECD13F6054600DAE553 /* ClosestFacilitySample */,
			);
		};
/* End PBXProject section */

/* Begin PBXResourcesBuildPhase section */
		C57F6ECC13F6054600DAE553 /* Resources */ = {
			isa = PBXResourcesBuildPhase;
			buildActionMask = 2147483647;
			files = (
				C57F6EE713F6054600DAE553 /* InfoPlist.strings in Resources */,
				C5E0C9CF13FC3F3300DE6D97 /* icon.png in Resources */,
				3E36334C18DB67DA00F39DA1 /* Storyboard.storyboard in Resources */,
				C5E0C9D013FC3F3300DE6D97 /* icon@2x.png in Resources */,
				C5E0C9D413FC411400DE6D97 /* FireStation@2x.png in Resources */,
				C5E0C9D513FC411400DE6D97 /* FireStation.png in Resources */,
				C58F0152140451E800C80593 /* remove24.png in Resources */,
				C58F0153140451E800C80593 /* remove24@2x.png in Resources */,
				978E970818E0FD9C001E6341 /* SVProgressHUD.bundle in Resources */,
				3EE660041AB373ED00D02DCB /* Images.xcassets in Resources */,
				C58F0154140451E800C80593 /* Clear20.png in Resources */,
				C58F0155140451E800C80593 /* Clear20@2x.png in Resources */,
				C56B3F5514C60251003A46EB /* ArcGIS.bundle in Resources */,
				9755BA09167B902400518E4D /* Default-568h@2x.png in Resources */,
			);
			runOnlyForDeploymentPostprocessing = 0;
		};
/* End PBXResourcesBuildPhase section */

/* Begin PBXSourcesBuildPhase section */
		C57F6ECA13F6054600DAE553 /* Sources */ = {
			isa = PBXSourcesBuildPhase;
			buildActionMask = 2147483647;
			files = (
				C57F6EEA13F6054600DAE553 /* main.m in Sources */,
				C57F6EED13F6054600DAE553 /* ClosestFacilitySampleAppDelegate.m in Sources */,
				C57F6EF513F6054600DAE553 /* ClosestFacilitySampleViewController.m in Sources */,
				C5E0C8E713F9E78200DE6D97 /* SettingsViewController.m in Sources */,
				3EE6BBDD18DBB8570092054A /* Parameters.m in Sources */,
				978E970918E0FD9C001E6341 /* SVProgressHUD.m in Sources */,
			);
			runOnlyForDeploymentPostprocessing = 0;
		};
/* End PBXSourcesBuildPhase section */

/* Begin PBXVariantGroup section */
		C57F6EE513F6054600DAE553 /* InfoPlist.strings */ = {
			isa = PBXVariantGroup;
			children = (
				C57F6EE613F6054600DAE553 /* en */,
			);
			name = InfoPlist.strings;
			sourceTree = "<group>";
		};
/* End PBXVariantGroup section */

/* Begin XCBuildConfiguration section */
		C57F6EF913F6054600DAE553 /* Debug */ = {
			isa = XCBuildConfiguration;
			buildSettings = {
				CODE_SIGN_IDENTITY = "iPhone Developer";
				"CODE_SIGN_IDENTITY[sdk=iphoneos*]" = "iPhone Developer";
				FRAMEWORK_SEARCH_PATHS = "$(HOME)/Library/SDKs/ArcGIS";
				GCC_C_LANGUAGE_STANDARD = gnu99;
				GCC_OPTIMIZATION_LEVEL = 0;
				GCC_PREPROCESSOR_DEFINITIONS = DEBUG;
				GCC_SYMBOLS_PRIVATE_EXTERN = NO;
				GCC_VERSION = com.apple.compilers.llvmgcc42;
				GCC_WARN_ABOUT_RETURN_TYPE = YES;
				GCC_WARN_UNUSED_VARIABLE = YES;
				HEADER_SEARCH_PATHS = "";
				IPHONEOS_DEPLOYMENT_TARGET = 6.0;
				LIBRARY_SEARCH_PATHS = "";
				ONLY_ACTIVE_ARCH = YES;
				OTHER_LDFLAGS = (
					"-ObjC",
					"-framework",
					ArcGIS,
					"-l",
					"c++",
				);
				PROVISIONING_PROFILE = "";
				"PROVISIONING_PROFILE[sdk=iphoneos*]" = "";
				SDKROOT = iphoneos;
				TARGETED_DEVICE_FAMILY = "1,2";
			};
			name = Debug;
		};
		C57F6EFA13F6054600DAE553 /* Release */ = {
			isa = XCBuildConfiguration;
			buildSettings = {
				CODE_SIGN_IDENTITY = "iPhone Developer";
				"CODE_SIGN_IDENTITY[sdk=iphoneos*]" = "iPhone Developer: Sreejith Parthasarathy (N3WX842HCK)";
				FRAMEWORK_SEARCH_PATHS = "$(HOME)/Library/SDKs/ArcGIS";
				GCC_C_LANGUAGE_STANDARD = gnu99;
				GCC_VERSION = com.apple.compilers.llvmgcc42;
				GCC_WARN_ABOUT_RETURN_TYPE = YES;
				GCC_WARN_UNUSED_VARIABLE = YES;
				HEADER_SEARCH_PATHS = "";
				IPHONEOS_DEPLOYMENT_TARGET = 6.0;
				LIBRARY_SEARCH_PATHS = "";
				OTHER_CFLAGS = "-DNS_BLOCK_ASSERTIONS=1";
				OTHER_LDFLAGS = (
					"-ObjC",
					"-framework",
					ArcGIS,
					"-l",
					"c++",
				);
				PROVISIONING_PROFILE = "";
				"PROVISIONING_PROFILE[sdk=iphoneos*]" = "E89AACA5-4D0F-4BD5-87F9-80588D33ADA4";
				SDKROOT = iphoneos;
				TARGETED_DEVICE_FAMILY = "1,2";
			};
			name = Release;
		};
		C57F6EFC13F6054600DAE553 /* Debug */ = {
			isa = XCBuildConfiguration;
			buildSettings = {
				ALWAYS_SEARCH_USER_PATHS = NO;
				ASSETCATALOG_COMPILER_APPICON_NAME = AppIcon;
				ASSETCATALOG_COMPILER_LAUNCHIMAGE_NAME = LaunchImage;
				CLANG_ENABLE_MODULES = YES;
				CLANG_ENABLE_OBJC_ARC = YES;
				COPY_PHASE_STRIP = NO;
				FRAMEWORK_SEARCH_PATHS = "$(HOME)/Library/SDKs/ArcGIS/iOS/**";
				GCC_DYNAMIC_NO_PIC = NO;
				GCC_PRECOMPILE_PREFIX_HEADER = YES;
				GCC_PREFIX_HEADER = "ClosestFacilitySample/ClosestFacilitySample-Prefix.pch";
				GCC_VERSION = com.apple.compilers.llvm.clang.1_0;
				INFOPLIST_FILE = "ClosestFacilitySample/ClosestFacilitySample-Info.plist";
				IPHONEOS_DEPLOYMENT_TARGET = 6.0;
				LIBRARY_SEARCH_PATHS = "";
				OTHER_LDFLAGS = (
					"-ObjC",
					"-framework",
					ArcGIS,
					"-l",
					"c++",
				);
				PRODUCT_NAME = "$(TARGET_NAME)";
				SDKROOT = iphoneos;
				TARGETED_DEVICE_FAMILY = "1,2";
				WRAPPER_EXTENSION = app;
			};
			name = Debug;
		};
		C57F6EFD13F6054600DAE553 /* Release */ = {
			isa = XCBuildConfiguration;
			buildSettings = {
				ALWAYS_SEARCH_USER_PATHS = NO;
				ASSETCATALOG_COMPILER_APPICON_NAME = AppIcon;
				ASSETCATALOG_COMPILER_LAUNCHIMAGE_NAME = LaunchImage;
				CLANG_ENABLE_MODULES = YES;
				CLANG_ENABLE_OBJC_ARC = YES;
				"CODE_SIGN_IDENTITY[sdk=iphoneos*]" = "iPhone Developer";
				COPY_PHASE_STRIP = YES;
				FRAMEWORK_SEARCH_PATHS = "$(HOME)/Library/SDKs/ArcGIS/iOS/**";
				GCC_PRECOMPILE_PREFIX_HEADER = YES;
				GCC_PREFIX_HEADER = "ClosestFacilitySample/ClosestFacilitySample-Prefix.pch";
				GCC_VERSION = com.apple.compilers.llvm.clang.1_0;
				INFOPLIST_FILE = "ClosestFacilitySample/ClosestFacilitySample-Info.plist";
				IPHONEOS_DEPLOYMENT_TARGET = 6.0;
				LIBRARY_SEARCH_PATHS = "";
				OTHER_LDFLAGS = (
					"-ObjC",
					"-framework",
					ArcGIS,
					"-l",
					"c++",
				);
				PRODUCT_NAME = "$(TARGET_NAME)";
				"PROVISIONING_PROFILE[sdk=iphoneos*]" = "";
				SDKROOT = iphoneos;
				TARGETED_DEVICE_FAMILY = "1,2";
				VALIDATE_PRODUCT = YES;
				WRAPPER_EXTENSION = app;
			};
			name = Release;
		};
/* End XCBuildConfiguration section */

/* Begin XCConfigurationList section */
		C57F6EC813F6054600DAE553 /* Build configuration list for PBXProject "ClosestFacilitySample" */ = {
			isa = XCConfigurationList;
			buildConfigurations = (
				C57F6EF913F6054600DAE553 /* Debug */,
				C57F6EFA13F6054600DAE553 /* Release */,
			);
			defaultConfigurationIsVisible = 0;
			defaultConfigurationName = Release;
		};
		C57F6EFB13F6054600DAE553 /* Build configuration list for PBXNativeTarget "ClosestFacilitySample" */ = {
			isa = XCConfigurationList;
			buildConfigurations = (
				C57F6EFC13F6054600DAE553 /* Debug */,
				C57F6EFD13F6054600DAE553 /* Release */,
			);
			defaultConfigurationIsVisible = 0;
			defaultConfigurationName = Release;
		};
/* End XCConfigurationList section */
	};
	rootObject = C57F6EC513F6054600DAE553 /* Project object */;
}
