// !$*UTF8*$!
{
	archiveVersion = 1;
	classes = {
	};
	objectVersion = 46;
	objects = {

/* Begin PBXBuildFile section */
		3E8B8B381ACC839E00ACEB1F /* AppDelegate.swift in Sources */ = {isa = PBXBuildFile; fileRef = 3E8B8B371ACC839E00ACEB1F /* AppDelegate.swift */; };
		3E8B8B3A1ACC839E00ACEB1F /* ViewController.swift in Sources */ = {isa = PBXBuildFile; fileRef = 3E8B8B391ACC839E00ACEB1F /* ViewController.swift */; };
		3E8B8B3D1ACC839E00ACEB1F /* Main.storyboard in Resources */ = {isa = PBXBuildFile; fileRef = 3E8B8B3B1ACC839E00ACEB1F /* Main.storyboard */; };
		3E8B8B3F1ACC839E00ACEB1F /* Images.xcassets in Resources */ = {isa = PBXBuildFile; fileRef = 3E8B8B3E1ACC839E00ACEB1F /* Images.xcassets */; };
		3E8B8B421ACC839E00ACEB1F /* LaunchScreen.xib in Resources */ = {isa = PBXBuildFile; fileRef = 3E8B8B401ACC839E00ACEB1F /* LaunchScreen.xib */; };
		3E8B8B591ACC89D500ACEB1F /* LicenseHelper.swift in Sources */ = {isa = PBXBuildFile; fileRef = 3E8B8B581ACC89D500ACEB1F /* LicenseHelper.swift */; };
		3E8B8B5B1ACCB0E000ACEB1F /* LicenseHelperConstants.swift in Sources */ = {isa = PBXBuildFile; fileRef = 3E8B8B5A1ACCB0E000ACEB1F /* LicenseHelperConstants.swift */; };
		3E8B8B5D1ACCBD0B00ACEB1F /* ArcGIS.bundle in Resources */ = {isa = PBXBuildFile; fileRef = 3E8B8B5C1ACCBD0B00ACEB1F /* ArcGIS.bundle */; };
/* End PBXBuildFile section */

/* Begin PBXFileReference section */
		3E8B8B321ACC839E00ACEB1F /* LicenseByOrgAccount.app */ = {isa = PBXFileReference; explicitFileType = wrapper.application; includeInIndex = 0; path = LicenseByOrgAccount.app; sourceTree = BUILT_PRODUCTS_DIR; };
		3E8B8B361ACC839E00ACEB1F /* Info.plist */ = {isa = PBXFileReference; lastKnownFileType = text.plist.xml; path = Info.plist; sourceTree = "<group>"; };
		3E8B8B371ACC839E00ACEB1F /* AppDelegate.swift */ = {isa = PBXFileReference; lastKnownFileType = sourcecode.swift; path = AppDelegate.swift; sourceTree = "<group>"; };
		3E8B8B391ACC839E00ACEB1F /* ViewController.swift */ = {isa = PBXFileReference; lastKnownFileType = sourcecode.swift; path = ViewController.swift; sourceTree = "<group>"; };
		3E8B8B3C1ACC839E00ACEB1F /* Base */ = {isa = PBXFileReference; lastKnownFileType = file.storyboard; name = Base; path = Base.lproj/Main.storyboard; sourceTree = "<group>"; };
		3E8B8B3E1ACC839E00ACEB1F /* Images.xcassets */ = {isa = PBXFileReference; lastKnownFileType = folder.assetcatalog; path = Images.xcassets; sourceTree = "<group>"; };
		3E8B8B411ACC839E00ACEB1F /* Base */ = {isa = PBXFileReference; lastKnownFileType = file.xib; name = Base; path = Base.lproj/LaunchScreen.xib; sourceTree = "<group>"; };
		3E8B8B581ACC89D500ACEB1F /* LicenseHelper.swift */ = {isa = PBXFileReference; fileEncoding = 4; lastKnownFileType = sourcecode.swift; name = LicenseHelper.swift; path = Helper/LicenseHelper.swift; sourceTree = "<group>"; };
		3E8B8B5A1ACCB0E000ACEB1F /* LicenseHelperConstants.swift */ = {isa = PBXFileReference; fileEncoding = 4; lastKnownFileType = sourcecode.swift; name = LicenseHelperConstants.swift; path = Helper/LicenseHelperConstants.swift; sourceTree = "<group>"; };
		3E8B8B5C1ACCBD0B00ACEB1F /* ArcGIS.bundle */ = {isa = PBXFileReference; lastKnownFileType = "wrapper.plug-in"; name = ArcGIS.bundle; path = $HOME/Library/SDKs/ArcGIS/iOS/ArcGIS.framework/Versions/Current/Resources/ArcGIS.bundle; sourceTree = "<absolute>"; };
/* End PBXFileReference section */

/* Begin PBXFrameworksBuildPhase section */
		3E8B8B2F1ACC839E00ACEB1F /* Frameworks */ = {
			isa = PBXFrameworksBuildPhase;
			buildActionMask = 2147483647;
			files = (
			);
			runOnlyForDeploymentPostprocessing = 0;
		};
/* End PBXFrameworksBuildPhase section */

/* Begin PBXGroup section */
		3E8B8B291ACC839E00ACEB1F = {
			isa = PBXGroup;
			children = (
				3E8B8B341ACC839E00ACEB1F /* LicenseByOrgAccount */,
				3E8B8B331ACC839E00ACEB1F /* Products */,
			);
			sourceTree = "<group>";
		};
		3E8B8B331ACC839E00ACEB1F /* Products */ = {
			isa = PBXGroup;
			children = (
				3E8B8B321ACC839E00ACEB1F /* LicenseByOrgAccount.app */,
			);
			name = Products;
			sourceTree = "<group>";
		};
		3E8B8B341ACC839E00ACEB1F /* LicenseByOrgAccount */ = {
			isa = PBXGroup;
			children = (
				3EDC8DB51AD2E7B100560533 /* Controllers */,
				3E8B8B571ACC88B900ACEB1F /* Helper */,
				3E8B8B371ACC839E00ACEB1F /* AppDelegate.swift */,
				3E8B8B3B1ACC839E00ACEB1F /* Main.storyboard */,
				3E8B8B3E1ACC839E00ACEB1F /* Images.xcassets */,
				3E8B8B401ACC839E00ACEB1F /* LaunchScreen.xib */,
				3E8B8B351ACC839E00ACEB1F /* Supporting Files */,
			);
			path = LicenseByOrgAccount;
			sourceTree = "<group>";
		};
		3E8B8B351ACC839E00ACEB1F /* Supporting Files */ = {
			isa = PBXGroup;
			children = (
				3E8B8B5C1ACCBD0B00ACEB1F /* ArcGIS.bundle */,
				3E8B8B361ACC839E00ACEB1F /* Info.plist */,
			);
			name = "Supporting Files";
			sourceTree = "<group>";
		};
		3E8B8B571ACC88B900ACEB1F /* Helper */ = {
			isa = PBXGroup;
			children = (
				3E8B8B581ACC89D500ACEB1F /* LicenseHelper.swift */,
				3E8B8B5A1ACCB0E000ACEB1F /* LicenseHelperConstants.swift */,
			);
			name = Helper;
			sourceTree = "<group>";
		};
		3EDC8DB51AD2E7B100560533 /* Controllers */ = {
			isa = PBXGroup;
			children = (
				3E8B8B391ACC839E00ACEB1F /* ViewController.swift */,
			);
			name = Controllers;
			sourceTree = "<group>";
		};
/* End PBXGroup section */

/* Begin PBXNativeTarget section */
		3E8B8B311ACC839E00ACEB1F /* LicenseByOrgAccount */ = {
			isa = PBXNativeTarget;
			buildConfigurationList = 3E8B8B511ACC839E00ACEB1F /* Build configuration list for PBXNativeTarget "LicenseByOrgAccount" */;
			buildPhases = (
				3E8B8B2E1ACC839E00ACEB1F /* Sources */,
				3E8B8B2F1ACC839E00ACEB1F /* Frameworks */,
				3E8B8B301ACC839E00ACEB1F /* Resources */,
			);
			buildRules = (
			);
			dependencies = (
			);
			name = LicenseByOrgAccount;
			productName = LicenseByOrgAccount;
			productReference = 3E8B8B321ACC839E00ACEB1F /* LicenseByOrgAccount.app */;
			productType = "com.apple.product-type.application";
		};
/* End PBXNativeTarget section */

/* Begin PBXProject section */
		3E8B8B2A1ACC839E00ACEB1F /* Project object */ = {
			isa = PBXProject;
			attributes = {
				LastSwiftUpdateCheck = 0720;
				LastUpgradeCheck = 0720;
				ORGANIZATIONNAME = Esri;
				TargetAttributes = {
					3E8B8B311ACC839E00ACEB1F = {
						CreatedOnToolsVersion = 6.2;
					};
				};
			};
			buildConfigurationList = 3E8B8B2D1ACC839E00ACEB1F /* Build configuration list for PBXProject "LicenseByOrgAccount" */;
			compatibilityVersion = "Xcode 3.2";
			developmentRegion = English;
			hasScannedForEncodings = 0;
			knownRegions = (
				en,
				Base,
			);
			mainGroup = 3E8B8B291ACC839E00ACEB1F;
			productRefGroup = 3E8B8B331ACC839E00ACEB1F /* Products */;
			projectDirPath = "";
			projectRoot = "";
			targets = (
				3E8B8B311ACC839E00ACEB1F /* LicenseByOrgAccount */,
			);
		};
/* End PBXProject section */

/* Begin PBXResourcesBuildPhase section */
		3E8B8B301ACC839E00ACEB1F /* Resources */ = {
			isa = PBXResourcesBuildPhase;
			buildActionMask = 2147483647;
			files = (
				3E8B8B3D1ACC839E00ACEB1F /* Main.storyboard in Resources */,
				3E8B8B421ACC839E00ACEB1F /* LaunchScreen.xib in Resources */,
				3E8B8B5D1ACCBD0B00ACEB1F /* ArcGIS.bundle in Resources */,
				3E8B8B3F1ACC839E00ACEB1F /* Images.xcassets in Resources */,
			);
			runOnlyForDeploymentPostprocessing = 0;
		};
/* End PBXResourcesBuildPhase section */

/* Begin PBXSourcesBuildPhase section */
		3E8B8B2E1ACC839E00ACEB1F /* Sources */ = {
			isa = PBXSourcesBuildPhase;
			buildActionMask = 2147483647;
			files = (
				3E8B8B591ACC89D500ACEB1F /* LicenseHelper.swift in Sources */,
				3E8B8B3A1ACC839E00ACEB1F /* ViewController.swift in Sources */,
				3E8B8B381ACC839E00ACEB1F /* AppDelegate.swift in Sources */,
				3E8B8B5B1ACCB0E000ACEB1F /* LicenseHelperConstants.swift in Sources */,
			);
			runOnlyForDeploymentPostprocessing = 0;
		};
/* End PBXSourcesBuildPhase section */

/* Begin PBXVariantGroup section */
		3E8B8B3B1ACC839E00ACEB1F /* Main.storyboard */ = {
			isa = PBXVariantGroup;
			children = (
				3E8B8B3C1ACC839E00ACEB1F /* Base */,
			);
			name = Main.storyboard;
			sourceTree = "<group>";
		};
		3E8B8B401ACC839E00ACEB1F /* LaunchScreen.xib */ = {
			isa = PBXVariantGroup;
			children = (
				3E8B8B411ACC839E00ACEB1F /* Base */,
			);
			name = LaunchScreen.xib;
			sourceTree = "<group>";
		};
/* End PBXVariantGroup section */

/* Begin XCBuildConfiguration section */
		3E8B8B4F1ACC839E00ACEB1F /* Debug */ = {
			isa = XCBuildConfiguration;
			buildSettings = {
				ALWAYS_SEARCH_USER_PATHS = NO;
				CLANG_CXX_LANGUAGE_STANDARD = "gnu++0x";
				CLANG_CXX_LIBRARY = "libc++";
				CLANG_ENABLE_MODULES = YES;
				CLANG_ENABLE_OBJC_ARC = YES;
				CLANG_WARN_BOOL_CONVERSION = YES;
				CLANG_WARN_CONSTANT_CONVERSION = YES;
				CLANG_WARN_DIRECT_OBJC_ISA_USAGE = YES_ERROR;
				CLANG_WARN_EMPTY_BODY = YES;
				CLANG_WARN_ENUM_CONVERSION = YES;
				CLANG_WARN_INT_CONVERSION = YES;
				CLANG_WARN_OBJC_ROOT_CLASS = YES_ERROR;
				CLANG_WARN_UNREACHABLE_CODE = YES;
				CLANG_WARN__DUPLICATE_METHOD_MATCH = YES;
				"CODE_SIGN_IDENTITY[sdk=iphoneos*]" = "iPhone Developer";
				COPY_PHASE_STRIP = NO;
				ENABLE_STRICT_OBJC_MSGSEND = YES;
				ENABLE_TESTABILITY = YES;
				GCC_C_LANGUAGE_STANDARD = gnu99;
				GCC_DYNAMIC_NO_PIC = NO;
				GCC_OPTIMIZATION_LEVEL = 0;
				GCC_PREPROCESSOR_DEFINITIONS = (
					"DEBUG=1",
					"$(inherited)",
				);
				GCC_SYMBOLS_PRIVATE_EXTERN = NO;
				GCC_WARN_64_TO_32_BIT_CONVERSION = YES;
				GCC_WARN_ABOUT_RETURN_TYPE = YES_ERROR;
				GCC_WARN_UNDECLARED_SELECTOR = YES;
				GCC_WARN_UNINITIALIZED_AUTOS = YES_AGGRESSIVE;
				GCC_WARN_UNUSED_FUNCTION = YES;
				GCC_WARN_UNUSED_VARIABLE = YES;
				IPHONEOS_DEPLOYMENT_TARGET = 8.2;
				MTL_ENABLE_DEBUG_INFO = YES;
				ONLY_ACTIVE_ARCH = YES;
				SDKROOT = iphoneos;
				SWIFT_OPTIMIZATION_LEVEL = "-Onone";
				TARGETED_DEVICE_FAMILY = "1,2";
			};
			name = Debug;
		};
		3E8B8B501ACC839E00ACEB1F /* Release */ = {
			isa = XCBuildConfiguration;
			buildSettings = {
				ALWAYS_SEARCH_USER_PATHS = NO;
				CLANG_CXX_LANGUAGE_STANDARD = "gnu++0x";
				CLANG_CXX_LIBRARY = "libc++";
				CLANG_ENABLE_MODULES = YES;
				CLANG_ENABLE_OBJC_ARC = YES;
				CLANG_WARN_BOOL_CONVERSION = YES;
				CLANG_WARN_CONSTANT_CONVERSION = YES;
				CLANG_WARN_DIRECT_OBJC_ISA_USAGE = YES_ERROR;
				CLANG_WARN_EMPTY_BODY = YES;
				CLANG_WARN_ENUM_CONVERSION = YES;
				CLANG_WARN_INT_CONVERSION = YES;
				CLANG_WARN_OBJC_ROOT_CLASS = YES_ERROR;
				CLANG_WARN_UNREACHABLE_CODE = YES;
				CLANG_WARN__DUPLICATE_METHOD_MATCH = YES;
				"CODE_SIGN_IDENTITY[sdk=iphoneos*]" = "iPhone Developer";
				COPY_PHASE_STRIP = NO;
				ENABLE_NS_ASSERTIONS = NO;
				ENABLE_STRICT_OBJC_MSGSEND = YES;
				GCC_C_LANGUAGE_STANDARD = gnu99;
				GCC_WARN_64_TO_32_BIT_CONVERSION = YES;
				GCC_WARN_ABOUT_RETURN_TYPE = YES_ERROR;
				GCC_WARN_UNDECLARED_SELECTOR = YES;
				GCC_WARN_UNINITIALIZED_AUTOS = YES_AGGRESSIVE;
				GCC_WARN_UNUSED_FUNCTION = YES;
				GCC_WARN_UNUSED_VARIABLE = YES;
				IPHONEOS_DEPLOYMENT_TARGET = 8.2;
				MTL_ENABLE_DEBUG_INFO = NO;
				SDKROOT = iphoneos;
				TARGETED_DEVICE_FAMILY = "1,2";
				VALIDATE_PRODUCT = YES;
			};
			name = Release;
		};
		3E8B8B521ACC839E00ACEB1F /* Debug */ = {
			isa = XCBuildConfiguration;
			buildSettings = {
				ASSETCATALOG_COMPILER_APPICON_NAME = AppIcon;
				FRAMEWORK_SEARCH_PATHS = "$(HOME)/Library/SDKs/ArcGIS/iOS";
				INFOPLIST_FILE = LicenseByOrgAccount/Info.plist;
				IPHONEOS_DEPLOYMENT_TARGET = 7.0;
				LD_RUNPATH_SEARCH_PATHS = "$(inherited) @executable_path/Frameworks";
				OTHER_LDFLAGS = (
					"-ObjC",
					"-all_load",
					"-framework",
					ArcGIS,
					"-l",
					"c++",
				);
				PRODUCT_BUNDLE_IDENTIFIER = "com.esri.$(PRODUCT_NAME:rfc1034identifier)";
				PRODUCT_NAME = "$(TARGET_NAME)";
			};
			name = Debug;
		};
		3E8B8B531ACC839E00ACEB1F /* Release */ = {
			isa = XCBuildConfiguration;
			buildSettings = {
				ASSETCATALOG_COMPILER_APPICON_NAME = AppIcon;
				FRAMEWORK_SEARCH_PATHS = "$(HOME)/Library/SDKs/ArcGIS/iOS";
				INFOPLIST_FILE = LicenseByOrgAccount/Info.plist;
				IPHONEOS_DEPLOYMENT_TARGET = 7.0;
				LD_RUNPATH_SEARCH_PATHS = "$(inherited) @executable_path/Frameworks";
				OTHER_LDFLAGS = (
					"-ObjC",
					"-all_load",
					"-framework",
					ArcGIS,
					"-l",
					"c++",
				);
				PRODUCT_BUNDLE_IDENTIFIER = "com.esri.$(PRODUCT_NAME:rfc1034identifier)";
				PRODUCT_NAME = "$(TARGET_NAME)";
			};
			name = Release;
		};
/* End XCBuildConfiguration section */

/* Begin XCConfigurationList section */
		3E8B8B2D1ACC839E00ACEB1F /* Build configuration list for PBXProject "LicenseByOrgAccount" */ = {
			isa = XCConfigurationList;
			buildConfigurations = (
				3E8B8B4F1ACC839E00ACEB1F /* Debug */,
				3E8B8B501ACC839E00ACEB1F /* Release */,
			);
			defaultConfigurationIsVisible = 0;
			defaultConfigurationName = Release;
		};
		3E8B8B511ACC839E00ACEB1F /* Build configuration list for PBXNativeTarget "LicenseByOrgAccount" */ = {
			isa = XCConfigurationList;
			buildConfigurations = (
				3E8B8B521ACC839E00ACEB1F /* Debug */,
				3E8B8B531ACC839E00ACEB1F /* Release */,
			);
			defaultConfigurationIsVisible = 0;
			defaultConfigurationName = Release;
		};
/* End XCConfigurationList section */
	};
	rootObject = 3E8B8B2A1ACC839E00ACEB1F /* Project object */;
}
