// !$*UTF8*$!
{
	archiveVersion = 1;
	classes = {
	};
	objectVersion = 46;
	objects = {

/* Begin PBXBuildFile section */
		3EA670C218ECC6C800791CD7 /* Storyboard.storyboard in Resources */ = {isa = PBXBuildFile; fileRef = 3EA670C118ECC6C800791CD7 /* Storyboard.storyboard */; };
		3EA670CE18EDDE4000791CD7 /* SVProgressHUD.bundle in Resources */ = {isa = PBXBuildFile; fileRef = 3EA670CB18EDDE4000791CD7 /* SVProgressHUD.bundle */; };
		3EA670CF18EDDE4000791CD7 /* SVProgressHUD.m in Sources */ = {isa = PBXBuildFile; fileRef = 3EA670CD18EDDE4000791CD7 /* SVProgressHUD.m */; };
		3EA670D318EDDFD300791CD7 /* Parameters.m in Sources */ = {isa = PBXBuildFile; fileRef = 3EA670D218EDDFD300791CD7 /* Parameters.m */; };
		3EE660281AB37A7000D02DCB /* Images.xcassets in Resources */ = {isa = PBXBuildFile; fileRef = 3EE660271AB37A7000D02DCB /* Images.xcassets */; };
		9755BA14167B94AC00518E4D /* Default-568h@2x.png in Resources */ = {isa = PBXBuildFile; fileRef = 9755BA13167B94AC00518E4D /* Default-568h@2x.png */; };
		C56B402714C7439E003A46EB /* ArcGIS.bundle in Resources */ = {isa = PBXBuildFile; fileRef = C56B402614C7439D003A46EB /* ArcGIS.bundle */; };
		C5E0CA8513FD7A0E00DE6D97 /* InfoPlist.strings in Resources */ = {isa = PBXBuildFile; fileRef = C5E0CA8313FD7A0E00DE6D97 /* InfoPlist.strings */; };
		C5E0CA8813FD7A0E00DE6D97 /* main.m in Sources */ = {isa = PBXBuildFile; fileRef = C5E0CA8713FD7A0E00DE6D97 /* main.m */; };
		C5E0CA8B13FD7A0E00DE6D97 /* ServiceAreaSampleAppDelegate.m in Sources */ = {isa = PBXBuildFile; fileRef = C5E0CA8A13FD7A0E00DE6D97 /* ServiceAreaSampleAppDelegate.m */; };
		C5E0CA9313FD7A0E00DE6D97 /* ServiceAreaSampleViewController.m in Sources */ = {isa = PBXBuildFile; fileRef = C5E0CA9213FD7A0E00DE6D97 /* ServiceAreaSampleViewController.m */; };
		C5E0CAA713FD7A7100DE6D97 /* SettingsViewController.m in Sources */ = {isa = PBXBuildFile; fileRef = C5E0CAA513FD7A7100DE6D97 /* SettingsViewController.m */; };
		C5E0CAB013FDB0DE00DE6D97 /* FireStation@2x.png in Resources */ = {isa = PBXBuildFile; fileRef = C5E0CAAC13FDB0DE00DE6D97 /* FireStation@2x.png */; };
		C5E0CAB113FDB0DE00DE6D97 /* FireStation.png in Resources */ = {isa = PBXBuildFile; fileRef = C5E0CAAD13FDB0DE00DE6D97 /* FireStation.png */; };
		C5E0CAB213FDB0DE00DE6D97 /* icon.png in Resources */ = {isa = PBXBuildFile; fileRef = C5E0CAAE13FDB0DE00DE6D97 /* icon.png */; };
		C5E0CAB313FDB0DE00DE6D97 /* icon@2x.png in Resources */ = {isa = PBXBuildFile; fileRef = C5E0CAAF13FDB0DE00DE6D97 /* icon@2x.png */; };
		C5E0CAC813FEE96000DE6D97 /* remove24.png in Resources */ = {isa = PBXBuildFile; fileRef = C5E0CAC413FEE96000DE6D97 /* remove24.png */; };
		C5E0CAC913FEE96000DE6D97 /* remove24@2x.png in Resources */ = {isa = PBXBuildFile; fileRef = C5E0CAC513FEE96000DE6D97 /* remove24@2x.png */; };
		C5E0CACA13FEE96000DE6D97 /* Clear20.png in Resources */ = {isa = PBXBuildFile; fileRef = C5E0CAC613FEE96000DE6D97 /* Clear20.png */; };
		C5E0CACB13FEE96000DE6D97 /* Clear20@2x.png in Resources */ = {isa = PBXBuildFile; fileRef = C5E0CAC713FEE96000DE6D97 /* Clear20@2x.png */; };
/* End PBXBuildFile section */

/* Begin PBXFileReference section */
		3EA670C118ECC6C800791CD7 /* Storyboard.storyboard */ = {isa = PBXFileReference; fileEncoding = 4; lastKnownFileType = file.storyboard; name = Storyboard.storyboard; path = ServiceAreaSample/Storyboard.storyboard; sourceTree = "<group>"; };
		3EA670CA18EDDE4000791CD7 /* SVProgressHUD-Prefix.pch */ = {isa = PBXFileReference; fileEncoding = 4; lastKnownFileType = sourcecode.c.h; path = "SVProgressHUD-Prefix.pch"; sourceTree = "<group>"; };
		3EA670CB18EDDE4000791CD7 /* SVProgressHUD.bundle */ = {isa = PBXFileReference; lastKnownFileType = "wrapper.plug-in"; path = SVProgressHUD.bundle; sourceTree = "<group>"; };
		3EA670CC18EDDE4000791CD7 /* SVProgressHUD.h */ = {isa = PBXFileReference; fileEncoding = 4; lastKnownFileType = sourcecode.c.h; path = SVProgressHUD.h; sourceTree = "<group>"; };
		3EA670CD18EDDE4000791CD7 /* SVProgressHUD.m */ = {isa = PBXFileReference; fileEncoding = 4; lastKnownFileType = sourcecode.c.objc; path = SVProgressHUD.m; sourceTree = "<group>"; };
		3EA670D118EDDFD300791CD7 /* Parameters.h */ = {isa = PBXFileReference; fileEncoding = 4; lastKnownFileType = sourcecode.c.h; path = Parameters.h; sourceTree = "<group>"; };
		3EA670D218EDDFD300791CD7 /* Parameters.m */ = {isa = PBXFileReference; fileEncoding = 4; lastKnownFileType = sourcecode.c.objc; path = Parameters.m; sourceTree = "<group>"; };
		3EE660271AB37A7000D02DCB /* Images.xcassets */ = {isa = PBXFileReference; lastKnownFileType = folder.assetcatalog; name = Images.xcassets; path = ServiceAreaSample/Images.xcassets; sourceTree = "<group>"; };
		9755BA13167B94AC00518E4D /* Default-568h@2x.png */ = {isa = PBXFileReference; lastKnownFileType = image.png; name = "Default-568h@2x.png"; path = "../Default-568h@2x.png"; sourceTree = "<group>"; };
		C56B402614C7439D003A46EB /* ArcGIS.bundle */ = {isa = PBXFileReference; lastKnownFileType = "wrapper.plug-in"; name = ArcGIS.bundle; path = $HOME/Library/SDKs/ArcGIS/iOS/ArcGIS.framework/Versions/Current/Resources/ArcGIS.bundle; sourceTree = "<absolute>"; };
		C5E0CA6C13FD7A0E00DE6D97 /* ServiceAreaSample.app */ = {isa = PBXFileReference; explicitFileType = wrapper.application; includeInIndex = 0; path = ServiceAreaSample.app; sourceTree = BUILT_PRODUCTS_DIR; };
		C5E0CA8213FD7A0E00DE6D97 /* ServiceAreaSample-Info.plist */ = {isa = PBXFileReference; lastKnownFileType = text.plist.xml; path = "ServiceAreaSample-Info.plist"; sourceTree = "<group>"; };
		C5E0CA8413FD7A0E00DE6D97 /* en */ = {isa = PBXFileReference; lastKnownFileType = text.plist.strings; name = en; path = en.lproj/InfoPlist.strings; sourceTree = "<group>"; };
		C5E0CA8613FD7A0E00DE6D97 /* ServiceAreaSample-Prefix.pch */ = {isa = PBXFileReference; lastKnownFileType = sourcecode.c.h; path = "ServiceAreaSample-Prefix.pch"; sourceTree = "<group>"; };
		C5E0CA8713FD7A0E00DE6D97 /* main.m */ = {isa = PBXFileReference; lastKnownFileType = sourcecode.c.objc; path = main.m; sourceTree = "<group>"; };
		C5E0CA8913FD7A0E00DE6D97 /* ServiceAreaSampleAppDelegate.h */ = {isa = PBXFileReference; lastKnownFileType = sourcecode.c.h; name = ServiceAreaSampleAppDelegate.h; path = ServiceAreaSample/ServiceAreaSampleAppDelegate.h; sourceTree = "<group>"; };
		C5E0CA8A13FD7A0E00DE6D97 /* ServiceAreaSampleAppDelegate.m */ = {isa = PBXFileReference; lastKnownFileType = sourcecode.c.objc; name = ServiceAreaSampleAppDelegate.m; path = ServiceAreaSample/ServiceAreaSampleAppDelegate.m; sourceTree = "<group>"; };
		C5E0CA9113FD7A0E00DE6D97 /* ServiceAreaSampleViewController.h */ = {isa = PBXFileReference; lastKnownFileType = sourcecode.c.h; name = ServiceAreaSampleViewController.h; path = ServiceAreaSample/ServiceAreaSampleViewController.h; sourceTree = "<group>"; };
		C5E0CA9213FD7A0E00DE6D97 /* ServiceAreaSampleViewController.m */ = {isa = PBXFileReference; lastKnownFileType = sourcecode.c.objc; name = ServiceAreaSampleViewController.m; path = ServiceAreaSample/ServiceAreaSampleViewController.m; sourceTree = "<group>"; };
		C5E0CAA413FD7A7100DE6D97 /* SettingsViewController.h */ = {isa = PBXFileReference; fileEncoding = 4; lastKnownFileType = sourcecode.c.h; name = SettingsViewController.h; path = ServiceAreaSample/SettingsViewController.h; sourceTree = "<group>"; };
		C5E0CAA513FD7A7100DE6D97 /* SettingsViewController.m */ = {isa = PBXFileReference; fileEncoding = 4; lastKnownFileType = sourcecode.c.objc; name = SettingsViewController.m; path = ServiceAreaSample/SettingsViewController.m; sourceTree = "<group>"; };
		C5E0CAAC13FDB0DE00DE6D97 /* FireStation@2x.png */ = {isa = PBXFileReference; lastKnownFileType = image.png; path = "FireStation@2x.png"; sourceTree = "<group>"; };
		C5E0CAAD13FDB0DE00DE6D97 /* FireStation.png */ = {isa = PBXFileReference; lastKnownFileType = image.png; path = FireStation.png; sourceTree = "<group>"; };
		C5E0CAAE13FDB0DE00DE6D97 /* icon.png */ = {isa = PBXFileReference; lastKnownFileType = image.png; path = icon.png; sourceTree = "<group>"; };
		C5E0CAAF13FDB0DE00DE6D97 /* icon@2x.png */ = {isa = PBXFileReference; lastKnownFileType = image.png; path = "icon@2x.png"; sourceTree = "<group>"; };
		C5E0CAC413FEE96000DE6D97 /* remove24.png */ = {isa = PBXFileReference; lastKnownFileType = image.png; path = remove24.png; sourceTree = "<group>"; };
		C5E0CAC513FEE96000DE6D97 /* remove24@2x.png */ = {isa = PBXFileReference; lastKnownFileType = image.png; path = "remove24@2x.png"; sourceTree = "<group>"; };
		C5E0CAC613FEE96000DE6D97 /* Clear20.png */ = {isa = PBXFileReference; lastKnownFileType = image.png; path = Clear20.png; sourceTree = "<group>"; };
		C5E0CAC713FEE96000DE6D97 /* Clear20@2x.png */ = {isa = PBXFileReference; lastKnownFileType = image.png; path = "Clear20@2x.png"; sourceTree = "<group>"; };
/* End PBXFileReference section */

/* Begin PBXFrameworksBuildPhase section */
		C5E0CA6913FD7A0E00DE6D97 /* Frameworks */ = {
			isa = PBXFrameworksBuildPhase;
			buildActionMask = 2147483647;
			files = (
			);
			runOnlyForDeploymentPostprocessing = 0;
		};
/* End PBXFrameworksBuildPhase section */

/* Begin PBXGroup section */
		3EA670C718EDD65D00791CD7 /* Controllers */ = {
			isa = PBXGroup;
			children = (
				C5E0CA9113FD7A0E00DE6D97 /* ServiceAreaSampleViewController.h */,
				C5E0CA9213FD7A0E00DE6D97 /* ServiceAreaSampleViewController.m */,
				C5E0CAA413FD7A7100DE6D97 /* SettingsViewController.h */,
				C5E0CAA513FD7A7100DE6D97 /* SettingsViewController.m */,
			);
			name = Controllers;
			sourceTree = "<group>";
		};
		3EA670C818EDDE2700791CD7 /* Libraries */ = {
			isa = PBXGroup;
			children = (
				3EA670C918EDDE4000791CD7 /* SVProgressHUD */,
			);
			name = Libraries;
			sourceTree = "<group>";
		};
		3EA670C918EDDE4000791CD7 /* SVProgressHUD */ = {
			isa = PBXGroup;
			children = (
				3EA670CA18EDDE4000791CD7 /* SVProgressHUD-Prefix.pch */,
				3EA670CB18EDDE4000791CD7 /* SVProgressHUD.bundle */,
				3EA670CC18EDDE4000791CD7 /* SVProgressHUD.h */,
				3EA670CD18EDDE4000791CD7 /* SVProgressHUD.m */,
			);
			name = SVProgressHUD;
			path = ServiceAreaSample/Libraries/SVProgressHUD;
			sourceTree = "<group>";
		};
		3EA670D018EDDFD300791CD7 /* Models */ = {
			isa = PBXGroup;
			children = (
				3EA670D118EDDFD300791CD7 /* Parameters.h */,
				3EA670D218EDDFD300791CD7 /* Parameters.m */,
			);
			name = Models;
			path = ServiceAreaSample/Models;
			sourceTree = "<group>";
		};
		C5E0CA6113FD7A0E00DE6D97 = {
			isa = PBXGroup;
			children = (
				3EE660271AB37A7000D02DCB /* Images.xcassets */,
				3EA670C118ECC6C800791CD7 /* Storyboard.storyboard */,
				C5E0CA8113FD7A0E00DE6D97 /* Supporting Files */,
				C5E0CB321402F63F00DE6D97 /* Classes */,
				3EA670C818EDDE2700791CD7 /* Libraries */,
				C5E0CA6F13FD7A0E00DE6D97 /* Frameworks */,
				C5E0CA6D13FD7A0E00DE6D97 /* Products */,
			);
			sourceTree = "<group>";
		};
		C5E0CA6D13FD7A0E00DE6D97 /* Products */ = {
			isa = PBXGroup;
			children = (
				C5E0CA6C13FD7A0E00DE6D97 /* ServiceAreaSample.app */,
			);
			name = Products;
			sourceTree = "<group>";
		};
		C5E0CA6F13FD7A0E00DE6D97 /* Frameworks */ = {
			isa = PBXGroup;
			children = (
				C56B402614C7439D003A46EB /* ArcGIS.bundle */,
			);
			name = Frameworks;
			sourceTree = "<group>";
		};
		C5E0CA8113FD7A0E00DE6D97 /* Supporting Files */ = {
			isa = PBXGroup;
			children = (
				9755BA13167B94AC00518E4D /* Default-568h@2x.png */,
				C5E0CAC413FEE96000DE6D97 /* remove24.png */,
				C5E0CAC513FEE96000DE6D97 /* remove24@2x.png */,
				C5E0CAC613FEE96000DE6D97 /* Clear20.png */,
				C5E0CAC713FEE96000DE6D97 /* Clear20@2x.png */,
				C5E0CAAC13FDB0DE00DE6D97 /* FireStation@2x.png */,
				C5E0CAAD13FDB0DE00DE6D97 /* FireStation.png */,
				C5E0CAAE13FDB0DE00DE6D97 /* icon.png */,
				C5E0CAAF13FDB0DE00DE6D97 /* icon@2x.png */,
				C5E0CA8213FD7A0E00DE6D97 /* ServiceAreaSample-Info.plist */,
				C5E0CA8313FD7A0E00DE6D97 /* InfoPlist.strings */,
				C5E0CA8613FD7A0E00DE6D97 /* ServiceAreaSample-Prefix.pch */,
				C5E0CA8713FD7A0E00DE6D97 /* main.m */,
			);
			name = "Supporting Files";
			path = ServiceAreaSample;
			sourceTree = "<group>";
		};
		C5E0CB321402F63F00DE6D97 /* Classes */ = {
			isa = PBXGroup;
			children = (
				3EA670D018EDDFD300791CD7 /* Models */,
				3EA670C718EDD65D00791CD7 /* Controllers */,
				C5E0CA8913FD7A0E00DE6D97 /* ServiceAreaSampleAppDelegate.h */,
				C5E0CA8A13FD7A0E00DE6D97 /* ServiceAreaSampleAppDelegate.m */,
			);
			name = Classes;
			sourceTree = "<group>";
		};
/* End PBXGroup section */

/* Begin PBXNativeTarget section */
		C5E0CA6B13FD7A0E00DE6D97 /* ServiceAreaSample */ = {
			isa = PBXNativeTarget;
			buildConfigurationList = C5E0CA9913FD7A0E00DE6D97 /* Build configuration list for PBXNativeTarget "ServiceAreaSample" */;
			buildPhases = (
				C5E0CA6813FD7A0E00DE6D97 /* Sources */,
				C5E0CA6913FD7A0E00DE6D97 /* Frameworks */,
				C5E0CA6A13FD7A0E00DE6D97 /* Resources */,
			);
			buildRules = (
			);
			dependencies = (
			);
			name = ServiceAreaSample;
			productName = ServiceAreaSample;
			productReference = C5E0CA6C13FD7A0E00DE6D97 /* ServiceAreaSample.app */;
			productType = "com.apple.product-type.application";
		};
/* End PBXNativeTarget section */

/* Begin PBXProject section */
		C5E0CA6313FD7A0E00DE6D97 /* Project object */ = {
			isa = PBXProject;
			attributes = {
				LastUpgradeCheck = 0510;
			};
			buildConfigurationList = C5E0CA6613FD7A0E00DE6D97 /* Build configuration list for PBXProject "ServiceAreaSample" */;
			compatibilityVersion = "Xcode 3.2";
			developmentRegion = English;
			hasScannedForEncodings = 0;
			knownRegions = (
				en,
			);
			mainGroup = C5E0CA6113FD7A0E00DE6D97;
			productRefGroup = C5E0CA6D13FD7A0E00DE6D97 /* Products */;
			projectDirPath = "";
			projectRoot = "";
			targets = (
				C5E0CA6B13FD7A0E00DE6D97 /* ServiceAreaSample */,
			);
		};
/* End PBXProject section */

/* Begin PBXResourcesBuildPhase section */
		C5E0CA6A13FD7A0E00DE6D97 /* Resources */ = {
			isa = PBXResourcesBuildPhase;
			buildActionMask = 2147483647;
			files = (
				C5E0CA8513FD7A0E00DE6D97 /* InfoPlist.strings in Resources */,
				3EA670CE18EDDE4000791CD7 /* SVProgressHUD.bundle in Resources */,
				C5E0CAB013FDB0DE00DE6D97 /* FireStation@2x.png in Resources */,
				3EA670C218ECC6C800791CD7 /* Storyboard.storyboard in Resources */,
				C5E0CAB113FDB0DE00DE6D97 /* FireStation.png in Resources */,
				C5E0CAB213FDB0DE00DE6D97 /* icon.png in Resources */,
				C5E0CAB313FDB0DE00DE6D97 /* icon@2x.png in Resources */,
				C5E0CAC813FEE96000DE6D97 /* remove24.png in Resources */,
				C5E0CAC913FEE96000DE6D97 /* remove24@2x.png in Resources */,
				3EE660281AB37A7000D02DCB /* Images.xcassets in Resources */,
				C5E0CACA13FEE96000DE6D97 /* Clear20.png in Resources */,
				C5E0CACB13FEE96000DE6D97 /* Clear20@2x.png in Resources */,
				C56B402714C7439E003A46EB /* ArcGIS.bundle in Resources */,
				9755BA14167B94AC00518E4D /* Default-568h@2x.png in Resources */,
			);
			runOnlyForDeploymentPostprocessing = 0;
		};
/* End PBXResourcesBuildPhase section */

/* Begin PBXSourcesBuildPhase section */
		C5E0CA6813FD7A0E00DE6D97 /* Sources */ = {
			isa = PBXSourcesBuildPhase;
			buildActionMask = 2147483647;
			files = (
				3EA670D318EDDFD300791CD7 /* Parameters.m in Sources */,
				C5E0CA8813FD7A0E00DE6D97 /* main.m in Sources */,
				C5E0CA8B13FD7A0E00DE6D97 /* ServiceAreaSampleAppDelegate.m in Sources */,
				C5E0CA9313FD7A0E00DE6D97 /* ServiceAreaSampleViewController.m in Sources */,
				3EA670CF18EDDE4000791CD7 /* SVProgressHUD.m in Sources */,
				C5E0CAA713FD7A7100DE6D97 /* SettingsViewController.m in Sources */,
			);
			runOnlyForDeploymentPostprocessing = 0;
		};
/* End PBXSourcesBuildPhase section */

/* Begin PBXVariantGroup section */
		C5E0CA8313FD7A0E00DE6D97 /* InfoPlist.strings */ = {
			isa = PBXVariantGroup;
			children = (
				C5E0CA8413FD7A0E00DE6D97 /* en */,
			);
			name = InfoPlist.strings;
			sourceTree = "<group>";
		};
/* End PBXVariantGroup section */

/* Begin XCBuildConfiguration section */
		C5E0CA9713FD7A0E00DE6D97 /* Debug */ = {
			isa = XCBuildConfiguration;
			buildSettings = {
				CLANG_ENABLE_MODULES = YES;
				CODE_SIGN_IDENTITY = "iPhone Developer";
				"CODE_SIGN_IDENTITY[sdk=iphoneos*]" = "iPhone Developer";
				GCC_C_LANGUAGE_STANDARD = gnu99;
				GCC_OPTIMIZATION_LEVEL = 0;
				GCC_PREPROCESSOR_DEFINITIONS = DEBUG;
				GCC_SYMBOLS_PRIVATE_EXTERN = NO;
				GCC_VERSION = com.apple.compilers.llvmgcc42;
				GCC_WARN_ABOUT_RETURN_TYPE = YES;
				GCC_WARN_UNUSED_VARIABLE = YES;
				HEADER_SEARCH_PATHS = "";
				IPHONEOS_DEPLOYMENT_TARGET = 6.0;
				LIBRARY_SEARCH_PATHS = "";
				ONLY_ACTIVE_ARCH = YES;
				OTHER_LDFLAGS = "-ObjC";
				PROVISIONING_PROFILE = "";
				"PROVISIONING_PROFILE[sdk=iphoneos*]" = "";
				SDKROOT = iphoneos;
			};
			name = Debug;
		};
		C5E0CA9813FD7A0E00DE6D97 /* Release */ = {
			isa = XCBuildConfiguration;
			buildSettings = {
				CLANG_ENABLE_MODULES = YES;
				CODE_SIGN_IDENTITY = "iPhone Developer";
				"CODE_SIGN_IDENTITY[sdk=iphoneos*]" = "iPhone Developer";
				GCC_C_LANGUAGE_STANDARD = gnu99;
				GCC_VERSION = com.apple.compilers.llvmgcc42;
				GCC_WARN_ABOUT_RETURN_TYPE = YES;
				GCC_WARN_UNUSED_VARIABLE = YES;
				HEADER_SEARCH_PATHS = "";
				IPHONEOS_DEPLOYMENT_TARGET = 6.0;
				LIBRARY_SEARCH_PATHS = "";
				OTHER_CFLAGS = "-DNS_BLOCK_ASSERTIONS=1";
				OTHER_LDFLAGS = "-ObjC";
				PROVISIONING_PROFILE = "";
				"PROVISIONING_PROFILE[sdk=iphoneos*]" = "";
				SDKROOT = iphoneos;
			};
			name = Release;
		};
		C5E0CA9A13FD7A0E00DE6D97 /* Debug */ = {
			isa = XCBuildConfiguration;
			buildSettings = {
				ALWAYS_SEARCH_USER_PATHS = NO;
				ASSETCATALOG_COMPILER_APPICON_NAME = AppIcon;
				ASSETCATALOG_COMPILER_LAUNCHIMAGE_NAME = LaunchImage;
				CLANG_ENABLE_OBJC_ARC = YES;
				"CODE_SIGN_IDENTITY[sdk=iphoneos*]" = "iPhone Developer";
				COPY_PHASE_STRIP = NO;
				FRAMEWORK_SEARCH_PATHS = "$(HOME)/Library/SDKs/ArcGIS/iOS/**";
				GCC_DYNAMIC_NO_PIC = NO;
				GCC_PRECOMPILE_PREFIX_HEADER = YES;
				GCC_PREFIX_HEADER = "ServiceAreaSample/ServiceAreaSample-Prefix.pch";
				GCC_VERSION = com.apple.compilers.llvm.clang.1_0;
				HEADER_SEARCH_PATHS = "";
				INFOPLIST_FILE = "ServiceAreaSample/ServiceAreaSample-Info.plist";
				IPHONEOS_DEPLOYMENT_TARGET = 6.0;
				LIBRARY_SEARCH_PATHS = "";
				OTHER_LDFLAGS = (
					"-ObjC",
					"-framework",
					ArcGIS,
					"-l",
					"c++",
				);
				PRODUCT_NAME = "$(TARGET_NAME)";
				"PROVISIONING_PROFILE[sdk=iphoneos*]" = "";
				SDKROOT = iphoneos;
				TARGETED_DEVICE_FAMILY = "1,2";
				USER_HEADER_SEARCH_PATHS = "";
				WRAPPER_EXTENSION = app;
			};
			name = Debug;
		};
		C5E0CA9B13FD7A0E00DE6D97 /* Release */ = {
			isa = XCBuildConfiguration;
			buildSettings = {
				ALWAYS_SEARCH_USER_PATHS = NO;
				ASSETCATALOG_COMPILER_APPICON_NAME = AppIcon;
				ASSETCATALOG_COMPILER_LAUNCHIMAGE_NAME = LaunchImage;
				CLANG_ENABLE_OBJC_ARC = YES;
				"CODE_SIGN_IDENTITY[sdk=iphoneos*]" = "iPhone Developer";
				COPY_PHASE_STRIP = YES;
				FRAMEWORK_SEARCH_PATHS = "$(HOME)/Library/SDKs/ArcGIS/iOS/**";
				GCC_PRECOMPILE_PREFIX_HEADER = YES;
				GCC_PREFIX_HEADER = "ServiceAreaSample/ServiceAreaSample-Prefix.pch";
				GCC_VERSION = com.apple.compilers.llvm.clang.1_0;
				HEADER_SEARCH_PATHS = "";
				INFOPLIST_FILE = "ServiceAreaSample/ServiceAreaSample-Info.plist";
				IPHONEOS_DEPLOYMENT_TARGET = 6.0;
				LIBRARY_SEARCH_PATHS = "";
				OTHER_LDFLAGS = (
					"-ObjC",
					"-framework",
					ArcGIS,
					"-l",
					"c++",
				);
				PRODUCT_NAME = "$(TARGET_NAME)";
				"PROVISIONING_PROFILE[sdk=iphoneos*]" = "";
				SDKROOT = iphoneos;
				TARGETED_DEVICE_FAMILY = "1,2";
				USER_HEADER_SEARCH_PATHS = "";
				VALIDATE_PRODUCT = YES;
				WRAPPER_EXTENSION = app;
			};
			name = Release;
		};
/* End XCBuildConfiguration section */

/* Begin XCConfigurationList section */
		C5E0CA6613FD7A0E00DE6D97 /* Build configuration list for PBXProject "ServiceAreaSample" */ = {
			isa = XCConfigurationList;
			buildConfigurations = (
				C5E0CA9713FD7A0E00DE6D97 /* Debug */,
				C5E0CA9813FD7A0E00DE6D97 /* Release */,
			);
			defaultConfigurationIsVisible = 0;
			defaultConfigurationName = Release;
		};
		C5E0CA9913FD7A0E00DE6D97 /* Build configuration list for PBXNativeTarget "ServiceAreaSample" */ = {
			isa = XCConfigurationList;
			buildConfigurations = (
				C5E0CA9A13FD7A0E00DE6D97 /* Debug */,
				C5E0CA9B13FD7A0E00DE6D97 /* Release */,
			);
			defaultConfigurationIsVisible = 0;
			defaultConfigurationName = Release;
		};
/* End XCConfigurationList section */
	};
	rootObject = C5E0CA6313FD7A0E00DE6D97 /* Project object */;
}
